// !$*UTF8*$!
{
	archiveVersion = 1;
	classes = {
	};
	objectVersion = 50;
	objects = {

/* Begin PBXBuildFile section */
		A31D7A4F243CC0F200386A1C /* TrackerRequestTests.m in Sources */ = {isa = PBXBuildFile; fileRef = A31D7A4E243CC0F200386A1C /* TrackerRequestTests.m */; };
		A32AEA29242A6F4600BC7B46 /* MappIntelligenceWatchOS.m in Sources */ = {isa = PBXBuildFile; fileRef = A32AEA28242A6F4600BC7B46 /* MappIntelligenceWatchOS.m */; };
		A32AEA2A242A6F4600BC7B46 /* MappIntelligenceWatchOS.h in CopyFiles */ = {isa = PBXBuildFile; fileRef = A32AEA27242A6F4600BC7B46 /* MappIntelligenceWatchOS.h */; };
		A32EE09F243B574E00EDC5B8 /* UIFlowObserverTests.m in Sources */ = {isa = PBXBuildFile; fileRef = A32EE09E243B574E00EDC5B8 /* UIFlowObserverTests.m */; };
		A32EE0A2243CB97200EDC5B8 /* MappIntelligenceDefaultConfigTest.m in Sources */ = {isa = PBXBuildFile; fileRef = A32EE0A1243CB97200EDC5B8 /* MappIntelligenceDefaultConfigTest.m */; };
		A334861D23BF3E2300D0EB5F /* MappIntelligence.m in Sources */ = {isa = PBXBuildFile; fileRef = A334861C23BF3E2300D0EB5F /* MappIntelligence.m */; };
		A334861E23BF3E2300D0EB5F /* MappIntelligence.h in CopyFiles */ = {isa = PBXBuildFile; fileRef = A334861B23BF3E2300D0EB5F /* MappIntelligence.h */; };
		A334862D23BF3F2800D0EB5F /* libMappIntelligenceSDK.a in Frameworks */ = {isa = PBXBuildFile; fileRef = A334861823BF3E2300D0EB5F /* libMappIntelligenceSDK.a */; };
		A334863423BF3FAD00D0EB5F /* MappIntelligence.h in Headers */ = {isa = PBXBuildFile; fileRef = A334861B23BF3E2300D0EB5F /* MappIntelligence.h */; settings = {ATTRIBUTES = (Public, ); }; };
		A337445C24C1A12A0096259B /* PageProperties.h in Headers */ = {isa = PBXBuildFile; fileRef = A337445A24C1A12A0096259B /* PageProperties.h */; };
		A337445D24C1A12A0096259B /* PageProperties.m in Sources */ = {isa = PBXBuildFile; fileRef = A337445B24C1A12A0096259B /* PageProperties.m */; };
		A33B36E72460246F005EA9AE /* MappIntelligenceSDK_watchOS.h in Headers */ = {isa = PBXBuildFile; fileRef = A33B36E52460246F005EA9AE /* MappIntelligenceSDK_watchOS.h */; settings = {ATTRIBUTES = (Public, ); }; };
		A33B36EB24602482005EA9AE /* libMappIntelligenceWatchOS.a in Frameworks */ = {isa = PBXBuildFile; fileRef = A32AEA25242A6F4600BC7B46 /* libMappIntelligenceWatchOS.a */; };
		A33B36F72460249F005EA9AE /* MappIntelligenceSDK_tvOS.h in Headers */ = {isa = PBXBuildFile; fileRef = A33B36F52460249F005EA9AE /* MappIntelligenceSDK_tvOS.h */; settings = {ATTRIBUTES = (Public, ); }; };
		A33B36FB246024A6005EA9AE /* libMappIntelligencetvOS.a in Frameworks */ = {isa = PBXBuildFile; fileRef = A35C78C42452E6FF00D36144 /* libMappIntelligencetvOS.a */; };
		A33B36FE24602DD2005EA9AE /* libMappIntelligenceSDK.a in Frameworks */ = {isa = PBXBuildFile; fileRef = A334861823BF3E2300D0EB5F /* libMappIntelligenceSDK.a */; };
		A33B3700246047C8005EA9AE /* libz.tbd in Frameworks */ = {isa = PBXBuildFile; fileRef = A33B36FF246047C8005EA9AE /* libz.tbd */; };
		A3423CEF24615A8900B36F5F /* MappIntelligence.h in Resources */ = {isa = PBXBuildFile; fileRef = A334861B23BF3E2300D0EB5F /* MappIntelligence.h */; };
		A3423CF024615A8900B36F5F /* MappIntelligence.m in Resources */ = {isa = PBXBuildFile; fileRef = A334861C23BF3E2300D0EB5F /* MappIntelligence.m */; };
		A35C78C82452E6FF00D36144 /* MappIntelligencetvOS.m in Sources */ = {isa = PBXBuildFile; fileRef = A35C78C72452E6FF00D36144 /* MappIntelligencetvOS.m */; };
		A35C78C92452E6FF00D36144 /* MappIntelligencetvOS.h in CopyFiles */ = {isa = PBXBuildFile; fileRef = A35C78C62452E6FF00D36144 /* MappIntelligencetvOS.h */; };
		A35C79052452FBFC00D36144 /* MappIntelligence.m in Sources */ = {isa = PBXBuildFile; fileRef = A334861C23BF3E2300D0EB5F /* MappIntelligence.m */; };
		A35C79062452FC0800D36144 /* DefaultTracker.m in Sources */ = {isa = PBXBuildFile; fileRef = BCBE5C0823F29E49002125C1 /* DefaultTracker.m */; };
		A35C79072452FC1100D36144 /* MappIntelligenceDefaultConfig.m in Sources */ = {isa = PBXBuildFile; fileRef = BCD5E2C423CF38F300CE2092 /* MappIntelligenceDefaultConfig.m */; };
		A35C79082452FC1100D36144 /* MappIntelligenceLogger.m in Sources */ = {isa = PBXBuildFile; fileRef = BCEAE6B723BF5A8B007F410D /* MappIntelligenceLogger.m */; };
		A35C79092452FC9D00D36144 /* RequestTrackerBuilder.m in Sources */ = {isa = PBXBuildFile; fileRef = A380D2072412D8F2009E2CD8 /* RequestTrackerBuilder.m */; };
		A35C790A2452FCB700D36144 /* Enviroment.m in Sources */ = {isa = PBXBuildFile; fileRef = A380D2032412B0AB009E2CD8 /* Enviroment.m */; };
		A35C790B2452FCB700D36144 /* Configuration.m in Sources */ = {isa = PBXBuildFile; fileRef = A380D20B2413D317009E2CD8 /* Configuration.m */; };
		A35C790C2452FCB700D36144 /* UIFlowObserver.m in Sources */ = {isa = PBXBuildFile; fileRef = A3EAFF602418E02F009D5108 /* UIFlowObserver.m */; };
		A35C790D2452FCB700D36144 /* RequestUrlBuilder.m in Sources */ = {isa = PBXBuildFile; fileRef = A380D20F2413ED35009E2CD8 /* RequestUrlBuilder.m */; };
		A35C790E2452FCD600D36144 /* TrackerRequest.m in Sources */ = {isa = PBXBuildFile; fileRef = A36CD7CC23F44594004E3E2D /* TrackerRequest.m */; };
		A35C790F2452FCD600D36144 /* Properties.m in Sources */ = {isa = PBXBuildFile; fileRef = A36CD7D023F447D0004E3E2D /* Properties.m */; };
		A35C79102452FCD600D36144 /* TrackingEvent.m in Sources */ = {isa = PBXBuildFile; fileRef = A380D1F92411478C009E2CD8 /* TrackingEvent.m */; };
		A35C79112452FCD600D36144 /* URLSizeMonitor.m in Sources */ = {isa = PBXBuildFile; fileRef = A380D21324141B55009E2CD8 /* URLSizeMonitor.m */; };
		A35C795F2457679000D36144 /* MappIntelligenceSDK_iOS.h in Headers */ = {isa = PBXBuildFile; fileRef = A35C795D2457679000D36144 /* MappIntelligenceSDK_iOS.h */; settings = {ATTRIBUTES = (Public, ); }; };
		A36C6DFF2432380A008A9CB6 /* MappIntelligence.m in Sources */ = {isa = PBXBuildFile; fileRef = A334861C23BF3E2300D0EB5F /* MappIntelligence.m */; };
		A36C6E0024323873008A9CB6 /* DefaultTracker.m in Sources */ = {isa = PBXBuildFile; fileRef = BCBE5C0823F29E49002125C1 /* DefaultTracker.m */; };
		A36C6E012432387F008A9CB6 /* MappIntelligenceLogger.m in Sources */ = {isa = PBXBuildFile; fileRef = BCEAE6B723BF5A8B007F410D /* MappIntelligenceLogger.m */; };
		A36C6E022432388A008A9CB6 /* MappIntelligenceDefaultConfig.m in Sources */ = {isa = PBXBuildFile; fileRef = BCD5E2C423CF38F300CE2092 /* MappIntelligenceDefaultConfig.m */; };
		A36C6E03243238E3008A9CB6 /* Properties.m in Sources */ = {isa = PBXBuildFile; fileRef = A36CD7D023F447D0004E3E2D /* Properties.m */; };
		A36C6E0424323903008A9CB6 /* RequestTrackerBuilder.m in Sources */ = {isa = PBXBuildFile; fileRef = A380D2072412D8F2009E2CD8 /* RequestTrackerBuilder.m */; };
		A36C6E052432390B008A9CB6 /* TrackingEvent.m in Sources */ = {isa = PBXBuildFile; fileRef = A380D1F92411478C009E2CD8 /* TrackingEvent.m */; };
		A36C6E0624323917008A9CB6 /* RequestUrlBuilder.m in Sources */ = {isa = PBXBuildFile; fileRef = A380D20F2413ED35009E2CD8 /* RequestUrlBuilder.m */; };
		A36C6E072432392A008A9CB6 /* Enviroment.m in Sources */ = {isa = PBXBuildFile; fileRef = A380D2032412B0AB009E2CD8 /* Enviroment.m */; };
		A36C6E0824323931008A9CB6 /* Configuration.m in Sources */ = {isa = PBXBuildFile; fileRef = A380D20B2413D317009E2CD8 /* Configuration.m */; };
		A36C6E092432393A008A9CB6 /* UIFlowObserver.m in Sources */ = {isa = PBXBuildFile; fileRef = A3EAFF602418E02F009D5108 /* UIFlowObserver.m */; };
		A36C6E0A24323F17008A9CB6 /* URLSizeMonitor.m in Sources */ = {isa = PBXBuildFile; fileRef = A380D21324141B55009E2CD8 /* URLSizeMonitor.m */; };
		A36C6E0B24323F22008A9CB6 /* TrackerRequest.m in Sources */ = {isa = PBXBuildFile; fileRef = A36CD7CC23F44594004E3E2D /* TrackerRequest.m */; };
		A36CD7CD23F44594004E3E2D /* TrackerRequest.h in Headers */ = {isa = PBXBuildFile; fileRef = A36CD7CB23F44594004E3E2D /* TrackerRequest.h */; };
		A36CD7CE23F44594004E3E2D /* TrackerRequest.m in Sources */ = {isa = PBXBuildFile; fileRef = A36CD7CC23F44594004E3E2D /* TrackerRequest.m */; };
		A36CD7D123F447D0004E3E2D /* Properties.h in Headers */ = {isa = PBXBuildFile; fileRef = A36CD7CF23F447D0004E3E2D /* Properties.h */; };
		A36CD7D223F447D0004E3E2D /* Properties.m in Sources */ = {isa = PBXBuildFile; fileRef = A36CD7D023F447D0004E3E2D /* Properties.m */; };
		A380D1FA2411478C009E2CD8 /* TrackingEvent.h in Headers */ = {isa = PBXBuildFile; fileRef = A380D1F82411478C009E2CD8 /* TrackingEvent.h */; };
		A380D1FB2411478C009E2CD8 /* TrackingEvent.m in Sources */ = {isa = PBXBuildFile; fileRef = A380D1F92411478C009E2CD8 /* TrackingEvent.m */; };
		A380D1FF241296FD009E2CD8 /* PageViewEvent.h in Headers */ = {isa = PBXBuildFile; fileRef = A380D1FD241296FD009E2CD8 /* PageViewEvent.h */; };
		A380D200241296FD009E2CD8 /* PageViewEvent.m in Sources */ = {isa = PBXBuildFile; fileRef = A380D1FE241296FD009E2CD8 /* PageViewEvent.m */; };
		A380D2042412B0AB009E2CD8 /* Enviroment.h in Headers */ = {isa = PBXBuildFile; fileRef = A380D2022412B0AB009E2CD8 /* Enviroment.h */; };
		A380D2052412B0AB009E2CD8 /* Enviroment.m in Sources */ = {isa = PBXBuildFile; fileRef = A380D2032412B0AB009E2CD8 /* Enviroment.m */; };
		A380D2082412D8F2009E2CD8 /* RequestTrackerBuilder.h in Headers */ = {isa = PBXBuildFile; fileRef = A380D2062412D8F2009E2CD8 /* RequestTrackerBuilder.h */; };
		A380D2092412D8F2009E2CD8 /* RequestTrackerBuilder.m in Sources */ = {isa = PBXBuildFile; fileRef = A380D2072412D8F2009E2CD8 /* RequestTrackerBuilder.m */; };
		A380D20C2413D317009E2CD8 /* Configuration.h in Headers */ = {isa = PBXBuildFile; fileRef = A380D20A2413D317009E2CD8 /* Configuration.h */; };
		A380D20D2413D317009E2CD8 /* Configuration.m in Sources */ = {isa = PBXBuildFile; fileRef = A380D20B2413D317009E2CD8 /* Configuration.m */; };
		A380D2102413ED35009E2CD8 /* RequestUrlBuilder.h in Headers */ = {isa = PBXBuildFile; fileRef = A380D20E2413ED35009E2CD8 /* RequestUrlBuilder.h */; };
		A380D2112413ED35009E2CD8 /* RequestUrlBuilder.m in Sources */ = {isa = PBXBuildFile; fileRef = A380D20F2413ED35009E2CD8 /* RequestUrlBuilder.m */; };
		A380D21424141B55009E2CD8 /* URLSizeMonitor.h in Headers */ = {isa = PBXBuildFile; fileRef = A380D21224141B55009E2CD8 /* URLSizeMonitor.h */; };
		A380D21524141B55009E2CD8 /* URLSizeMonitor.m in Sources */ = {isa = PBXBuildFile; fileRef = A380D21324141B55009E2CD8 /* URLSizeMonitor.m */; };
		A3852A95249389060090F47B /* DatabaseManager.m in Headers */ = {isa = PBXBuildFile; fileRef = A3CC5485248FC418006215FD /* DatabaseManager.m */; };
		A3A72557243DBF1000671DB2 /* PropertiesTests.m in Sources */ = {isa = PBXBuildFile; fileRef = A3A72556243DBF1000671DB2 /* PropertiesTests.m */; };
		A3A72559243DC22C00671DB2 /* RequestTrackerBuilderTests.m in Sources */ = {isa = PBXBuildFile; fileRef = A3A72558243DC22C00671DB2 /* RequestTrackerBuilderTests.m */; };
		A3A7255B243DEA0500671DB2 /* RequestUrlBuilderTests.m in Sources */ = {isa = PBXBuildFile; fileRef = A3A7255A243DEA0500671DB2 /* RequestUrlBuilderTests.m */; };
		A3A7255D243E07A100671DB2 /* URLSizeMonitorTests.m in Sources */ = {isa = PBXBuildFile; fileRef = A3A7255C243E07A100671DB2 /* URLSizeMonitorTests.m */; };
		A3A7255F243F154900671DB2 /* MappIntelligenceTests.m in Sources */ = {isa = PBXBuildFile; fileRef = A3A7255E243F154900671DB2 /* MappIntelligenceTests.m */; };
		A3CC5486248FC418006215FD /* DatabaseManager.h in Headers */ = {isa = PBXBuildFile; fileRef = A3CC5484248FC418006215FD /* DatabaseManager.h */; settings = {ATTRIBUTES = (Public, ); }; };
		A3CC5487248FC418006215FD /* DatabaseManager.m in Sources */ = {isa = PBXBuildFile; fileRef = A3CC5485248FC418006215FD /* DatabaseManager.m */; };
		A3CC548A249125DD006215FD /* Parameter.h in Headers */ = {isa = PBXBuildFile; fileRef = A3CC5488249125DD006215FD /* Parameter.h */; };
		A3CC548B249125DD006215FD /* Parameter.m in Sources */ = {isa = PBXBuildFile; fileRef = A3CC5489249125DD006215FD /* Parameter.m */; };
		A3CC548E249125F0006215FD /* Request.h in Headers */ = {isa = PBXBuildFile; fileRef = A3CC548C249125F0006215FD /* Request.h */; };
		A3CC548F249125F0006215FD /* Request.m in Sources */ = {isa = PBXBuildFile; fileRef = A3CC548D249125F0006215FD /* Request.m */; };
		A3CC549224912AA8006215FD /* RequestData.h in Headers */ = {isa = PBXBuildFile; fileRef = A3CC549024912AA8006215FD /* RequestData.h */; };
		A3CC549324912AA8006215FD /* RequestData.m in Sources */ = {isa = PBXBuildFile; fileRef = A3CC549124912AA8006215FD /* RequestData.m */; };
		A3CC5496249151DB006215FD /* DatabaseManager.m in Sources */ = {isa = PBXBuildFile; fileRef = A3CC5485248FC418006215FD /* DatabaseManager.m */; };
		A3CC5497249151DC006215FD /* DatabaseManager.m in Sources */ = {isa = PBXBuildFile; fileRef = A3CC5485248FC418006215FD /* DatabaseManager.m */; };
		A3CC5498249151DF006215FD /* Parameter.m in Sources */ = {isa = PBXBuildFile; fileRef = A3CC5489249125DD006215FD /* Parameter.m */; };
		A3CC5499249151E0006215FD /* Parameter.m in Sources */ = {isa = PBXBuildFile; fileRef = A3CC5489249125DD006215FD /* Parameter.m */; };
		A3CC549A249151E3006215FD /* Request.m in Sources */ = {isa = PBXBuildFile; fileRef = A3CC548D249125F0006215FD /* Request.m */; };
		A3CC549B249151E5006215FD /* Request.m in Sources */ = {isa = PBXBuildFile; fileRef = A3CC548D249125F0006215FD /* Request.m */; };
		A3CC549C249151E8006215FD /* RequestData.m in Sources */ = {isa = PBXBuildFile; fileRef = A3CC549124912AA8006215FD /* RequestData.m */; };
		A3CC549D249151E9006215FD /* RequestData.m in Sources */ = {isa = PBXBuildFile; fileRef = A3CC549124912AA8006215FD /* RequestData.m */; };
		A3D9835224AE298200AF0CD8 /* RequestBatchSupportUrlBuilder.h in Headers */ = {isa = PBXBuildFile; fileRef = A3D9835024AE298200AF0CD8 /* RequestBatchSupportUrlBuilder.h */; };
		A3D9835324AE298200AF0CD8 /* RequestBatchSupportUrlBuilder.m in Sources */ = {isa = PBXBuildFile; fileRef = A3D9835124AE298200AF0CD8 /* RequestBatchSupportUrlBuilder.m */; };
		A3D9836F24B3311100AF0CD8 /* RequestBatchSupportUrlBuilder.m in Headers */ = {isa = PBXBuildFile; fileRef = A3D9835124AE298200AF0CD8 /* RequestBatchSupportUrlBuilder.m */; };
		A3D9837024B3311D00AF0CD8 /* RequestBatchSupportUrlBuilder.m in Sources */ = {isa = PBXBuildFile; fileRef = A3D9835124AE298200AF0CD8 /* RequestBatchSupportUrlBuilder.m */; };
		A3D9837124B3312600AF0CD8 /* RequestBatchSupportUrlBuilder.m in Sources */ = {isa = PBXBuildFile; fileRef = A3D9835124AE298200AF0CD8 /* RequestBatchSupportUrlBuilder.m */; };
		A3E8274E2461B6B700952606 /* MappIntelligence.h in Headers */ = {isa = PBXBuildFile; fileRef = A334861B23BF3E2300D0EB5F /* MappIntelligence.h */; settings = {ATTRIBUTES = (Public, ); }; };
		A3E8274F2461B6F200952606 /* MappIntelligenceWatchOS.h in Headers */ = {isa = PBXBuildFile; fileRef = A32AEA27242A6F4600BC7B46 /* MappIntelligenceWatchOS.h */; settings = {ATTRIBUTES = (Public, ); }; };
		A3E827502461B72700952606 /* MappIntelligencetvOS.h in Headers */ = {isa = PBXBuildFile; fileRef = A35C78C62452E6FF00D36144 /* MappIntelligencetvOS.h */; settings = {ATTRIBUTES = (Public, ); }; };
		A3EAFF612418E02F009D5108 /* UIFlowObserver.h in Headers */ = {isa = PBXBuildFile; fileRef = A3EAFF5F2418E02F009D5108 /* UIFlowObserver.h */; };
		A3EAFF622418E02F009D5108 /* UIFlowObserver.m in Sources */ = {isa = PBXBuildFile; fileRef = A3EAFF602418E02F009D5108 /* UIFlowObserver.m */; };
		BCBE5BFB23EB1798002125C1 /* MappIntelligenceSDKLoggerTest.m in Sources */ = {isa = PBXBuildFile; fileRef = BCBE5BFA23EB1798002125C1 /* MappIntelligenceSDKLoggerTest.m */; };
		BCBE5C0923F29E49002125C1 /* DefaultTracker.m in Sources */ = {isa = PBXBuildFile; fileRef = BCBE5C0823F29E49002125C1 /* DefaultTracker.m */; };
		BCBE5C3A23F698EF002125C1 /* DefaultTrackerTests.m in Sources */ = {isa = PBXBuildFile; fileRef = BCBE5C3923F698EF002125C1 /* DefaultTrackerTests.m */; };
		BCCAE6D0240D29A9005E9FD6 /* MappIntelligenceLogger.m in Headers */ = {isa = PBXBuildFile; fileRef = BCEAE6B723BF5A8B007F410D /* MappIntelligenceLogger.m */; };
		BCCAE6D2240D2E16005E9FD6 /* MappIntelligenceDefaultConfig.h in Headers */ = {isa = PBXBuildFile; fileRef = BCA1738123D5C12A00B31430 /* MappIntelligenceDefaultConfig.h */; };
		BCD5E2C323CF309900CE2092 /* Config.h in Sources */ = {isa = PBXBuildFile; fileRef = BCD5E2C223CF309900CE2092 /* Config.h */; };
		BCD5E2C523CF38F300CE2092 /* MappIntelligenceDefaultConfig.m in Sources */ = {isa = PBXBuildFile; fileRef = BCD5E2C423CF38F300CE2092 /* MappIntelligenceDefaultConfig.m */; };
		BCEAE6B823BF5A8B007F410D /* MappIntelligenceLogger.m in Sources */ = {isa = PBXBuildFile; fileRef = BCEAE6B723BF5A8B007F410D /* MappIntelligenceLogger.m */; };
/* End PBXBuildFile section */

/* Begin PBXContainerItemProxy section */
		A334862E23BF3F2800D0EB5F /* PBXContainerItemProxy */ = {
			isa = PBXContainerItemProxy;
			containerPortal = A334861023BF3E2300D0EB5F /* Project object */;
			proxyType = 1;
			remoteGlobalIDString = A334861723BF3E2300D0EB5F;
			remoteInfo = Webrekk;
		};
		A33B36EC24602482005EA9AE /* PBXContainerItemProxy */ = {
			isa = PBXContainerItemProxy;
			containerPortal = A334861023BF3E2300D0EB5F /* Project object */;
			proxyType = 1;
			remoteGlobalIDString = A32AEA24242A6F4600BC7B46;
			remoteInfo = MappIntelligenceWatchOS;
		};
		A33B36FC246024A6005EA9AE /* PBXContainerItemProxy */ = {
			isa = PBXContainerItemProxy;
			containerPortal = A334861023BF3E2300D0EB5F /* Project object */;
			proxyType = 1;
			remoteGlobalIDString = A35C78C32452E6FF00D36144;
			remoteInfo = MappIntelligencetvOS;
		};
		A35C78CD2452E72600D36144 /* PBXContainerItemProxy */ = {
			isa = PBXContainerItemProxy;
			containerPortal = A334861023BF3E2300D0EB5F /* Project object */;
			proxyType = 1;
			remoteGlobalIDString = A334861723BF3E2300D0EB5F;
			remoteInfo = MappIntelligenceSDK;
		};
		A35C79632457679700D36144 /* PBXContainerItemProxy */ = {
			isa = PBXContainerItemProxy;
			containerPortal = A334861023BF3E2300D0EB5F /* Project object */;
			proxyType = 1;
			remoteGlobalIDString = A334861723BF3E2300D0EB5F;
			remoteInfo = MappIntelligenceSDK;
		};
		A36C6DFD243233FE008A9CB6 /* PBXContainerItemProxy */ = {
			isa = PBXContainerItemProxy;
			containerPortal = A334861023BF3E2300D0EB5F /* Project object */;
			proxyType = 1;
			remoteGlobalIDString = A334861723BF3E2300D0EB5F;
			remoteInfo = MappIntelligenceSDK;
		};
/* End PBXContainerItemProxy section */

/* Begin PBXCopyFilesBuildPhase section */
		A32AEA23242A6F4600BC7B46 /* CopyFiles */ = {
			isa = PBXCopyFilesBuildPhase;
			buildActionMask = 2147483647;
			dstPath = "include/$(PRODUCT_NAME)";
			dstSubfolderSpec = 16;
			files = (
				A32AEA2A242A6F4600BC7B46 /* MappIntelligenceWatchOS.h in CopyFiles */,
			);
			runOnlyForDeploymentPostprocessing = 0;
		};
		A334861623BF3E2300D0EB5F /* CopyFiles */ = {
			isa = PBXCopyFilesBuildPhase;
			buildActionMask = 2147483647;
			dstPath = "include/$(PRODUCT_NAME)";
			dstSubfolderSpec = 16;
			files = (
				A334861E23BF3E2300D0EB5F /* MappIntelligence.h in CopyFiles */,
			);
			runOnlyForDeploymentPostprocessing = 0;
		};
		A35C78C22452E6FF00D36144 /* CopyFiles */ = {
			isa = PBXCopyFilesBuildPhase;
			buildActionMask = 2147483647;
			dstPath = "include/$(PRODUCT_NAME)";
			dstSubfolderSpec = 16;
			files = (
				A35C78C92452E6FF00D36144 /* MappIntelligencetvOS.h in CopyFiles */,
			);
			runOnlyForDeploymentPostprocessing = 0;
		};
/* End PBXCopyFilesBuildPhase section */

/* Begin PBXFileReference section */
		A30E3EC0244491F30047D7A6 /* .travis.yml */ = {isa = PBXFileReference; fileEncoding = 4; lastKnownFileType = text.yaml; path = .travis.yml; sourceTree = "<group>"; };
		A30E3EC224449ED90047D7A6 /* README.md */ = {isa = PBXFileReference; fileEncoding = 4; lastKnownFileType = net.daringfireball.markdown; path = README.md; sourceTree = "<group>"; };
		A30E3EC42444A0B70047D7A6 /* .oclint.yml */ = {isa = PBXFileReference; fileEncoding = 4; lastKnownFileType = text.yaml; path = .oclint.yml; sourceTree = "<group>"; };
		A30E3EC62444A3970047D7A6 /* MappIntelligence.podspec */ = {isa = PBXFileReference; fileEncoding = 4; lastKnownFileType = text; path = MappIntelligence.podspec; sourceTree = "<group>"; };
		A31D7A4E243CC0F200386A1C /* TrackerRequestTests.m */ = {isa = PBXFileReference; lastKnownFileType = sourcecode.c.objc; path = TrackerRequestTests.m; sourceTree = "<group>"; };
		A32AEA25242A6F4600BC7B46 /* libMappIntelligenceWatchOS.a */ = {isa = PBXFileReference; explicitFileType = archive.ar; includeInIndex = 0; path = libMappIntelligenceWatchOS.a; sourceTree = BUILT_PRODUCTS_DIR; };
		A32AEA27242A6F4600BC7B46 /* MappIntelligenceWatchOS.h */ = {isa = PBXFileReference; lastKnownFileType = sourcecode.c.h; path = MappIntelligenceWatchOS.h; sourceTree = "<group>"; };
		A32AEA28242A6F4600BC7B46 /* MappIntelligenceWatchOS.m */ = {isa = PBXFileReference; lastKnownFileType = sourcecode.c.objc; path = MappIntelligenceWatchOS.m; sourceTree = "<group>"; };
		A32EE09E243B574E00EDC5B8 /* UIFlowObserverTests.m */ = {isa = PBXFileReference; lastKnownFileType = sourcecode.c.objc; path = UIFlowObserverTests.m; sourceTree = "<group>"; };
		A32EE0A1243CB97200EDC5B8 /* MappIntelligenceDefaultConfigTest.m */ = {isa = PBXFileReference; lastKnownFileType = sourcecode.c.objc; path = MappIntelligenceDefaultConfigTest.m; sourceTree = "<group>"; };
		A334861823BF3E2300D0EB5F /* libMappIntelligenceSDK.a */ = {isa = PBXFileReference; explicitFileType = archive.ar; includeInIndex = 0; path = libMappIntelligenceSDK.a; sourceTree = BUILT_PRODUCTS_DIR; };
		A334861B23BF3E2300D0EB5F /* MappIntelligence.h */ = {isa = PBXFileReference; lastKnownFileType = sourcecode.c.h; path = MappIntelligence.h; sourceTree = "<group>"; };
		A334861C23BF3E2300D0EB5F /* MappIntelligence.m */ = {isa = PBXFileReference; lastKnownFileType = sourcecode.c.objc; path = MappIntelligence.m; sourceTree = "<group>"; };
		A334862823BF3F2800D0EB5F /* MappIntelligenceTests.xctest */ = {isa = PBXFileReference; explicitFileType = wrapper.cfbundle; includeInIndex = 0; path = MappIntelligenceTests.xctest; sourceTree = BUILT_PRODUCTS_DIR; };
		A334863C23BF409D00D0EB5F /* MappIntelligence.h */ = {isa = PBXFileReference; lastKnownFileType = sourcecode.c.h; path = MappIntelligence.h; sourceTree = "<group>"; };
		A337445A24C1A12A0096259B /* PageProperties.h */ = {isa = PBXFileReference; lastKnownFileType = sourcecode.c.h; path = PageProperties.h; sourceTree = "<group>"; };
		A337445B24C1A12A0096259B /* PageProperties.m */ = {isa = PBXFileReference; lastKnownFileType = sourcecode.c.objc; path = PageProperties.m; sourceTree = "<group>"; };
		A33B36E32460246F005EA9AE /* MappIntelligenceSDK_watchOS.framework */ = {isa = PBXFileReference; explicitFileType = wrapper.framework; includeInIndex = 0; path = MappIntelligenceSDK_watchOS.framework; sourceTree = BUILT_PRODUCTS_DIR; };
		A33B36E52460246F005EA9AE /* MappIntelligenceSDK_watchOS.h */ = {isa = PBXFileReference; lastKnownFileType = sourcecode.c.h; path = MappIntelligenceSDK_watchOS.h; sourceTree = "<group>"; };
		A33B36E62460246F005EA9AE /* Info.plist */ = {isa = PBXFileReference; lastKnownFileType = text.plist.xml; path = Info.plist; sourceTree = "<group>"; };
		A33B36F32460249F005EA9AE /* MappIntelligenceSDK_tvOS.framework */ = {isa = PBXFileReference; explicitFileType = wrapper.framework; includeInIndex = 0; path = MappIntelligenceSDK_tvOS.framework; sourceTree = BUILT_PRODUCTS_DIR; };
		A33B36F52460249F005EA9AE /* MappIntelligenceSDK_tvOS.h */ = {isa = PBXFileReference; lastKnownFileType = sourcecode.c.h; path = MappIntelligenceSDK_tvOS.h; sourceTree = "<group>"; };
		A33B36F62460249F005EA9AE /* Info.plist */ = {isa = PBXFileReference; lastKnownFileType = text.plist.xml; path = Info.plist; sourceTree = "<group>"; };
		A33B36FF246047C8005EA9AE /* libz.tbd */ = {isa = PBXFileReference; lastKnownFileType = "sourcecode.text-based-dylib-definition"; name = libz.tbd; path = Platforms/MacOSX.platform/Developer/SDKs/MacOSX10.15.sdk/usr/lib/libz.tbd; sourceTree = DEVELOPER_DIR; };
		A33C1D3A24508C990049D5E5 /* LICENSE.md */ = {isa = PBXFileReference; lastKnownFileType = net.daringfireball.markdown; path = LICENSE.md; sourceTree = "<group>"; };
		A35C78C42452E6FF00D36144 /* libMappIntelligencetvOS.a */ = {isa = PBXFileReference; explicitFileType = archive.ar; includeInIndex = 0; path = libMappIntelligencetvOS.a; sourceTree = BUILT_PRODUCTS_DIR; };
		A35C78C62452E6FF00D36144 /* MappIntelligencetvOS.h */ = {isa = PBXFileReference; lastKnownFileType = sourcecode.c.h; path = MappIntelligencetvOS.h; sourceTree = "<group>"; };
		A35C78C72452E6FF00D36144 /* MappIntelligencetvOS.m */ = {isa = PBXFileReference; lastKnownFileType = sourcecode.c.objc; path = MappIntelligencetvOS.m; sourceTree = "<group>"; };
		A35C795B2457679000D36144 /* MappIntelligenceSDK_iOS.framework */ = {isa = PBXFileReference; explicitFileType = wrapper.framework; includeInIndex = 0; path = MappIntelligenceSDK_iOS.framework; sourceTree = BUILT_PRODUCTS_DIR; };
		A35C795D2457679000D36144 /* MappIntelligenceSDK_iOS.h */ = {isa = PBXFileReference; lastKnownFileType = sourcecode.c.h; path = MappIntelligenceSDK_iOS.h; sourceTree = "<group>"; };
		A35C795E2457679000D36144 /* Info.plist */ = {isa = PBXFileReference; lastKnownFileType = text.plist.xml; path = Info.plist; sourceTree = "<group>"; };
		A36CD7CB23F44594004E3E2D /* TrackerRequest.h */ = {isa = PBXFileReference; lastKnownFileType = sourcecode.c.h; path = TrackerRequest.h; sourceTree = "<group>"; };
		A36CD7CC23F44594004E3E2D /* TrackerRequest.m */ = {isa = PBXFileReference; lastKnownFileType = sourcecode.c.objc; path = TrackerRequest.m; sourceTree = "<group>"; };
		A36CD7CF23F447D0004E3E2D /* Properties.h */ = {isa = PBXFileReference; lastKnownFileType = sourcecode.c.h; path = Properties.h; sourceTree = "<group>"; };
		A36CD7D023F447D0004E3E2D /* Properties.m */ = {isa = PBXFileReference; lastKnownFileType = sourcecode.c.objc; path = Properties.m; sourceTree = "<group>"; };
		A380D1F82411478C009E2CD8 /* TrackingEvent.h */ = {isa = PBXFileReference; lastKnownFileType = sourcecode.c.h; path = TrackingEvent.h; sourceTree = "<group>"; };
		A380D1F92411478C009E2CD8 /* TrackingEvent.m */ = {isa = PBXFileReference; lastKnownFileType = sourcecode.c.objc; path = TrackingEvent.m; sourceTree = "<group>"; };
		A380D1FD241296FD009E2CD8 /* PageViewEvent.h */ = {isa = PBXFileReference; lastKnownFileType = sourcecode.c.h; path = PageViewEvent.h; sourceTree = "<group>"; };
		A380D1FE241296FD009E2CD8 /* PageViewEvent.m */ = {isa = PBXFileReference; lastKnownFileType = sourcecode.c.objc; path = PageViewEvent.m; sourceTree = "<group>"; };
		A380D2022412B0AB009E2CD8 /* Enviroment.h */ = {isa = PBXFileReference; lastKnownFileType = sourcecode.c.h; path = Enviroment.h; sourceTree = "<group>"; };
		A380D2032412B0AB009E2CD8 /* Enviroment.m */ = {isa = PBXFileReference; lastKnownFileType = sourcecode.c.objc; path = Enviroment.m; sourceTree = "<group>"; };
		A380D2062412D8F2009E2CD8 /* RequestTrackerBuilder.h */ = {isa = PBXFileReference; lastKnownFileType = sourcecode.c.h; path = RequestTrackerBuilder.h; sourceTree = "<group>"; };
		A380D2072412D8F2009E2CD8 /* RequestTrackerBuilder.m */ = {isa = PBXFileReference; lastKnownFileType = sourcecode.c.objc; path = RequestTrackerBuilder.m; sourceTree = "<group>"; };
		A380D20A2413D317009E2CD8 /* Configuration.h */ = {isa = PBXFileReference; lastKnownFileType = sourcecode.c.h; path = Configuration.h; sourceTree = "<group>"; };
		A380D20B2413D317009E2CD8 /* Configuration.m */ = {isa = PBXFileReference; lastKnownFileType = sourcecode.c.objc; path = Configuration.m; sourceTree = "<group>"; };
		A380D20E2413ED35009E2CD8 /* RequestUrlBuilder.h */ = {isa = PBXFileReference; lastKnownFileType = sourcecode.c.h; path = RequestUrlBuilder.h; sourceTree = "<group>"; };
		A380D20F2413ED35009E2CD8 /* RequestUrlBuilder.m */ = {isa = PBXFileReference; lastKnownFileType = sourcecode.c.objc; path = RequestUrlBuilder.m; sourceTree = "<group>"; };
		A380D21224141B55009E2CD8 /* URLSizeMonitor.h */ = {isa = PBXFileReference; lastKnownFileType = sourcecode.c.h; path = URLSizeMonitor.h; sourceTree = "<group>"; };
		A380D21324141B55009E2CD8 /* URLSizeMonitor.m */ = {isa = PBXFileReference; lastKnownFileType = sourcecode.c.objc; path = URLSizeMonitor.m; sourceTree = "<group>"; };
		A3A72556243DBF1000671DB2 /* PropertiesTests.m */ = {isa = PBXFileReference; lastKnownFileType = sourcecode.c.objc; path = PropertiesTests.m; sourceTree = "<group>"; };
		A3A72558243DC22C00671DB2 /* RequestTrackerBuilderTests.m */ = {isa = PBXFileReference; lastKnownFileType = sourcecode.c.objc; path = RequestTrackerBuilderTests.m; sourceTree = "<group>"; };
		A3A7255A243DEA0500671DB2 /* RequestUrlBuilderTests.m */ = {isa = PBXFileReference; lastKnownFileType = sourcecode.c.objc; path = RequestUrlBuilderTests.m; sourceTree = "<group>"; };
		A3A7255C243E07A100671DB2 /* URLSizeMonitorTests.m */ = {isa = PBXFileReference; lastKnownFileType = sourcecode.c.objc; path = URLSizeMonitorTests.m; sourceTree = "<group>"; };
		A3A7255E243F154900671DB2 /* MappIntelligenceTests.m */ = {isa = PBXFileReference; lastKnownFileType = sourcecode.c.objc; path = MappIntelligenceTests.m; sourceTree = "<group>"; };
		A3CC5484248FC418006215FD /* DatabaseManager.h */ = {isa = PBXFileReference; lastKnownFileType = sourcecode.c.h; path = DatabaseManager.h; sourceTree = "<group>"; };
		A3CC5485248FC418006215FD /* DatabaseManager.m */ = {isa = PBXFileReference; lastKnownFileType = sourcecode.c.objc; path = DatabaseManager.m; sourceTree = "<group>"; };
		A3CC5488249125DD006215FD /* Parameter.h */ = {isa = PBXFileReference; lastKnownFileType = sourcecode.c.h; path = Parameter.h; sourceTree = "<group>"; };
		A3CC5489249125DD006215FD /* Parameter.m */ = {isa = PBXFileReference; lastKnownFileType = sourcecode.c.objc; path = Parameter.m; sourceTree = "<group>"; };
		A3CC548C249125F0006215FD /* Request.h */ = {isa = PBXFileReference; lastKnownFileType = sourcecode.c.h; path = Request.h; sourceTree = "<group>"; };
		A3CC548D249125F0006215FD /* Request.m */ = {isa = PBXFileReference; lastKnownFileType = sourcecode.c.objc; path = Request.m; sourceTree = "<group>"; };
		A3CC549024912AA8006215FD /* RequestData.h */ = {isa = PBXFileReference; lastKnownFileType = sourcecode.c.h; path = RequestData.h; sourceTree = "<group>"; };
		A3CC549124912AA8006215FD /* RequestData.m */ = {isa = PBXFileReference; lastKnownFileType = sourcecode.c.objc; path = RequestData.m; sourceTree = "<group>"; };
		A3D9835024AE298200AF0CD8 /* RequestBatchSupportUrlBuilder.h */ = {isa = PBXFileReference; lastKnownFileType = sourcecode.c.h; path = RequestBatchSupportUrlBuilder.h; sourceTree = "<group>"; };
		A3D9835124AE298200AF0CD8 /* RequestBatchSupportUrlBuilder.m */ = {isa = PBXFileReference; lastKnownFileType = sourcecode.c.objc; path = RequestBatchSupportUrlBuilder.m; sourceTree = "<group>"; };
		A3DD62E0242CE045004B3A2D /* UIKit.framework */ = {isa = PBXFileReference; lastKnownFileType = wrapper.framework; name = UIKit.framework; path = Platforms/WatchOS.platform/Developer/SDKs/WatchOS6.1.sdk/System/Library/Frameworks/UIKit.framework; sourceTree = DEVELOPER_DIR; };
		A3DD62E2242CE111004B3A2D /* Foundation.framework */ = {isa = PBXFileReference; lastKnownFileType = wrapper.framework; name = Foundation.framework; path = Platforms/WatchOS.platform/Developer/SDKs/WatchOS6.1.sdk/System/Library/Frameworks/Foundation.framework; sourceTree = DEVELOPER_DIR; };
		A3EAFF5F2418E02F009D5108 /* UIFlowObserver.h */ = {isa = PBXFileReference; lastKnownFileType = sourcecode.c.h; path = UIFlowObserver.h; sourceTree = "<group>"; };
		A3EAFF602418E02F009D5108 /* UIFlowObserver.m */ = {isa = PBXFileReference; lastKnownFileType = sourcecode.c.objc; path = UIFlowObserver.m; sourceTree = "<group>"; };
		BCA1738123D5C12A00B31430 /* MappIntelligenceDefaultConfig.h */ = {isa = PBXFileReference; fileEncoding = 4; lastKnownFileType = sourcecode.c.h; path = MappIntelligenceDefaultConfig.h; sourceTree = "<group>"; };
		BCBE5BFA23EB1798002125C1 /* MappIntelligenceSDKLoggerTest.m */ = {isa = PBXFileReference; lastKnownFileType = sourcecode.c.objc; name = MappIntelligenceSDKLoggerTest.m; path = MappIntelligenceTests/Log/MappIntelligenceSDKLoggerTest.m; sourceTree = SOURCE_ROOT; };
		BCBE5C0723F1A688002125C1 /* DefaultTracker.h */ = {isa = PBXFileReference; lastKnownFileType = sourcecode.c.h; path = DefaultTracker.h; sourceTree = "<group>"; };
		BCBE5C0823F29E49002125C1 /* DefaultTracker.m */ = {isa = PBXFileReference; lastKnownFileType = sourcecode.c.objc; path = DefaultTracker.m; sourceTree = "<group>"; };
		BCBE5C3923F698EF002125C1 /* DefaultTrackerTests.m */ = {isa = PBXFileReference; lastKnownFileType = sourcecode.c.objc; name = DefaultTrackerTests.m; path = MappIntelligenceTests/Trackers/DefaultTrackerTests.m; sourceTree = SOURCE_ROOT; };
		BCD5E2C223CF309900CE2092 /* Config.h */ = {isa = PBXFileReference; lastKnownFileType = sourcecode.c.h; path = Config.h; sourceTree = "<group>"; };
		BCD5E2C423CF38F300CE2092 /* MappIntelligenceDefaultConfig.m */ = {isa = PBXFileReference; lastKnownFileType = sourcecode.c.objc; path = MappIntelligenceDefaultConfig.m; sourceTree = "<group>"; };
		BCEA32C123E979FD003AF806 /* Info.plist */ = {isa = PBXFileReference; fileEncoding = 4; lastKnownFileType = text.plist.xml; path = Info.plist; sourceTree = "<group>"; };
		BCEAE6B523BF5912007F410D /* MappIntelligenceLogger.h */ = {isa = PBXFileReference; lastKnownFileType = sourcecode.c.h; path = MappIntelligenceLogger.h; sourceTree = "<group>"; };
		BCEAE6B723BF5A8B007F410D /* MappIntelligenceLogger.m */ = {isa = PBXFileReference; lastKnownFileType = sourcecode.c.objc; path = MappIntelligenceLogger.m; sourceTree = "<group>"; };
/* End PBXFileReference section */

/* Begin PBXFrameworksBuildPhase section */
		A32AEA22242A6F4600BC7B46 /* Frameworks */ = {
			isa = PBXFrameworksBuildPhase;
			buildActionMask = 2147483647;
			files = (
			);
			runOnlyForDeploymentPostprocessing = 0;
		};
		A334861523BF3E2300D0EB5F /* Frameworks */ = {
			isa = PBXFrameworksBuildPhase;
			buildActionMask = 2147483647;
			files = (
			);
			runOnlyForDeploymentPostprocessing = 0;
		};
		A334862523BF3F2800D0EB5F /* Frameworks */ = {
			isa = PBXFrameworksBuildPhase;
			buildActionMask = 2147483647;
			files = (
				A334862D23BF3F2800D0EB5F /* libMappIntelligenceSDK.a in Frameworks */,
			);
			runOnlyForDeploymentPostprocessing = 0;
		};
		A33B36E02460246F005EA9AE /* Frameworks */ = {
			isa = PBXFrameworksBuildPhase;
			buildActionMask = 2147483647;
			files = (
				A33B36EB24602482005EA9AE /* libMappIntelligenceWatchOS.a in Frameworks */,
			);
			runOnlyForDeploymentPostprocessing = 0;
		};
		A33B36F02460249F005EA9AE /* Frameworks */ = {
			isa = PBXFrameworksBuildPhase;
			buildActionMask = 2147483647;
			files = (
				A33B36FB246024A6005EA9AE /* libMappIntelligencetvOS.a in Frameworks */,
			);
			runOnlyForDeploymentPostprocessing = 0;
		};
		A35C78C12452E6FF00D36144 /* Frameworks */ = {
			isa = PBXFrameworksBuildPhase;
			buildActionMask = 2147483647;
			files = (
			);
			runOnlyForDeploymentPostprocessing = 0;
		};
		A35C79582457679000D36144 /* Frameworks */ = {
			isa = PBXFrameworksBuildPhase;
			buildActionMask = 2147483647;
			files = (
				A33B3700246047C8005EA9AE /* libz.tbd in Frameworks */,
				A33B36FE24602DD2005EA9AE /* libMappIntelligenceSDK.a in Frameworks */,
			);
			runOnlyForDeploymentPostprocessing = 0;
		};
/* End PBXFrameworksBuildPhase section */

/* Begin PBXGroup section */
		A31D7A4B243CBDE500386A1C /* Log */ = {
			isa = PBXGroup;
			children = (
				BCBE5BFA23EB1798002125C1 /* MappIntelligenceSDKLoggerTest.m */,
			);
			path = Log;
			sourceTree = "<group>";
		};
		A31D7A4C243CBE1A00386A1C /* Network */ = {
			isa = PBXGroup;
			children = (
				A31D7A4D243CC0B600386A1C /* Tracking Request */,
			);
			path = Network;
			sourceTree = "<group>";
		};
		A31D7A4D243CC0B600386A1C /* Tracking Request */ = {
			isa = PBXGroup;
			children = (
				A31D7A4E243CC0F200386A1C /* TrackerRequestTests.m */,
				A3A72556243DBF1000671DB2 /* PropertiesTests.m */,
				A3A72558243DC22C00671DB2 /* RequestTrackerBuilderTests.m */,
				A3A7255A243DEA0500671DB2 /* RequestUrlBuilderTests.m */,
				A3A7255C243E07A100671DB2 /* URLSizeMonitorTests.m */,
			);
			path = "Tracking Request";
			sourceTree = "<group>";
		};
		A32AEA26242A6F4600BC7B46 /* MappIntelligenceWatchOS */ = {
			isa = PBXGroup;
			children = (
				A32AEA27242A6F4600BC7B46 /* MappIntelligenceWatchOS.h */,
				A32AEA28242A6F4600BC7B46 /* MappIntelligenceWatchOS.m */,
			);
			path = MappIntelligenceWatchOS;
			sourceTree = "<group>";
		};
		A32AEA6A242B72CA00BC7B46 /* Frameworks */ = {
			isa = PBXGroup;
			children = (
				A33B36FF246047C8005EA9AE /* libz.tbd */,
				A3DD62E2242CE111004B3A2D /* Foundation.framework */,
				A3DD62E0242CE045004B3A2D /* UIKit.framework */,
			);
			name = Frameworks;
			sourceTree = "<group>";
		};
		A32EE09B243B56B200EDC5B8 /* Utility */ = {
			isa = PBXGroup;
			children = (
			);
			path = Utility;
			sourceTree = "<group>";
		};
		A32EE09C243B56FC00EDC5B8 /* Events */ = {
			isa = PBXGroup;
			children = (
			);
			name = Events;
			sourceTree = "<group>";
		};
		A32EE09D243B570D00EDC5B8 /* Trackers */ = {
			isa = PBXGroup;
			children = (
				BCBE5C3923F698EF002125C1 /* DefaultTrackerTests.m */,
				A32EE09E243B574E00EDC5B8 /* UIFlowObserverTests.m */,
			);
			path = Trackers;
			sourceTree = "<group>";
		};
		A32EE0A0243CB94F00EDC5B8 /* PersistanceLayer */ = {
			isa = PBXGroup;
			children = (
				A32EE0A1243CB97200EDC5B8 /* MappIntelligenceDefaultConfigTest.m */,
			);
			name = PersistanceLayer;
			sourceTree = "<group>";
		};
		A334860F23BF3E2300D0EB5F = {
			isa = PBXGroup;
			children = (
				A33C1D3A24508C990049D5E5 /* LICENSE.md */,
				A30E3EC62444A3970047D7A6 /* MappIntelligence.podspec */,
				A30E3EC42444A0B70047D7A6 /* .oclint.yml */,
				A30E3EC0244491F30047D7A6 /* .travis.yml */,
				A30E3EC224449ED90047D7A6 /* README.md */,
				A334861A23BF3E2300D0EB5F /* MappIntelligence */,
				A32AEA26242A6F4600BC7B46 /* MappIntelligenceWatchOS */,
				A35C78C52452E6FF00D36144 /* MappIntelligencetvOS */,
				A35C795C2457679000D36144 /* MappIntelligenceSDK-iOS */,
				A33B36E42460246F005EA9AE /* MappIntelligenceSDK-watchOS */,
				A33B36F42460249F005EA9AE /* MappIntelligenceSDK-tvOS */,
				A334861923BF3E2300D0EB5F /* Products */,
				A334863C23BF409D00D0EB5F /* MappIntelligence.h */,
				BCEA32C023E979FD003AF806 /* MappIntelligenceTests */,
				A32AEA6A242B72CA00BC7B46 /* Frameworks */,
			);
			sourceTree = "<group>";
		};
		A334861923BF3E2300D0EB5F /* Products */ = {
			isa = PBXGroup;
			children = (
				A334861823BF3E2300D0EB5F /* libMappIntelligenceSDK.a */,
				A334862823BF3F2800D0EB5F /* MappIntelligenceTests.xctest */,
				A32AEA25242A6F4600BC7B46 /* libMappIntelligenceWatchOS.a */,
				A35C78C42452E6FF00D36144 /* libMappIntelligencetvOS.a */,
				A35C795B2457679000D36144 /* MappIntelligenceSDK_iOS.framework */,
				A33B36E32460246F005EA9AE /* MappIntelligenceSDK_watchOS.framework */,
				A33B36F32460249F005EA9AE /* MappIntelligenceSDK_tvOS.framework */,
			);
			name = Products;
			sourceTree = "<group>";
		};
		A334861A23BF3E2300D0EB5F /* MappIntelligence */ = {
			isa = PBXGroup;
			children = (
				A337445924C1A1110096259B /* Properties */,
				A380D2012412B095009E2CD8 /* Utility */,
				A380D1FC241296E1009E2CD8 /* Events */,
				BCBE5C0623F1A665002125C1 /* Trackers */,
				BCEAE6B923C32EDC007F410D /* PersistanceLayer */,
				BCEAE6B423BF58A2007F410D /* Log */,
				A334866D23BF567700D0EB5F /* Network */,
				BCD5E2C223CF309900CE2092 /* Config.h */,
				A334861B23BF3E2300D0EB5F /* MappIntelligence.h */,
				A334861C23BF3E2300D0EB5F /* MappIntelligence.m */,
			);
			path = MappIntelligence;
			sourceTree = "<group>";
		};
		A334866D23BF567700D0EB5F /* Network */ = {
			isa = PBXGroup;
			children = (
				A36CD7CA23F44567004E3E2D /* Tracking Request */,
			);
			path = Network;
			sourceTree = "<group>";
		};
		A337445924C1A1110096259B /* Properties */ = {
			isa = PBXGroup;
			children = (
				A337445A24C1A12A0096259B /* PageProperties.h */,
				A337445B24C1A12A0096259B /* PageProperties.m */,
			);
			path = Properties;
			sourceTree = "<group>";
		};
		A33B36E42460246F005EA9AE /* MappIntelligenceSDK-watchOS */ = {
			isa = PBXGroup;
			children = (
				A33B36E52460246F005EA9AE /* MappIntelligenceSDK_watchOS.h */,
				A33B36E62460246F005EA9AE /* Info.plist */,
			);
			path = "MappIntelligenceSDK-watchOS";
			sourceTree = "<group>";
		};
		A33B36F42460249F005EA9AE /* MappIntelligenceSDK-tvOS */ = {
			isa = PBXGroup;
			children = (
				A33B36F52460249F005EA9AE /* MappIntelligenceSDK_tvOS.h */,
				A33B36F62460249F005EA9AE /* Info.plist */,
			);
			path = "MappIntelligenceSDK-tvOS";
			sourceTree = "<group>";
		};
		A35C78C52452E6FF00D36144 /* MappIntelligencetvOS */ = {
			isa = PBXGroup;
			children = (
				A35C78C62452E6FF00D36144 /* MappIntelligencetvOS.h */,
				A35C78C72452E6FF00D36144 /* MappIntelligencetvOS.m */,
			);
			path = MappIntelligencetvOS;
			sourceTree = "<group>";
		};
		A35C795C2457679000D36144 /* MappIntelligenceSDK-iOS */ = {
			isa = PBXGroup;
			children = (
				A35C795D2457679000D36144 /* MappIntelligenceSDK_iOS.h */,
				A35C795E2457679000D36144 /* Info.plist */,
			);
			path = "MappIntelligenceSDK-iOS";
			sourceTree = "<group>";
		};
		A36CD7CA23F44567004E3E2D /* Tracking Request */ = {
			isa = PBXGroup;
			children = (
				A36CD7CB23F44594004E3E2D /* TrackerRequest.h */,
				A36CD7CC23F44594004E3E2D /* TrackerRequest.m */,
				A36CD7CF23F447D0004E3E2D /* Properties.h */,
				A36CD7D023F447D0004E3E2D /* Properties.m */,
				A380D1F82411478C009E2CD8 /* TrackingEvent.h */,
				A380D1F92411478C009E2CD8 /* TrackingEvent.m */,
				A380D2062412D8F2009E2CD8 /* RequestTrackerBuilder.h */,
				A380D2072412D8F2009E2CD8 /* RequestTrackerBuilder.m */,
				A380D20E2413ED35009E2CD8 /* RequestUrlBuilder.h */,
				A380D20F2413ED35009E2CD8 /* RequestUrlBuilder.m */,
				A380D21224141B55009E2CD8 /* URLSizeMonitor.h */,
				A380D21324141B55009E2CD8 /* URLSizeMonitor.m */,
				A3D9835024AE298200AF0CD8 /* RequestBatchSupportUrlBuilder.h */,
				A3D9835124AE298200AF0CD8 /* RequestBatchSupportUrlBuilder.m */,
			);
			path = "Tracking Request";
			sourceTree = "<group>";
		};
		A380D1FC241296E1009E2CD8 /* Events */ = {
			isa = PBXGroup;
			children = (
				A380D1FD241296FD009E2CD8 /* PageViewEvent.h */,
				A380D1FE241296FD009E2CD8 /* PageViewEvent.m */,
			);
			path = Events;
			sourceTree = "<group>";
		};
		A380D2012412B095009E2CD8 /* Utility */ = {
			isa = PBXGroup;
			children = (
				A380D2022412B0AB009E2CD8 /* Enviroment.h */,
				A380D2032412B0AB009E2CD8 /* Enviroment.m */,
			);
			path = Utility;
			sourceTree = "<group>";
		};
		A3CC5481248FC3CD006215FD /* Database */ = {
			isa = PBXGroup;
			children = (
				A3CC5484248FC418006215FD /* DatabaseManager.h */,
				A3CC5485248FC418006215FD /* DatabaseManager.m */,
				A3CC5488249125DD006215FD /* Parameter.h */,
				A3CC5489249125DD006215FD /* Parameter.m */,
				A3CC548C249125F0006215FD /* Request.h */,
				A3CC548D249125F0006215FD /* Request.m */,
				A3CC549024912AA8006215FD /* RequestData.h */,
				A3CC549124912AA8006215FD /* RequestData.m */,
			);
			path = Database;
			sourceTree = "<group>";
		};
		BCBE5C0623F1A665002125C1 /* Trackers */ = {
			isa = PBXGroup;
			children = (
				BCBE5C0723F1A688002125C1 /* DefaultTracker.h */,
				BCBE5C0823F29E49002125C1 /* DefaultTracker.m */,
				A380D20A2413D317009E2CD8 /* Configuration.h */,
				A380D20B2413D317009E2CD8 /* Configuration.m */,
				A3EAFF5F2418E02F009D5108 /* UIFlowObserver.h */,
				A3EAFF602418E02F009D5108 /* UIFlowObserver.m */,
			);
			path = Trackers;
			sourceTree = "<group>";
		};
		BCEA32C023E979FD003AF806 /* MappIntelligenceTests */ = {
			isa = PBXGroup;
			children = (
				A31D7A4C243CBE1A00386A1C /* Network */,
				A31D7A4B243CBDE500386A1C /* Log */,
				A32EE0A0243CB94F00EDC5B8 /* PersistanceLayer */,
				A32EE09D243B570D00EDC5B8 /* Trackers */,
				A32EE09C243B56FC00EDC5B8 /* Events */,
				A32EE09B243B56B200EDC5B8 /* Utility */,
				BCEA32C123E979FD003AF806 /* Info.plist */,
				A3A7255E243F154900671DB2 /* MappIntelligenceTests.m */,
			);
			path = MappIntelligenceTests;
			sourceTree = "<group>";
		};
		BCEAE6B423BF58A2007F410D /* Log */ = {
			isa = PBXGroup;
			children = (
				BCEAE6B523BF5912007F410D /* MappIntelligenceLogger.h */,
				BCEAE6B723BF5A8B007F410D /* MappIntelligenceLogger.m */,
			);
			path = Log;
			sourceTree = "<group>";
		};
		BCEAE6B923C32EDC007F410D /* PersistanceLayer */ = {
			isa = PBXGroup;
			children = (
				A3CC5481248FC3CD006215FD /* Database */,
				BCA1738123D5C12A00B31430 /* MappIntelligenceDefaultConfig.h */,
				BCD5E2C423CF38F300CE2092 /* MappIntelligenceDefaultConfig.m */,
			);
			path = PersistanceLayer;
			sourceTree = "<group>";
		};
/* End PBXGroup section */

/* Begin PBXHeadersBuildPhase section */
		A334863323BF3F9000D0EB5F /* Headers */ = {
			isa = PBXHeadersBuildPhase;
			buildActionMask = 2147483647;
			files = (
				A334863423BF3FAD00D0EB5F /* MappIntelligence.h in Headers */,
				A3CC5486248FC418006215FD /* DatabaseManager.h in Headers */,
				A3D9836F24B3311100AF0CD8 /* RequestBatchSupportUrlBuilder.m in Headers */,
				A3852A95249389060090F47B /* DatabaseManager.m in Headers */,
				BCCAE6D0240D29A9005E9FD6 /* MappIntelligenceLogger.m in Headers */,
				A3CC549224912AA8006215FD /* RequestData.h in Headers */,
				A380D1FA2411478C009E2CD8 /* TrackingEvent.h in Headers */,
				A36CD7D123F447D0004E3E2D /* Properties.h in Headers */,
				A380D2102413ED35009E2CD8 /* RequestUrlBuilder.h in Headers */,
				A36CD7CD23F44594004E3E2D /* TrackerRequest.h in Headers */,
				A380D1FF241296FD009E2CD8 /* PageViewEvent.h in Headers */,
				BCCAE6D2240D2E16005E9FD6 /* MappIntelligenceDefaultConfig.h in Headers */,
				A3CC548E249125F0006215FD /* Request.h in Headers */,
				A380D21424141B55009E2CD8 /* URLSizeMonitor.h in Headers */,
				A3EAFF612418E02F009D5108 /* UIFlowObserver.h in Headers */,
				A380D20C2413D317009E2CD8 /* Configuration.h in Headers */,
				A3CC548A249125DD006215FD /* Parameter.h in Headers */,
				A337445C24C1A12A0096259B /* PageProperties.h in Headers */,
				A3D9835224AE298200AF0CD8 /* RequestBatchSupportUrlBuilder.h in Headers */,
				A380D2042412B0AB009E2CD8 /* Enviroment.h in Headers */,
				A380D2082412D8F2009E2CD8 /* RequestTrackerBuilder.h in Headers */,
			);
			runOnlyForDeploymentPostprocessing = 0;
		};
		A33B36DE2460246F005EA9AE /* Headers */ = {
			isa = PBXHeadersBuildPhase;
			buildActionMask = 2147483647;
			files = (
				A33B36E72460246F005EA9AE /* MappIntelligenceSDK_watchOS.h in Headers */,
				A3E8274F2461B6F200952606 /* MappIntelligenceWatchOS.h in Headers */,
			);
			runOnlyForDeploymentPostprocessing = 0;
		};
		A33B36EE2460249F005EA9AE /* Headers */ = {
			isa = PBXHeadersBuildPhase;
			buildActionMask = 2147483647;
			files = (
				A33B36F72460249F005EA9AE /* MappIntelligenceSDK_tvOS.h in Headers */,
				A3E827502461B72700952606 /* MappIntelligencetvOS.h in Headers */,
			);
			runOnlyForDeploymentPostprocessing = 0;
		};
		A35C79562457679000D36144 /* Headers */ = {
			isa = PBXHeadersBuildPhase;
			buildActionMask = 2147483647;
			files = (
				A35C795F2457679000D36144 /* MappIntelligenceSDK_iOS.h in Headers */,
				A3E8274E2461B6B700952606 /* MappIntelligence.h in Headers */,
			);
			runOnlyForDeploymentPostprocessing = 0;
		};
/* End PBXHeadersBuildPhase section */

/* Begin PBXNativeTarget section */
		A32AEA24242A6F4600BC7B46 /* MappIntelligenceWatchOS */ = {
			isa = PBXNativeTarget;
			buildConfigurationList = A32AEA2B242A6F4600BC7B46 /* Build configuration list for PBXNativeTarget "MappIntelligenceWatchOS" */;
			buildPhases = (
				A32AEA21242A6F4600BC7B46 /* Sources */,
				A32AEA22242A6F4600BC7B46 /* Frameworks */,
				A32AEA23242A6F4600BC7B46 /* CopyFiles */,
			);
			buildRules = (
			);
			dependencies = (
				A36C6DFE243233FE008A9CB6 /* PBXTargetDependency */,
			);
			name = MappIntelligenceWatchOS;
			productName = MappIntelligenceWatchOS;
			productReference = A32AEA25242A6F4600BC7B46 /* libMappIntelligenceWatchOS.a */;
			productType = "com.apple.product-type.library.static";
		};
		A334861723BF3E2300D0EB5F /* MappIntelligenceSDK */ = {
			isa = PBXNativeTarget;
			buildConfigurationList = A334862123BF3E2300D0EB5F /* Build configuration list for PBXNativeTarget "MappIntelligenceSDK" */;
			buildPhases = (
				A334863323BF3F9000D0EB5F /* Headers */,
				A334861423BF3E2300D0EB5F /* Sources */,
				A334861523BF3E2300D0EB5F /* Frameworks */,
				A334861623BF3E2300D0EB5F /* CopyFiles */,
			);
			buildRules = (
			);
			dependencies = (
			);
			name = MappIntelligenceSDK;
			productName = Webrekk;
			productReference = A334861823BF3E2300D0EB5F /* libMappIntelligenceSDK.a */;
			productType = "com.apple.product-type.library.static";
		};
		A334862723BF3F2800D0EB5F /* MappIntelligenceTests */ = {
			isa = PBXNativeTarget;
			buildConfigurationList = A334863023BF3F2800D0EB5F /* Build configuration list for PBXNativeTarget "MappIntelligenceTests" */;
			buildPhases = (
				A334862423BF3F2800D0EB5F /* Sources */,
				A334862523BF3F2800D0EB5F /* Frameworks */,
				A334862623BF3F2800D0EB5F /* Resources */,
			);
			buildRules = (
			);
			dependencies = (
				A334862F23BF3F2800D0EB5F /* PBXTargetDependency */,
			);
			name = MappIntelligenceTests;
			productName = WebtrekkTests;
			productReference = A334862823BF3F2800D0EB5F /* MappIntelligenceTests.xctest */;
			productType = "com.apple.product-type.bundle.unit-test";
		};
		A33B36E22460246F005EA9AE /* MappIntelligenceSDK-watchOS */ = {
			isa = PBXNativeTarget;
			buildConfigurationList = A33B36EA2460246F005EA9AE /* Build configuration list for PBXNativeTarget "MappIntelligenceSDK-watchOS" */;
			buildPhases = (
				A33B36DE2460246F005EA9AE /* Headers */,
				A33B36DF2460246F005EA9AE /* Sources */,
				A33B36E02460246F005EA9AE /* Frameworks */,
				A33B36E12460246F005EA9AE /* Resources */,
			);
			buildRules = (
			);
			dependencies = (
				A33B36ED24602482005EA9AE /* PBXTargetDependency */,
			);
			name = "MappIntelligenceSDK-watchOS";
			productName = "MappIntelligenceSDK-watchOS";
			productReference = A33B36E32460246F005EA9AE /* MappIntelligenceSDK_watchOS.framework */;
			productType = "com.apple.product-type.framework";
		};
		A33B36F22460249F005EA9AE /* MappIntelligenceSDK-tvOS */ = {
			isa = PBXNativeTarget;
			buildConfigurationList = A33B36F82460249F005EA9AE /* Build configuration list for PBXNativeTarget "MappIntelligenceSDK-tvOS" */;
			buildPhases = (
				A33B36EE2460249F005EA9AE /* Headers */,
				A33B36EF2460249F005EA9AE /* Sources */,
				A33B36F02460249F005EA9AE /* Frameworks */,
				A33B36F12460249F005EA9AE /* Resources */,
			);
			buildRules = (
			);
			dependencies = (
				A33B36FD246024A6005EA9AE /* PBXTargetDependency */,
			);
			name = "MappIntelligenceSDK-tvOS";
			productName = "MappIntelligenceSDK-tvOS";
			productReference = A33B36F32460249F005EA9AE /* MappIntelligenceSDK_tvOS.framework */;
			productType = "com.apple.product-type.framework";
		};
		A35C78C32452E6FF00D36144 /* MappIntelligencetvOS */ = {
			isa = PBXNativeTarget;
			buildConfigurationList = A35C78CA2452E6FF00D36144 /* Build configuration list for PBXNativeTarget "MappIntelligencetvOS" */;
			buildPhases = (
				A35C78C02452E6FF00D36144 /* Sources */,
				A35C78C12452E6FF00D36144 /* Frameworks */,
				A35C78C22452E6FF00D36144 /* CopyFiles */,
			);
			buildRules = (
			);
			dependencies = (
				A35C78CE2452E72600D36144 /* PBXTargetDependency */,
			);
			name = MappIntelligencetvOS;
			productName = MappIntelligencetvOS;
			productReference = A35C78C42452E6FF00D36144 /* libMappIntelligencetvOS.a */;
			productType = "com.apple.product-type.library.static";
		};
		A35C795A2457679000D36144 /* MappIntelligenceSDK-iOS */ = {
			isa = PBXNativeTarget;
			buildConfigurationList = A35C79602457679000D36144 /* Build configuration list for PBXNativeTarget "MappIntelligenceSDK-iOS" */;
			buildPhases = (
				A35C79562457679000D36144 /* Headers */,
				A35C79572457679000D36144 /* Sources */,
				A35C79582457679000D36144 /* Frameworks */,
				A35C79592457679000D36144 /* Resources */,
			);
			buildRules = (
			);
			dependencies = (
				A35C79642457679700D36144 /* PBXTargetDependency */,
			);
			name = "MappIntelligenceSDK-iOS";
			productName = "MappIntelligenceSDK-iOS";
			productReference = A35C795B2457679000D36144 /* MappIntelligenceSDK_iOS.framework */;
			productType = "com.apple.product-type.framework";
		};
/* End PBXNativeTarget section */

/* Begin PBXProject section */
		A334861023BF3E2300D0EB5F /* Project object */ = {
			isa = PBXProject;
			attributes = {
				LastSwiftUpdateCheck = 1130;
				LastUpgradeCheck = 1130;
				ORGANIZATIONNAME = "Mapp Digital US, LLC";
				TargetAttributes = {
					A32AEA24242A6F4600BC7B46 = {
						CreatedOnToolsVersion = 11.3.1;
					};
					A334861723BF3E2300D0EB5F = {
						CreatedOnToolsVersion = 11.3;
						LastSwiftMigration = 1130;
					};
					A334862723BF3F2800D0EB5F = {
						CreatedOnToolsVersion = 11.3;
					};
					A33B36E22460246F005EA9AE = {
						CreatedOnToolsVersion = 11.4.1;
					};
					A33B36F22460249F005EA9AE = {
						CreatedOnToolsVersion = 11.4.1;
					};
					A35C78C32452E6FF00D36144 = {
						CreatedOnToolsVersion = 11.3.1;
					};
					A35C795A2457679000D36144 = {
						CreatedOnToolsVersion = 11.3.1;
					};
				};
			};
			buildConfigurationList = A334861323BF3E2300D0EB5F /* Build configuration list for PBXProject "MappIntelligenceSDK" */;
			compatibilityVersion = "Xcode 9.3";
			developmentRegion = en;
			hasScannedForEncodings = 0;
			knownRegions = (
				en,
				Base,
			);
			mainGroup = A334860F23BF3E2300D0EB5F;
			productRefGroup = A334861923BF3E2300D0EB5F /* Products */;
			projectDirPath = "";
			projectRoot = "";
			targets = (
				A334861723BF3E2300D0EB5F /* MappIntelligenceSDK */,
				A334862723BF3F2800D0EB5F /* MappIntelligenceTests */,
				A32AEA24242A6F4600BC7B46 /* MappIntelligenceWatchOS */,
				A35C78C32452E6FF00D36144 /* MappIntelligencetvOS */,
				A35C795A2457679000D36144 /* MappIntelligenceSDK-iOS */,
				A33B36E22460246F005EA9AE /* MappIntelligenceSDK-watchOS */,
				A33B36F22460249F005EA9AE /* MappIntelligenceSDK-tvOS */,
			);
		};
/* End PBXProject section */

/* Begin PBXResourcesBuildPhase section */
		A334862623BF3F2800D0EB5F /* Resources */ = {
			isa = PBXResourcesBuildPhase;
			buildActionMask = 2147483647;
			files = (
			);
			runOnlyForDeploymentPostprocessing = 0;
		};
		A33B36E12460246F005EA9AE /* Resources */ = {
			isa = PBXResourcesBuildPhase;
			buildActionMask = 2147483647;
			files = (
			);
			runOnlyForDeploymentPostprocessing = 0;
		};
		A33B36F12460249F005EA9AE /* Resources */ = {
			isa = PBXResourcesBuildPhase;
			buildActionMask = 2147483647;
			files = (
			);
			runOnlyForDeploymentPostprocessing = 0;
		};
		A35C79592457679000D36144 /* Resources */ = {
			isa = PBXResourcesBuildPhase;
			buildActionMask = 2147483647;
			files = (
				A3423CEF24615A8900B36F5F /* MappIntelligence.h in Resources */,
				A3423CF024615A8900B36F5F /* MappIntelligence.m in Resources */,
			);
			runOnlyForDeploymentPostprocessing = 0;
		};
/* End PBXResourcesBuildPhase section */

/* Begin PBXSourcesBuildPhase section */
		A32AEA21242A6F4600BC7B46 /* Sources */ = {
			isa = PBXSourcesBuildPhase;
			buildActionMask = 2147483647;
			files = (
				A3D9837024B3311D00AF0CD8 /* RequestBatchSupportUrlBuilder.m in Sources */,
				A36C6E0B24323F22008A9CB6 /* TrackerRequest.m in Sources */,
				A36C6E0A24323F17008A9CB6 /* URLSizeMonitor.m in Sources */,
				A36C6E092432393A008A9CB6 /* UIFlowObserver.m in Sources */,
				A36C6E0824323931008A9CB6 /* Configuration.m in Sources */,
				A36C6E072432392A008A9CB6 /* Enviroment.m in Sources */,
				A36C6E0624323917008A9CB6 /* RequestUrlBuilder.m in Sources */,
				A3CC549A249151E3006215FD /* Request.m in Sources */,
				A36C6E052432390B008A9CB6 /* TrackingEvent.m in Sources */,
				A3CC5498249151DF006215FD /* Parameter.m in Sources */,
				A36C6E0424323903008A9CB6 /* RequestTrackerBuilder.m in Sources */,
				A36C6E03243238E3008A9CB6 /* Properties.m in Sources */,
				A36C6E022432388A008A9CB6 /* MappIntelligenceDefaultConfig.m in Sources */,
				A36C6E012432387F008A9CB6 /* MappIntelligenceLogger.m in Sources */,
				A3CC549C249151E8006215FD /* RequestData.m in Sources */,
				A36C6E0024323873008A9CB6 /* DefaultTracker.m in Sources */,
				A36C6DFF2432380A008A9CB6 /* MappIntelligence.m in Sources */,
				A3CC5496249151DB006215FD /* DatabaseManager.m in Sources */,
				A32AEA29242A6F4600BC7B46 /* MappIntelligenceWatchOS.m in Sources */,
			);
			runOnlyForDeploymentPostprocessing = 0;
		};
		A334861423BF3E2300D0EB5F /* Sources */ = {
			isa = PBXSourcesBuildPhase;
			buildActionMask = 2147483647;
			files = (
				A3CC548B249125DD006215FD /* Parameter.m in Sources */,
				BCBE5C0923F29E49002125C1 /* DefaultTracker.m in Sources */,
				A380D200241296FD009E2CD8 /* PageViewEvent.m in Sources */,
				A36CD7CE23F44594004E3E2D /* TrackerRequest.m in Sources */,
				BCEAE6B823BF5A8B007F410D /* MappIntelligenceLogger.m in Sources */,
				A380D2112413ED35009E2CD8 /* RequestUrlBuilder.m in Sources */,
				A380D2092412D8F2009E2CD8 /* RequestTrackerBuilder.m in Sources */,
				A334861D23BF3E2300D0EB5F /* MappIntelligence.m in Sources */,
				A3D9835324AE298200AF0CD8 /* RequestBatchSupportUrlBuilder.m in Sources */,
				A380D1FB2411478C009E2CD8 /* TrackingEvent.m in Sources */,
				A3EAFF622418E02F009D5108 /* UIFlowObserver.m in Sources */,
				A3CC549324912AA8006215FD /* RequestData.m in Sources */,
				A380D20D2413D317009E2CD8 /* Configuration.m in Sources */,
				A36CD7D223F447D0004E3E2D /* Properties.m in Sources */,
				A380D21524141B55009E2CD8 /* URLSizeMonitor.m in Sources */,
				A3CC5487248FC418006215FD /* DatabaseManager.m in Sources */,
				BCD5E2C523CF38F300CE2092 /* MappIntelligenceDefaultConfig.m in Sources */,
				BCD5E2C323CF309900CE2092 /* Config.h in Sources */,
				A337445D24C1A12A0096259B /* PageProperties.m in Sources */,
				A380D2052412B0AB009E2CD8 /* Enviroment.m in Sources */,
				A3CC548F249125F0006215FD /* Request.m in Sources */,
			);
			runOnlyForDeploymentPostprocessing = 0;
		};
		A334862423BF3F2800D0EB5F /* Sources */ = {
			isa = PBXSourcesBuildPhase;
			buildActionMask = 2147483647;
			files = (
				A32EE09F243B574E00EDC5B8 /* UIFlowObserverTests.m in Sources */,
				A3A7255D243E07A100671DB2 /* URLSizeMonitorTests.m in Sources */,
				A3A72557243DBF1000671DB2 /* PropertiesTests.m in Sources */,
				BCBE5C3A23F698EF002125C1 /* DefaultTrackerTests.m in Sources */,
				A3A7255B243DEA0500671DB2 /* RequestUrlBuilderTests.m in Sources */,
				A32EE0A2243CB97200EDC5B8 /* MappIntelligenceDefaultConfigTest.m in Sources */,
				A31D7A4F243CC0F200386A1C /* TrackerRequestTests.m in Sources */,
				A3A72559243DC22C00671DB2 /* RequestTrackerBuilderTests.m in Sources */,
				BCBE5BFB23EB1798002125C1 /* MappIntelligenceSDKLoggerTest.m in Sources */,
				A3A7255F243F154900671DB2 /* MappIntelligenceTests.m in Sources */,
			);
			runOnlyForDeploymentPostprocessing = 0;
		};
		A33B36DF2460246F005EA9AE /* Sources */ = {
			isa = PBXSourcesBuildPhase;
			buildActionMask = 2147483647;
			files = (
			);
			runOnlyForDeploymentPostprocessing = 0;
		};
		A33B36EF2460249F005EA9AE /* Sources */ = {
			isa = PBXSourcesBuildPhase;
			buildActionMask = 2147483647;
			files = (
			);
			runOnlyForDeploymentPostprocessing = 0;
		};
		A35C78C02452E6FF00D36144 /* Sources */ = {
			isa = PBXSourcesBuildPhase;
			buildActionMask = 2147483647;
			files = (
				A3D9837124B3312600AF0CD8 /* RequestBatchSupportUrlBuilder.m in Sources */,
				A35C790E2452FCD600D36144 /* TrackerRequest.m in Sources */,
				A35C790F2452FCD600D36144 /* Properties.m in Sources */,
				A35C79102452FCD600D36144 /* TrackingEvent.m in Sources */,
				A35C79112452FCD600D36144 /* URLSizeMonitor.m in Sources */,
				A35C790A2452FCB700D36144 /* Enviroment.m in Sources */,
				A35C790B2452FCB700D36144 /* Configuration.m in Sources */,
				A3CC549B249151E5006215FD /* Request.m in Sources */,
				A35C790C2452FCB700D36144 /* UIFlowObserver.m in Sources */,
				A3CC5499249151E0006215FD /* Parameter.m in Sources */,
				A35C790D2452FCB700D36144 /* RequestUrlBuilder.m in Sources */,
				A35C79092452FC9D00D36144 /* RequestTrackerBuilder.m in Sources */,
				A35C79072452FC1100D36144 /* MappIntelligenceDefaultConfig.m in Sources */,
				A35C79082452FC1100D36144 /* MappIntelligenceLogger.m in Sources */,
				A3CC549D249151E9006215FD /* RequestData.m in Sources */,
				A35C79062452FC0800D36144 /* DefaultTracker.m in Sources */,
				A35C79052452FBFC00D36144 /* MappIntelligence.m in Sources */,
				A3CC5497249151DC006215FD /* DatabaseManager.m in Sources */,
				A35C78C82452E6FF00D36144 /* MappIntelligencetvOS.m in Sources */,
			);
			runOnlyForDeploymentPostprocessing = 0;
		};
		A35C79572457679000D36144 /* Sources */ = {
			isa = PBXSourcesBuildPhase;
			buildActionMask = 2147483647;
			files = (
			);
			runOnlyForDeploymentPostprocessing = 0;
		};
/* End PBXSourcesBuildPhase section */

/* Begin PBXTargetDependency section */
		A334862F23BF3F2800D0EB5F /* PBXTargetDependency */ = {
			isa = PBXTargetDependency;
			target = A334861723BF3E2300D0EB5F /* MappIntelligenceSDK */;
			targetProxy = A334862E23BF3F2800D0EB5F /* PBXContainerItemProxy */;
		};
		A33B36ED24602482005EA9AE /* PBXTargetDependency */ = {
			isa = PBXTargetDependency;
			target = A32AEA24242A6F4600BC7B46 /* MappIntelligenceWatchOS */;
			targetProxy = A33B36EC24602482005EA9AE /* PBXContainerItemProxy */;
		};
		A33B36FD246024A6005EA9AE /* PBXTargetDependency */ = {
			isa = PBXTargetDependency;
			target = A35C78C32452E6FF00D36144 /* MappIntelligencetvOS */;
			targetProxy = A33B36FC246024A6005EA9AE /* PBXContainerItemProxy */;
		};
		A35C78CE2452E72600D36144 /* PBXTargetDependency */ = {
			isa = PBXTargetDependency;
			target = A334861723BF3E2300D0EB5F /* MappIntelligenceSDK */;
			targetProxy = A35C78CD2452E72600D36144 /* PBXContainerItemProxy */;
		};
		A35C79642457679700D36144 /* PBXTargetDependency */ = {
			isa = PBXTargetDependency;
			target = A334861723BF3E2300D0EB5F /* MappIntelligenceSDK */;
			targetProxy = A35C79632457679700D36144 /* PBXContainerItemProxy */;
		};
		A36C6DFE243233FE008A9CB6 /* PBXTargetDependency */ = {
			isa = PBXTargetDependency;
			target = A334861723BF3E2300D0EB5F /* MappIntelligenceSDK */;
			targetProxy = A36C6DFD243233FE008A9CB6 /* PBXContainerItemProxy */;
		};
/* End PBXTargetDependency section */

/* Begin XCBuildConfiguration section */
		A32AEA2C242A6F4600BC7B46 /* Debug */ = {
			isa = XCBuildConfiguration;
			buildSettings = {
				ALWAYS_SEARCH_USER_PATHS = NO;
				CODE_SIGN_STYLE = Automatic;
				DEVELOPMENT_TEAM = LERY366S7C;
				IPHONEOS_DEPLOYMENT_TARGET = 10.0;
				OTHER_LDFLAGS = "-ObjC";
				PRODUCT_NAME = "$(TARGET_NAME)";
				SDKROOT = watchos;
				SKIP_INSTALL = YES;
				TARGETED_DEVICE_FAMILY = 4;
				WATCHOS_DEPLOYMENT_TARGET = 4.0;
			};
			name = Debug;
		};
		A32AEA2D242A6F4600BC7B46 /* Release */ = {
			isa = XCBuildConfiguration;
			buildSettings = {
				ALWAYS_SEARCH_USER_PATHS = NO;
				CODE_SIGN_STYLE = Automatic;
				DEVELOPMENT_TEAM = LERY366S7C;
				IPHONEOS_DEPLOYMENT_TARGET = 10.0;
				OTHER_LDFLAGS = "-ObjC";
				PRODUCT_NAME = "$(TARGET_NAME)";
				SDKROOT = watchos;
				SKIP_INSTALL = YES;
				TARGETED_DEVICE_FAMILY = 4;
				WATCHOS_DEPLOYMENT_TARGET = 4.0;
			};
			name = Release;
		};
		A334861F23BF3E2300D0EB5F /* Debug */ = {
			isa = XCBuildConfiguration;
			buildSettings = {
				ALWAYS_SEARCH_USER_PATHS = YES;
				CLANG_ANALYZER_NONNULL = YES;
				CLANG_ANALYZER_NUMBER_OBJECT_CONVERSION = YES_AGGRESSIVE;
				CLANG_CXX_LANGUAGE_STANDARD = "gnu++14";
				CLANG_CXX_LIBRARY = "libc++";
				CLANG_ENABLE_MODULES = YES;
				CLANG_ENABLE_OBJC_ARC = YES;
				CLANG_ENABLE_OBJC_WEAK = YES;
				CLANG_WARN_BLOCK_CAPTURE_AUTORELEASING = YES;
				CLANG_WARN_BOOL_CONVERSION = YES;
				CLANG_WARN_COMMA = YES;
				CLANG_WARN_CONSTANT_CONVERSION = YES;
				CLANG_WARN_DEPRECATED_OBJC_IMPLEMENTATIONS = YES;
				CLANG_WARN_DIRECT_OBJC_ISA_USAGE = YES_ERROR;
				CLANG_WARN_DOCUMENTATION_COMMENTS = YES;
				CLANG_WARN_EMPTY_BODY = YES;
				CLANG_WARN_ENUM_CONVERSION = YES;
				CLANG_WARN_INFINITE_RECURSION = YES;
				CLANG_WARN_INT_CONVERSION = YES;
				CLANG_WARN_NON_LITERAL_NULL_CONVERSION = YES;
				CLANG_WARN_OBJC_IMPLICIT_RETAIN_SELF = YES;
				CLANG_WARN_OBJC_LITERAL_CONVERSION = YES;
				CLANG_WARN_OBJC_ROOT_CLASS = YES_ERROR;
				CLANG_WARN_RANGE_LOOP_ANALYSIS = YES;
				CLANG_WARN_STRICT_PROTOTYPES = YES;
				CLANG_WARN_SUSPICIOUS_MOVE = YES;
				CLANG_WARN_UNGUARDED_AVAILABILITY = YES_AGGRESSIVE;
				CLANG_WARN_UNREACHABLE_CODE = YES;
				CLANG_WARN__DUPLICATE_METHOD_MATCH = YES;
				COPY_PHASE_STRIP = NO;
				DEBUG_INFORMATION_FORMAT = dwarf;
				ENABLE_STRICT_OBJC_MSGSEND = YES;
				ENABLE_TESTABILITY = YES;
				FRAMEWORK_SEARCH_PATHS = "";
				GCC_C_LANGUAGE_STANDARD = gnu11;
				GCC_DYNAMIC_NO_PIC = NO;
				GCC_NO_COMMON_BLOCKS = YES;
				GCC_OPTIMIZATION_LEVEL = 0;
				GCC_PREPROCESSOR_DEFINITIONS = (
					"DEBUG=1",
					"$(inherited)",
				);
				GCC_WARN_64_TO_32_BIT_CONVERSION = YES;
				GCC_WARN_ABOUT_RETURN_TYPE = YES_ERROR;
				GCC_WARN_UNDECLARED_SELECTOR = YES;
				GCC_WARN_UNINITIALIZED_AUTOS = YES_AGGRESSIVE;
				GCC_WARN_UNUSED_FUNCTION = YES;
				GCC_WARN_UNUSED_VARIABLE = YES;
				HEADER_SEARCH_PATHS = "";
				IPHONEOS_DEPLOYMENT_TARGET = 13.2;
				MTL_ENABLE_DEBUG_INFO = INCLUDE_SOURCE;
				MTL_FAST_MATH = YES;
				ONLY_ACTIVE_ARCH = YES;
				SDKROOT = iphoneos;
			};
			name = Debug;
		};
		A334862023BF3E2300D0EB5F /* Release */ = {
			isa = XCBuildConfiguration;
			buildSettings = {
				ALWAYS_SEARCH_USER_PATHS = YES;
				CLANG_ANALYZER_NONNULL = YES;
				CLANG_ANALYZER_NUMBER_OBJECT_CONVERSION = YES_AGGRESSIVE;
				CLANG_CXX_LANGUAGE_STANDARD = "gnu++14";
				CLANG_CXX_LIBRARY = "libc++";
				CLANG_ENABLE_MODULES = YES;
				CLANG_ENABLE_OBJC_ARC = YES;
				CLANG_ENABLE_OBJC_WEAK = YES;
				CLANG_WARN_BLOCK_CAPTURE_AUTORELEASING = YES;
				CLANG_WARN_BOOL_CONVERSION = YES;
				CLANG_WARN_COMMA = YES;
				CLANG_WARN_CONSTANT_CONVERSION = YES;
				CLANG_WARN_DEPRECATED_OBJC_IMPLEMENTATIONS = YES;
				CLANG_WARN_DIRECT_OBJC_ISA_USAGE = YES_ERROR;
				CLANG_WARN_DOCUMENTATION_COMMENTS = YES;
				CLANG_WARN_EMPTY_BODY = YES;
				CLANG_WARN_ENUM_CONVERSION = YES;
				CLANG_WARN_INFINITE_RECURSION = YES;
				CLANG_WARN_INT_CONVERSION = YES;
				CLANG_WARN_NON_LITERAL_NULL_CONVERSION = YES;
				CLANG_WARN_OBJC_IMPLICIT_RETAIN_SELF = YES;
				CLANG_WARN_OBJC_LITERAL_CONVERSION = YES;
				CLANG_WARN_OBJC_ROOT_CLASS = YES_ERROR;
				CLANG_WARN_RANGE_LOOP_ANALYSIS = YES;
				CLANG_WARN_STRICT_PROTOTYPES = YES;
				CLANG_WARN_SUSPICIOUS_MOVE = YES;
				CLANG_WARN_UNGUARDED_AVAILABILITY = YES_AGGRESSIVE;
				CLANG_WARN_UNREACHABLE_CODE = YES;
				CLANG_WARN__DUPLICATE_METHOD_MATCH = YES;
				COPY_PHASE_STRIP = NO;
				DEBUG_INFORMATION_FORMAT = "dwarf-with-dsym";
				ENABLE_NS_ASSERTIONS = NO;
				ENABLE_STRICT_OBJC_MSGSEND = YES;
				FRAMEWORK_SEARCH_PATHS = "";
				GCC_C_LANGUAGE_STANDARD = gnu11;
				GCC_NO_COMMON_BLOCKS = YES;
				GCC_WARN_64_TO_32_BIT_CONVERSION = YES;
				GCC_WARN_ABOUT_RETURN_TYPE = YES_ERROR;
				GCC_WARN_UNDECLARED_SELECTOR = YES;
				GCC_WARN_UNINITIALIZED_AUTOS = YES_AGGRESSIVE;
				GCC_WARN_UNUSED_FUNCTION = YES;
				GCC_WARN_UNUSED_VARIABLE = YES;
				HEADER_SEARCH_PATHS = "";
				IPHONEOS_DEPLOYMENT_TARGET = 13.2;
				MTL_ENABLE_DEBUG_INFO = NO;
				MTL_FAST_MATH = YES;
				SDKROOT = iphoneos;
				VALIDATE_PRODUCT = YES;
			};
			name = Release;
		};
		A334862223BF3E2300D0EB5F /* Debug */ = {
			isa = XCBuildConfiguration;
			buildSettings = {
				CLANG_ENABLE_MODULES = YES;
				CODE_SIGN_STYLE = Automatic;
				DEVELOPMENT_TEAM = LERY366S7C;
				GCC_INCREASE_PRECOMPILED_HEADER_SHARING = YES;
				GCC_PRECOMPILE_PREFIX_HEADER = NO;
				HEADER_SEARCH_PATHS = "($SRCROOT)/**";
				INFOPLIST_FILE = "";
				IPHONEOS_DEPLOYMENT_TARGET = 10.0;
				LD_RUNPATH_SEARCH_PATHS = (
					"$(inherited)",
					"@executable_path/Frameworks",
					"@loader_path/Frameworks",
				);
				OTHER_LDFLAGS = "-ObjC";
				PRODUCT_NAME = "$(TARGET_NAME)";
				SKIP_INSTALL = YES;
				SWIFT_OBJC_BRIDGING_HEADER = "Webtrekk-Bridging-Header.h";
				SWIFT_OPTIMIZATION_LEVEL = "-Onone";
				SWIFT_VERSION = 5.0;
				TARGETED_DEVICE_FAMILY = "1,2";
				WATCHOS_DEPLOYMENT_TARGET = 2.0;
			};
			name = Debug;
		};
		A334862323BF3E2300D0EB5F /* Release */ = {
			isa = XCBuildConfiguration;
			buildSettings = {
				CLANG_ENABLE_MODULES = YES;
				CODE_SIGN_STYLE = Automatic;
				DEVELOPMENT_TEAM = LERY366S7C;
				GCC_INCREASE_PRECOMPILED_HEADER_SHARING = YES;
				GCC_PRECOMPILE_PREFIX_HEADER = NO;
				HEADER_SEARCH_PATHS = "($SRCROOT)/**";
				INFOPLIST_FILE = "";
				IPHONEOS_DEPLOYMENT_TARGET = 10.0;
				LD_RUNPATH_SEARCH_PATHS = (
					"$(inherited)",
					"@executable_path/Frameworks",
					"@loader_path/Frameworks",
				);
				OTHER_LDFLAGS = "-ObjC";
				PRODUCT_NAME = "$(TARGET_NAME)";
				SKIP_INSTALL = YES;
				SWIFT_OBJC_BRIDGING_HEADER = "Webtrekk-Bridging-Header.h";
				SWIFT_VERSION = 5.0;
				TARGETED_DEVICE_FAMILY = "1,2";
				WATCHOS_DEPLOYMENT_TARGET = 2.0;
			};
			name = Release;
		};
		A334863123BF3F2800D0EB5F /* Debug */ = {
			isa = XCBuildConfiguration;
			buildSettings = {
				CODE_SIGN_STYLE = Automatic;
				DEVELOPMENT_TEAM = LERY366S7C;
				IPHONEOS_DEPLOYMENT_TARGET = 12.0;
				LD_RUNPATH_SEARCH_PATHS = (
					"$(inherited)",
					"@executable_path/Frameworks",
					"@loader_path/Frameworks",
				);
				PRODUCT_BUNDLE_IDENTIFIER = com.mapp.WebtrekkTests;
				PRODUCT_NAME = "$(TARGET_NAME)";
				TARGETED_DEVICE_FAMILY = "1,2";
			};
			name = Debug;
		};
		A334863223BF3F2800D0EB5F /* Release */ = {
			isa = XCBuildConfiguration;
			buildSettings = {
				CODE_SIGN_STYLE = Automatic;
				DEVELOPMENT_TEAM = LERY366S7C;
				IPHONEOS_DEPLOYMENT_TARGET = 12.0;
				LD_RUNPATH_SEARCH_PATHS = (
					"$(inherited)",
					"@executable_path/Frameworks",
					"@loader_path/Frameworks",
				);
				PRODUCT_BUNDLE_IDENTIFIER = com.mapp.WebtrekkTests;
				PRODUCT_NAME = "$(TARGET_NAME)";
				TARGETED_DEVICE_FAMILY = "1,2";
			};
			name = Release;
		};
		A33B36E82460246F005EA9AE /* Debug */ = {
			isa = XCBuildConfiguration;
			buildSettings = {
				ALWAYS_SEARCH_USER_PATHS = NO;
				APPLICATION_EXTENSION_API_ONLY = YES;
				CODE_SIGN_STYLE = Automatic;
				CURRENT_PROJECT_VERSION = 1;
				DEFINES_MODULE = YES;
				DEVELOPMENT_TEAM = LERY366S7C;
				DYLIB_COMPATIBILITY_VERSION = 1;
				DYLIB_CURRENT_VERSION = 1;
				DYLIB_INSTALL_NAME_BASE = "@rpath";
				INFOPLIST_FILE = "MappIntelligenceSDK-watchOS/Info.plist";
				INSTALL_PATH = "$(LOCAL_LIBRARY_DIR)/Frameworks";
				LD_RUNPATH_SEARCH_PATHS = (
					"$(inherited)",
					"@executable_path/Frameworks",
					"@loader_path/Frameworks",
				);
				MACH_O_TYPE = staticlib;
				OTHER_LDFLAGS = "-ObjC";
				PRODUCT_BUNDLE_IDENTIFIER = "com.mapp.MappIntelligenceSDK-watchOS";
				PRODUCT_NAME = "$(TARGET_NAME:c99extidentifier)";
				SDKROOT = watchos;
				SKIP_INSTALL = YES;
				SWIFT_ACTIVE_COMPILATION_CONDITIONS = DEBUG;
				SWIFT_OPTIMIZATION_LEVEL = "-Onone";
				SWIFT_VERSION = 5.0;
				TARGETED_DEVICE_FAMILY = 4;
				VERSIONING_SYSTEM = "apple-generic";
				VERSION_INFO_PREFIX = "";
				WATCHOS_DEPLOYMENT_TARGET = 4.0;
			};
			name = Debug;
		};
		A33B36E92460246F005EA9AE /* Release */ = {
			isa = XCBuildConfiguration;
			buildSettings = {
				ALWAYS_SEARCH_USER_PATHS = NO;
				APPLICATION_EXTENSION_API_ONLY = YES;
				CODE_SIGN_STYLE = Automatic;
				CURRENT_PROJECT_VERSION = 1;
				DEFINES_MODULE = YES;
				DEVELOPMENT_TEAM = LERY366S7C;
				DYLIB_COMPATIBILITY_VERSION = 1;
				DYLIB_CURRENT_VERSION = 1;
				DYLIB_INSTALL_NAME_BASE = "@rpath";
				INFOPLIST_FILE = "MappIntelligenceSDK-watchOS/Info.plist";
				INSTALL_PATH = "$(LOCAL_LIBRARY_DIR)/Frameworks";
				LD_RUNPATH_SEARCH_PATHS = (
					"$(inherited)",
					"@executable_path/Frameworks",
					"@loader_path/Frameworks",
				);
				MACH_O_TYPE = staticlib;
				OTHER_LDFLAGS = "-ObjC";
				PRODUCT_BUNDLE_IDENTIFIER = "com.mapp.MappIntelligenceSDK-watchOS";
				PRODUCT_NAME = "$(TARGET_NAME:c99extidentifier)";
				SDKROOT = watchos;
				SKIP_INSTALL = YES;
				SWIFT_COMPILATION_MODE = wholemodule;
				SWIFT_OPTIMIZATION_LEVEL = "-O";
				SWIFT_VERSION = 5.0;
				TARGETED_DEVICE_FAMILY = 4;
				VERSIONING_SYSTEM = "apple-generic";
				VERSION_INFO_PREFIX = "";
				WATCHOS_DEPLOYMENT_TARGET = 4.0;
			};
			name = Release;
		};
		A33B36F92460249F005EA9AE /* Debug */ = {
			isa = XCBuildConfiguration;
			buildSettings = {
				ALWAYS_SEARCH_USER_PATHS = NO;
				CODE_SIGN_STYLE = Automatic;
				CURRENT_PROJECT_VERSION = 1;
				DEFINES_MODULE = YES;
				DEVELOPMENT_TEAM = LERY366S7C;
				DYLIB_COMPATIBILITY_VERSION = 1;
				DYLIB_CURRENT_VERSION = 1;
				DYLIB_INSTALL_NAME_BASE = "@rpath";
				INFOPLIST_FILE = "MappIntelligenceSDK-tvOS/Info.plist";
				INSTALL_PATH = "$(LOCAL_LIBRARY_DIR)/Frameworks";
				LD_RUNPATH_SEARCH_PATHS = (
					"$(inherited)",
					"@executable_path/Frameworks",
					"@loader_path/Frameworks",
				);
				MACH_O_TYPE = staticlib;
				OTHER_LDFLAGS = "-ObjC";
				PRODUCT_BUNDLE_IDENTIFIER = "com.mapp.MappIntelligenceSDK-tvOS";
				PRODUCT_NAME = "$(TARGET_NAME:c99extidentifier)";
				SDKROOT = appletvos;
				SKIP_INSTALL = YES;
				SWIFT_ACTIVE_COMPILATION_CONDITIONS = DEBUG;
				SWIFT_OPTIMIZATION_LEVEL = "-Onone";
				SWIFT_VERSION = 5.0;
				TARGETED_DEVICE_FAMILY = 3;
				TVOS_DEPLOYMENT_TARGET = 9.0;
				VERSIONING_SYSTEM = "apple-generic";
				VERSION_INFO_PREFIX = "";
			};
			name = Debug;
		};
		A33B36FA2460249F005EA9AE /* Release */ = {
			isa = XCBuildConfiguration;
			buildSettings = {
				ALWAYS_SEARCH_USER_PATHS = NO;
				CODE_SIGN_STYLE = Automatic;
				CURRENT_PROJECT_VERSION = 1;
				DEFINES_MODULE = YES;
				DEVELOPMENT_TEAM = LERY366S7C;
				DYLIB_COMPATIBILITY_VERSION = 1;
				DYLIB_CURRENT_VERSION = 1;
				DYLIB_INSTALL_NAME_BASE = "@rpath";
				INFOPLIST_FILE = "MappIntelligenceSDK-tvOS/Info.plist";
				INSTALL_PATH = "$(LOCAL_LIBRARY_DIR)/Frameworks";
				LD_RUNPATH_SEARCH_PATHS = (
					"$(inherited)",
					"@executable_path/Frameworks",
					"@loader_path/Frameworks",
				);
				MACH_O_TYPE = staticlib;
				OTHER_LDFLAGS = "-ObjC";
				PRODUCT_BUNDLE_IDENTIFIER = "com.mapp.MappIntelligenceSDK-tvOS";
				PRODUCT_NAME = "$(TARGET_NAME:c99extidentifier)";
				SDKROOT = appletvos;
				SKIP_INSTALL = YES;
				SWIFT_COMPILATION_MODE = wholemodule;
				SWIFT_OPTIMIZATION_LEVEL = "-O";
				SWIFT_VERSION = 5.0;
				TARGETED_DEVICE_FAMILY = 3;
				TVOS_DEPLOYMENT_TARGET = 9.0;
				VERSIONING_SYSTEM = "apple-generic";
				VERSION_INFO_PREFIX = "";
			};
			name = Release;
		};
		A35C78CB2452E6FF00D36144 /* Debug */ = {
			isa = XCBuildConfiguration;
			buildSettings = {
				ALWAYS_SEARCH_USER_PATHS = NO;
				CODE_SIGN_STYLE = Automatic;
				DEVELOPMENT_TEAM = LERY366S7C;
				OTHER_LDFLAGS = "-ObjC";
				PRODUCT_NAME = "$(TARGET_NAME)";
				SDKROOT = appletvos;
				SKIP_INSTALL = YES;
				TARGETED_DEVICE_FAMILY = 3;
				TVOS_DEPLOYMENT_TARGET = 9.0;
			};
			name = Debug;
		};
		A35C78CC2452E6FF00D36144 /* Release */ = {
			isa = XCBuildConfiguration;
			buildSettings = {
				ALWAYS_SEARCH_USER_PATHS = NO;
				CODE_SIGN_STYLE = Automatic;
				DEVELOPMENT_TEAM = LERY366S7C;
				OTHER_LDFLAGS = "-ObjC";
				PRODUCT_NAME = "$(TARGET_NAME)";
				SDKROOT = appletvos;
				SKIP_INSTALL = YES;
				TARGETED_DEVICE_FAMILY = 3;
				TVOS_DEPLOYMENT_TARGET = 9.0;
			};
			name = Release;
		};
		A35C79612457679000D36144 /* Debug */ = {
			isa = XCBuildConfiguration;
			buildSettings = {
				ALWAYS_SEARCH_USER_PATHS = NO;
				"CODE_SIGN_IDENTITY[sdk=macosx*]" = "-";
				CODE_SIGN_STYLE = Automatic;
				CURRENT_PROJECT_VERSION = 1;
				DEFINES_MODULE = YES;
				DEVELOPMENT_TEAM = LERY366S7C;
				DYLIB_COMPATIBILITY_VERSION = 1;
				DYLIB_CURRENT_VERSION = 1;
				DYLIB_INSTALL_NAME_BASE = "@rpath";
				FRAMEWORK_SEARCH_PATHS = "";
				INFOPLIST_FILE = "MappIntelligenceSDK-iOS/Info.plist";
				INSTALL_PATH = "$(LOCAL_LIBRARY_DIR)/Frameworks";
				IPHONEOS_DEPLOYMENT_TARGET = 10.0;
				LD_RUNPATH_SEARCH_PATHS = (
					"$(inherited)",
					"@executable_path/Frameworks",
					"@loader_path/Frameworks",
				);
				MACH_O_TYPE = mh_dylib;
				OTHER_LDFLAGS = "-ObjC";
				PRODUCT_BUNDLE_IDENTIFIER = "com.mapp.MappIntelligenceSDK-iOS";
				PRODUCT_NAME = "$(TARGET_NAME:c99extidentifier)";
				SKIP_INSTALL = YES;
				SWIFT_ACTIVE_COMPILATION_CONDITIONS = DEBUG;
				SWIFT_OPTIMIZATION_LEVEL = "-Onone";
				SWIFT_VERSION = 5.0;
				TARGETED_DEVICE_FAMILY = "1,2";
				VERSIONING_SYSTEM = "apple-generic";
				VERSION_INFO_PREFIX = "";
			};
			name = Debug;
		};
		A35C79622457679000D36144 /* Release */ = {
			isa = XCBuildConfiguration;
			buildSettings = {
				ALWAYS_SEARCH_USER_PATHS = NO;
				"CODE_SIGN_IDENTITY[sdk=macosx*]" = "-";
				CODE_SIGN_STYLE = Automatic;
				CURRENT_PROJECT_VERSION = 1;
				DEFINES_MODULE = YES;
				DEVELOPMENT_TEAM = LERY366S7C;
				DYLIB_COMPATIBILITY_VERSION = 1;
				DYLIB_CURRENT_VERSION = 1;
				DYLIB_INSTALL_NAME_BASE = "@rpath";
				FRAMEWORK_SEARCH_PATHS = "";
				INFOPLIST_FILE = "MappIntelligenceSDK-iOS/Info.plist";
				INSTALL_PATH = "$(LOCAL_LIBRARY_DIR)/Frameworks";
				IPHONEOS_DEPLOYMENT_TARGET = 10.0;
				LD_RUNPATH_SEARCH_PATHS = (
					"$(inherited)",
					"@executable_path/Frameworks",
					"@loader_path/Frameworks",
				);
				MACH_O_TYPE = mh_dylib;
				OTHER_LDFLAGS = "-ObjC";
				PRODUCT_BUNDLE_IDENTIFIER = "com.mapp.MappIntelligenceSDK-iOS";
				PRODUCT_NAME = "$(TARGET_NAME:c99extidentifier)";
				SKIP_INSTALL = YES;
				SWIFT_COMPILATION_MODE = wholemodule;
				SWIFT_OPTIMIZATION_LEVEL = "-O";
				SWIFT_VERSION = 5.0;
				TARGETED_DEVICE_FAMILY = "1,2";
				VERSIONING_SYSTEM = "apple-generic";
				VERSION_INFO_PREFIX = "";
			};
			name = Release;
		};
/* End XCBuildConfiguration section */

/* Begin XCConfigurationList section */
		A32AEA2B242A6F4600BC7B46 /* Build configuration list for PBXNativeTarget "MappIntelligenceWatchOS" */ = {
			isa = XCConfigurationList;
			buildConfigurations = (
				A32AEA2C242A6F4600BC7B46 /* Debug */,
				A32AEA2D242A6F4600BC7B46 /* Release */,
			);
			defaultConfigurationIsVisible = 0;
			defaultConfigurationName = Release;
		};
		A334861323BF3E2300D0EB5F /* Build configuration list for PBXProject "MappIntelligenceSDK" */ = {
			isa = XCConfigurationList;
			buildConfigurations = (
				A334861F23BF3E2300D0EB5F /* Debug */,
				A334862023BF3E2300D0EB5F /* Release */,
			);
			defaultConfigurationIsVisible = 0;
			defaultConfigurationName = Release;
		};
		A334862123BF3E2300D0EB5F /* Build configuration list for PBXNativeTarget "MappIntelligenceSDK" */ = {
			isa = XCConfigurationList;
			buildConfigurations = (
				A334862223BF3E2300D0EB5F /* Debug */,
				A334862323BF3E2300D0EB5F /* Release */,
			);
			defaultConfigurationIsVisible = 0;
			defaultConfigurationName = Release;
		};
		A334863023BF3F2800D0EB5F /* Build configuration list for PBXNativeTarget "MappIntelligenceTests" */ = {
			isa = XCConfigurationList;
			buildConfigurations = (
				A334863123BF3F2800D0EB5F /* Debug */,
				A334863223BF3F2800D0EB5F /* Release */,
			);
			defaultConfigurationIsVisible = 0;
			defaultConfigurationName = Release;
		};
		A33B36EA2460246F005EA9AE /* Build configuration list for PBXNativeTarget "MappIntelligenceSDK-watchOS" */ = {
			isa = XCConfigurationList;
			buildConfigurations = (
				A33B36E82460246F005EA9AE /* Debug */,
				A33B36E92460246F005EA9AE /* Release */,
			);
			defaultConfigurationIsVisible = 0;
			defaultConfigurationName = Release;
		};
		A33B36F82460249F005EA9AE /* Build configuration list for PBXNativeTarget "MappIntelligenceSDK-tvOS" */ = {
			isa = XCConfigurationList;
			buildConfigurations = (
				A33B36F92460249F005EA9AE /* Debug */,
				A33B36FA2460249F005EA9AE /* Release */,
			);
			defaultConfigurationIsVisible = 0;
			defaultConfigurationName = Release;
		};
		A35C78CA2452E6FF00D36144 /* Build configuration list for PBXNativeTarget "MappIntelligencetvOS" */ = {
			isa = XCConfigurationList;
			buildConfigurations = (
				A35C78CB2452E6FF00D36144 /* Debug */,
				A35C78CC2452E6FF00D36144 /* Release */,
			);
			defaultConfigurationIsVisible = 0;
			defaultConfigurationName = Release;
		};
		A35C79602457679000D36144 /* Build configuration list for PBXNativeTarget "MappIntelligenceSDK-iOS" */ = {
			isa = XCConfigurationList;
			buildConfigurations = (
				A35C79612457679000D36144 /* Debug */,
				A35C79622457679000D36144 /* Release */,
			);
			defaultConfigurationIsVisible = 0;
			defaultConfigurationName = Release;
		};
/* End XCConfigurationList section */
	};
	rootObject = A334861023BF3E2300D0EB5F /* Project object */;
}
