// !$*UTF8*$!
{
	archiveVersion = 1;
	classes = {
	};
	objectVersion = 54;
	objects = {

/* Begin PBXBuildFile section */
		040247EA2AE6F6B400C06341 /* SetupForLocalTesting.plist in Resources */ = {isa = PBXBuildFile; fileRef = 040247E82AE6F6B400C06341 /* SetupForLocalTesting.plist */; };
		040247EB2AE6F6B400C06341 /* AppoxeeConfig.plist in Resources */ = {isa = PBXBuildFile; fileRef = 040247E92AE6F6B400C06341 /* AppoxeeConfig.plist */; };
		8F20A10E25C2CF460006CB93 /* libMappIntelligenceiOS.a in Frameworks */ = {isa = PBXBuildFile; fileRef = 8F20A10D25C2CF460006CB93 /* libMappIntelligenceiOS.a */; };
		8F2D1D4F257789FA008CB31D /* ActionViewController.swift in Sources */ = {isa = PBXBuildFile; fileRef = 8F2D1D4E257789FA008CB31D /* ActionViewController.swift */; };
		8F2D1D5525778A07008CB31D /* PageViewController.swift in Sources */ = {isa = PBXBuildFile; fileRef = 8F2D1D5425778A07008CB31D /* PageViewController.swift */; };
		8F2D1D6525778B82008CB31D /* ConfigViewController.swift in Sources */ = {isa = PBXBuildFile; fileRef = 8F2D1D6425778B82008CB31D /* ConfigViewController.swift */; };
		8F2D1D6F25778F5F008CB31D /* CampaignViewController.swift in Sources */ = {isa = PBXBuildFile; fileRef = 8F2D1D6E25778F5F008CB31D /* CampaignViewController.swift */; };
		8F3F6813257EE3D5005F8AFC /* WebKit.framework in Frameworks */ = {isa = PBXBuildFile; fileRef = 8F3F6812257EE3D5005F8AFC /* WebKit.framework */; };
		8F94E6BE25BF199C00027623 /* wt.mp4 in Resources */ = {isa = PBXBuildFile; fileRef = 8F94E6BD25BF199C00027623 /* wt.mp4 */; };
		8FA78F0525BF188A00CC166A /* MediaPlayerViewController.swift in Sources */ = {isa = PBXBuildFile; fileRef = 8FA78F0325BF188A00CC166A /* MediaPlayerViewController.swift */; };
		8FA78F0625BF188A00CC166A /* MediaViewController.swift in Sources */ = {isa = PBXBuildFile; fileRef = 8FA78F0425BF188A00CC166A /* MediaViewController.swift */; };
		8FA78F0C25BF18BE00CC166A /* WebViewViewController.swift in Sources */ = {isa = PBXBuildFile; fileRef = 8FA78F0B25BF18BE00CC166A /* WebViewViewController.swift */; };
		A345975E27A164C10038FE3F /* FormViewController.swift in Sources */ = {isa = PBXBuildFile; fileRef = A345975D27A164C10038FE3F /* FormViewController.swift */; };
		A3588A9527C66BA40053961B /* RuntimeConfigurationViewController.swift in Sources */ = {isa = PBXBuildFile; fileRef = A3588A9427C66BA40053961B /* RuntimeConfigurationViewController.swift */; };
		A36E59CC259493A100BF8873 /* EcommerceViewController.swift in Sources */ = {isa = PBXBuildFile; fileRef = A36E59CB259493A100BF8873 /* EcommerceViewController.swift */; };
		A3ADC97E26D94057007504FF /* ExceptionsViewController.swift in Sources */ = {isa = PBXBuildFile; fileRef = A3ADC97D26D94057007504FF /* ExceptionsViewController.swift */; };
		A3C8598529A80FC10097CF32 /* AppoxeeSDK.xcframework in Frameworks */ = {isa = PBXBuildFile; fileRef = A3C8598429A80FC10097CF32 /* AppoxeeSDK.xcframework */; };
		A3DE04F329475223008657B9 /* AppoxeeSDKResources.bundle in Resources */ = {isa = PBXBuildFile; fileRef = A3DE04F229475223008657B9 /* AppoxeeSDKResources.bundle */; };
		BCA1739223D5D25C00B31430 /* AppDelegate.swift in Sources */ = {isa = PBXBuildFile; fileRef = BCA1739123D5D25C00B31430 /* AppDelegate.swift */; };
		BCA1739423D5D25C00B31430 /* SceneDelegate.swift in Sources */ = {isa = PBXBuildFile; fileRef = BCA1739323D5D25C00B31430 /* SceneDelegate.swift */; };
		BCA1739923D5D25C00B31430 /* Main.storyboard in Resources */ = {isa = PBXBuildFile; fileRef = BCA1739723D5D25C00B31430 /* Main.storyboard */; };
		BCA1739B23D5D25E00B31430 /* Assets.xcassets in Resources */ = {isa = PBXBuildFile; fileRef = BCA1739A23D5D25E00B31430 /* Assets.xcassets */; };
		BCA1739E23D5D25E00B31430 /* LaunchScreen.storyboard in Resources */ = {isa = PBXBuildFile; fileRef = BCA1739C23D5D25E00B31430 /* LaunchScreen.storyboard */; };
/* End PBXBuildFile section */

/* Begin PBXCopyFilesBuildPhase section */
		A32AEA62242B606000BC7B46 /* Embed Watch Content */ = {
			isa = PBXCopyFilesBuildPhase;
			buildActionMask = 2147483647;
			dstPath = "$(CONTENTS_FOLDER_PATH)/Watch";
			dstSubfolderSpec = 16;
			files = (
			);
			name = "Embed Watch Content";
			runOnlyForDeploymentPostprocessing = 0;
		};
/* End PBXCopyFilesBuildPhase section */

/* Begin PBXFileReference section */
		040247E82AE6F6B400C06341 /* SetupForLocalTesting.plist */ = {isa = PBXFileReference; fileEncoding = 4; lastKnownFileType = text.plist.xml; path = SetupForLocalTesting.plist; sourceTree = "<group>"; };
		040247E92AE6F6B400C06341 /* AppoxeeConfig.plist */ = {isa = PBXFileReference; fileEncoding = 4; lastKnownFileType = text.plist.xml; path = AppoxeeConfig.plist; sourceTree = "<group>"; };
		8F20A10D25C2CF460006CB93 /* libMappIntelligenceiOS.a */ = {isa = PBXFileReference; explicitFileType = archive.ar; path = libMappIntelligenceiOS.a; sourceTree = BUILT_PRODUCTS_DIR; };
		8F2D1D4E257789FA008CB31D /* ActionViewController.swift */ = {isa = PBXFileReference; lastKnownFileType = sourcecode.swift; path = ActionViewController.swift; sourceTree = "<group>"; };
		8F2D1D5425778A07008CB31D /* PageViewController.swift */ = {isa = PBXFileReference; lastKnownFileType = sourcecode.swift; path = PageViewController.swift; sourceTree = "<group>"; };
		8F2D1D6425778B82008CB31D /* ConfigViewController.swift */ = {isa = PBXFileReference; lastKnownFileType = sourcecode.swift; path = ConfigViewController.swift; sourceTree = "<group>"; };
		8F2D1D6E25778F5F008CB31D /* CampaignViewController.swift */ = {isa = PBXFileReference; fileEncoding = 4; lastKnownFileType = sourcecode.swift; path = CampaignViewController.swift; sourceTree = "<group>"; };
		8F3F6812257EE3D5005F8AFC /* WebKit.framework */ = {isa = PBXFileReference; lastKnownFileType = wrapper.framework; name = WebKit.framework; path = System/Library/Frameworks/WebKit.framework; sourceTree = SDKROOT; };
		8F94E6BD25BF199C00027623 /* wt.mp4 */ = {isa = PBXFileReference; lastKnownFileType = file; path = wt.mp4; sourceTree = "<group>"; };
		8FA78F0325BF188A00CC166A /* MediaPlayerViewController.swift */ = {isa = PBXFileReference; fileEncoding = 4; lastKnownFileType = sourcecode.swift; path = MediaPlayerViewController.swift; sourceTree = "<group>"; };
		8FA78F0425BF188A00CC166A /* MediaViewController.swift */ = {isa = PBXFileReference; fileEncoding = 4; lastKnownFileType = sourcecode.swift; path = MediaViewController.swift; sourceTree = "<group>"; };
		8FA78F0B25BF18BE00CC166A /* WebViewViewController.swift */ = {isa = PBXFileReference; fileEncoding = 4; lastKnownFileType = sourcecode.swift; path = WebViewViewController.swift; sourceTree = "<group>"; };
		8FE0AF26255D6FB20037AE4A /* MappIntelligenceDemoApp.entitlements */ = {isa = PBXFileReference; lastKnownFileType = text.plist.entitlements; path = MappIntelligenceDemoApp.entitlements; sourceTree = "<group>"; };
		A3258BF5250A4E0B00039B92 /* UIKit.framework */ = {isa = PBXFileReference; lastKnownFileType = wrapper.framework; name = UIKit.framework; path = System/Library/Frameworks/UIKit.framework; sourceTree = SDKROOT; };
		A32AEA68242B716100BC7B46 /* libMappIntelligenceWatchOS.a */ = {isa = PBXFileReference; explicitFileType = archive.ar; path = libMappIntelligenceWatchOS.a; sourceTree = BUILT_PRODUCTS_DIR; };
		A345975D27A164C10038FE3F /* FormViewController.swift */ = {isa = PBXFileReference; lastKnownFileType = sourcecode.swift; path = FormViewController.swift; sourceTree = "<group>"; };
		A3588A9427C66BA40053961B /* RuntimeConfigurationViewController.swift */ = {isa = PBXFileReference; lastKnownFileType = sourcecode.swift; path = RuntimeConfigurationViewController.swift; sourceTree = "<group>"; };
		A35C78FF2452F83700D36144 /* libMappIntelligencetvOS.a */ = {isa = PBXFileReference; explicitFileType = archive.ar; path = libMappIntelligencetvOS.a; sourceTree = BUILT_PRODUCTS_DIR; };
		A36E59CB259493A100BF8873 /* EcommerceViewController.swift */ = {isa = PBXFileReference; lastKnownFileType = sourcecode.swift; path = EcommerceViewController.swift; sourceTree = "<group>"; };
		A38A6AEF242CCFA100600D82 /* libMappIntelligenceSDK.a */ = {isa = PBXFileReference; explicitFileType = archive.ar; path = libMappIntelligenceSDK.a; sourceTree = BUILT_PRODUCTS_DIR; };
		A38A6AF1242CD0C600600D82 /* libMappIntelligenceSDK.a */ = {isa = PBXFileReference; explicitFileType = archive.ar; path = libMappIntelligenceSDK.a; sourceTree = BUILT_PRODUCTS_DIR; };
		A38A6AF3242CD74F00600D82 /* libMappIntelligenceWatchOS.a */ = {isa = PBXFileReference; explicitFileType = archive.ar; path = libMappIntelligenceWatchOS.a; sourceTree = BUILT_PRODUCTS_DIR; };
		A3ADC97D26D94057007504FF /* ExceptionsViewController.swift */ = {isa = PBXFileReference; lastKnownFileType = sourcecode.swift; path = ExceptionsViewController.swift; sourceTree = "<group>"; };
		A3C8598429A80FC10097CF32 /* AppoxeeSDK.xcframework */ = {isa = PBXFileReference; lastKnownFileType = wrapper.xcframework; path = AppoxeeSDK.xcframework; sourceTree = SOURCE_ROOT; };
		A3CA0A4628A3E4C400ACC335 /* AppoxeeSDK.xcframework */ = {isa = PBXFileReference; lastKnownFileType = wrapper.xcframework; name = AppoxeeSDK.xcframework; path = ../MappIntelligence/UserMatching/AppoxeeSDK.xcframework; sourceTree = "<group>"; };
		A3DE04F229475223008657B9 /* AppoxeeSDKResources.bundle */ = {isa = PBXFileReference; lastKnownFileType = "wrapper.plug-in"; path = AppoxeeSDKResources.bundle; sourceTree = SOURCE_ROOT; };
		BCA1738E23D5D25C00B31430 /* MappIntelligenceDemoApp.app */ = {isa = PBXFileReference; explicitFileType = wrapper.application; includeInIndex = 0; path = MappIntelligenceDemoApp.app; sourceTree = BUILT_PRODUCTS_DIR; };
		BCA1739123D5D25C00B31430 /* AppDelegate.swift */ = {isa = PBXFileReference; lastKnownFileType = sourcecode.swift; path = AppDelegate.swift; sourceTree = "<group>"; };
		BCA1739323D5D25C00B31430 /* SceneDelegate.swift */ = {isa = PBXFileReference; lastKnownFileType = sourcecode.swift; path = SceneDelegate.swift; sourceTree = "<group>"; };
		BCA1739823D5D25C00B31430 /* Base */ = {isa = PBXFileReference; lastKnownFileType = file.storyboard; name = Base; path = Base.lproj/Main.storyboard; sourceTree = "<group>"; };
		BCA1739A23D5D25E00B31430 /* Assets.xcassets */ = {isa = PBXFileReference; lastKnownFileType = folder.assetcatalog; path = Assets.xcassets; sourceTree = "<group>"; };
		BCA1739D23D5D25E00B31430 /* Base */ = {isa = PBXFileReference; lastKnownFileType = file.storyboard; name = Base; path = Base.lproj/LaunchScreen.storyboard; sourceTree = "<group>"; };
		BCA1739F23D5D25E00B31430 /* Info.plist */ = {isa = PBXFileReference; lastKnownFileType = text.plist.xml; path = Info.plist; sourceTree = "<group>"; };
		BCBE5C2923F3F9F3002125C1 /* libMappIntelligenceSDK.a */ = {isa = PBXFileReference; explicitFileType = archive.ar; path = libMappIntelligenceSDK.a; sourceTree = BUILT_PRODUCTS_DIR; };
		BCCAE6CE240D261A005E9FD6 /* libMappIntelligenceSDK.a */ = {isa = PBXFileReference; explicitFileType = archive.ar; path = libMappIntelligenceSDK.a; sourceTree = BUILT_PRODUCTS_DIR; };
		BCD2AA4F24095FC7006AB210 /* MappIntelligenceDemoApp-Bridging-Header.h */ = {isa = PBXFileReference; fileEncoding = 4; lastKnownFileType = sourcecode.c.h; path = "MappIntelligenceDemoApp-Bridging-Header.h"; sourceTree = "<group>"; };
/* End PBXFileReference section */

/* Begin PBXFrameworksBuildPhase section */
		BCA1738B23D5D25C00B31430 /* Frameworks */ = {
			isa = PBXFrameworksBuildPhase;
			buildActionMask = 2147483647;
			files = (
				8F20A10E25C2CF460006CB93 /* libMappIntelligenceiOS.a in Frameworks */,
				A3C8598529A80FC10097CF32 /* AppoxeeSDK.xcframework in Frameworks */,
				8F3F6813257EE3D5005F8AFC /* WebKit.framework in Frameworks */,
			);
			runOnlyForDeploymentPostprocessing = 0;
		};
/* End PBXFrameworksBuildPhase section */

/* Begin PBXGroup section */
		8F94E6BC25BF199C00027623 /* Resources */ = {
			isa = PBXGroup;
			children = (
				A3DE04F229475223008657B9 /* AppoxeeSDKResources.bundle */,
				8F94E6BD25BF199C00027623 /* wt.mp4 */,
			);
			path = Resources;
			sourceTree = "<group>";
		};
		BCA1738523D5D25C00B31430 = {
			isa = PBXGroup;
			children = (
				BCA1739023D5D25C00B31430 /* MappIntelligenceDemoApp */,
				BCA1738F23D5D25C00B31430 /* Products */,
				BCA173AE23D6FBFC00B31430 /* Frameworks */,
			);
			sourceTree = "<group>";
		};
		BCA1738F23D5D25C00B31430 /* Products */ = {
			isa = PBXGroup;
			children = (
				BCA1738E23D5D25C00B31430 /* MappIntelligenceDemoApp.app */,
			);
			name = Products;
			sourceTree = "<group>";
		};
		BCA1739023D5D25C00B31430 /* MappIntelligenceDemoApp */ = {
			isa = PBXGroup;
			children = (
				A3C8598429A80FC10097CF32 /* AppoxeeSDK.xcframework */,
				040247E92AE6F6B400C06341 /* AppoxeeConfig.plist */,
				040247E82AE6F6B400C06341 /* SetupForLocalTesting.plist */,
				8F94E6BC25BF199C00027623 /* Resources */,
				8FA78F0325BF188A00CC166A /* MediaPlayerViewController.swift */,
				8FA78F0425BF188A00CC166A /* MediaViewController.swift */,
				8FE0AF26255D6FB20037AE4A /* MappIntelligenceDemoApp.entitlements */,
				BCA1739123D5D25C00B31430 /* AppDelegate.swift */,
				BCA1739323D5D25C00B31430 /* SceneDelegate.swift */,
				8F2D1D4E257789FA008CB31D /* ActionViewController.swift */,
				8F2D1D5425778A07008CB31D /* PageViewController.swift */,
				8F2D1D6425778B82008CB31D /* ConfigViewController.swift */,
				A3588A9427C66BA40053961B /* RuntimeConfigurationViewController.swift */,
				8F2D1D6E25778F5F008CB31D /* CampaignViewController.swift */,
				A36E59CB259493A100BF8873 /* EcommerceViewController.swift */,
				8FA78F0B25BF18BE00CC166A /* WebViewViewController.swift */,
				A345975D27A164C10038FE3F /* FormViewController.swift */,
				BCA1739723D5D25C00B31430 /* Main.storyboard */,
				BCA1739A23D5D25E00B31430 /* Assets.xcassets */,
				BCA1739C23D5D25E00B31430 /* LaunchScreen.storyboard */,
				BCA1739F23D5D25E00B31430 /* Info.plist */,
				BCD2AA4F24095FC7006AB210 /* MappIntelligenceDemoApp-Bridging-Header.h */,
				A3ADC97D26D94057007504FF /* ExceptionsViewController.swift */,
			);
			path = MappIntelligenceDemoApp;
			sourceTree = "<group>";
		};
		BCA173AE23D6FBFC00B31430 /* Frameworks */ = {
			isa = PBXGroup;
			children = (
				A3CA0A4628A3E4C400ACC335 /* AppoxeeSDK.xcframework */,
				8F20A10D25C2CF460006CB93 /* libMappIntelligenceiOS.a */,
				8F3F6812257EE3D5005F8AFC /* WebKit.framework */,
				A3258BF5250A4E0B00039B92 /* UIKit.framework */,
				A35C78FF2452F83700D36144 /* libMappIntelligencetvOS.a */,
				A38A6AF3242CD74F00600D82 /* libMappIntelligenceWatchOS.a */,
				A38A6AF1242CD0C600600D82 /* libMappIntelligenceSDK.a */,
				A38A6AEF242CCFA100600D82 /* libMappIntelligenceSDK.a */,
				A32AEA68242B716100BC7B46 /* libMappIntelligenceWatchOS.a */,
				BCCAE6CE240D261A005E9FD6 /* libMappIntelligenceSDK.a */,
				BCBE5C2923F3F9F3002125C1 /* libMappIntelligenceSDK.a */,
			);
			name = Frameworks;
			sourceTree = "<group>";
		};
/* End PBXGroup section */

/* Begin PBXNativeTarget section */
		BCA1738D23D5D25C00B31430 /* MappIntelligenceDemoApp */ = {
			isa = PBXNativeTarget;
			buildConfigurationList = BCA173A223D5D25E00B31430 /* Build configuration list for PBXNativeTarget "MappIntelligenceDemoApp" */;
			buildPhases = (
				BCA1738A23D5D25C00B31430 /* Sources */,
				BCA1738B23D5D25C00B31430 /* Frameworks */,
				BCA1738C23D5D25C00B31430 /* Resources */,
				A32AEA62242B606000BC7B46 /* Embed Watch Content */,
			);
			buildRules = (
			);
			dependencies = (
			);
			name = MappIntelligenceDemoApp;
			productName = DemoWebtrekkApp;
			productReference = BCA1738E23D5D25C00B31430 /* MappIntelligenceDemoApp.app */;
			productType = "com.apple.product-type.application";
		};
/* End PBXNativeTarget section */

/* Begin PBXProject section */
		BCA1738623D5D25C00B31430 /* Project object */ = {
			isa = PBXProject;
			attributes = {
				LastSwiftUpdateCheck = 1130;
				LastUpgradeCheck = 1400;
				ORGANIZATIONNAME = "Mapp Digital US, LLC";
				TargetAttributes = {
					BCA1738D23D5D25C00B31430 = {
						CreatedOnToolsVersion = 11.3.1;
						LastSwiftMigration = 1130;
					};
				};
			};
			buildConfigurationList = BCA1738923D5D25C00B31430 /* Build configuration list for PBXProject "MappIntelligenceDemoApp" */;
			compatibilityVersion = "Xcode 9.3";
			developmentRegion = en;
			hasScannedForEncodings = 0;
			knownRegions = (
				en,
				Base,
			);
			mainGroup = BCA1738523D5D25C00B31430;
			productRefGroup = BCA1738F23D5D25C00B31430 /* Products */;
			projectDirPath = "";
			projectRoot = "";
			targets = (
				BCA1738D23D5D25C00B31430 /* MappIntelligenceDemoApp */,
			);
		};
/* End PBXProject section */

/* Begin PBXResourcesBuildPhase section */
		BCA1738C23D5D25C00B31430 /* Resources */ = {
			isa = PBXResourcesBuildPhase;
			buildActionMask = 2147483647;
			files = (
				A3DE04F329475223008657B9 /* AppoxeeSDKResources.bundle in Resources */,
				040247EA2AE6F6B400C06341 /* SetupForLocalTesting.plist in Resources */,
				8F94E6BE25BF199C00027623 /* wt.mp4 in Resources */,
				BCA1739E23D5D25E00B31430 /* LaunchScreen.storyboard in Resources */,
				BCA1739B23D5D25E00B31430 /* Assets.xcassets in Resources */,
				040247EB2AE6F6B400C06341 /* AppoxeeConfig.plist in Resources */,
				BCA1739923D5D25C00B31430 /* Main.storyboard in Resources */,
			);
			runOnlyForDeploymentPostprocessing = 0;
		};
/* End PBXResourcesBuildPhase section */

/* Begin PBXSourcesBuildPhase section */
		BCA1738A23D5D25C00B31430 /* Sources */ = {
			isa = PBXSourcesBuildPhase;
			buildActionMask = 2147483647;
			files = (
				8FA78F0C25BF18BE00CC166A /* WebViewViewController.swift in Sources */,
				A345975E27A164C10038FE3F /* FormViewController.swift in Sources */,
				8F2D1D5525778A07008CB31D /* PageViewController.swift in Sources */,
				8F2D1D4F257789FA008CB31D /* ActionViewController.swift in Sources */,
				A3ADC97E26D94057007504FF /* ExceptionsViewController.swift in Sources */,
				BCA1739223D5D25C00B31430 /* AppDelegate.swift in Sources */,
				8F2D1D6F25778F5F008CB31D /* CampaignViewController.swift in Sources */,
				BCA1739423D5D25C00B31430 /* SceneDelegate.swift in Sources */,
				8F2D1D6525778B82008CB31D /* ConfigViewController.swift in Sources */,
				8FA78F0525BF188A00CC166A /* MediaPlayerViewController.swift in Sources */,
				8FA78F0625BF188A00CC166A /* MediaViewController.swift in Sources */,
				A3588A9527C66BA40053961B /* RuntimeConfigurationViewController.swift in Sources */,
				A36E59CC259493A100BF8873 /* EcommerceViewController.swift in Sources */,
			);
			runOnlyForDeploymentPostprocessing = 0;
		};
/* End PBXSourcesBuildPhase section */

/* Begin PBXVariantGroup section */
		BCA1739723D5D25C00B31430 /* Main.storyboard */ = {
			isa = PBXVariantGroup;
			children = (
				BCA1739823D5D25C00B31430 /* Base */,
			);
			name = Main.storyboard;
			sourceTree = "<group>";
		};
		BCA1739C23D5D25E00B31430 /* LaunchScreen.storyboard */ = {
			isa = PBXVariantGroup;
			children = (
				BCA1739D23D5D25E00B31430 /* Base */,
			);
			name = LaunchScreen.storyboard;
			sourceTree = "<group>";
		};
/* End PBXVariantGroup section */

/* Begin XCBuildConfiguration section */
		BCA173A023D5D25E00B31430 /* Debug */ = {
			isa = XCBuildConfiguration;
			buildSettings = {
				ALWAYS_SEARCH_USER_PATHS = NO;
				CLANG_ANALYZER_NONNULL = YES;
				CLANG_ANALYZER_NUMBER_OBJECT_CONVERSION = YES_AGGRESSIVE;
				CLANG_CXX_LANGUAGE_STANDARD = "gnu++14";
				CLANG_CXX_LIBRARY = "libc++";
				CLANG_ENABLE_MODULES = YES;
				CLANG_ENABLE_OBJC_ARC = YES;
				CLANG_ENABLE_OBJC_WEAK = YES;
				CLANG_WARN_BLOCK_CAPTURE_AUTORELEASING = YES;
				CLANG_WARN_BOOL_CONVERSION = YES;
				CLANG_WARN_COMMA = YES;
				CLANG_WARN_CONSTANT_CONVERSION = YES;
				CLANG_WARN_DEPRECATED_OBJC_IMPLEMENTATIONS = YES;
				CLANG_WARN_DIRECT_OBJC_ISA_USAGE = YES_ERROR;
				CLANG_WARN_DOCUMENTATION_COMMENTS = YES;
				CLANG_WARN_EMPTY_BODY = YES;
				CLANG_WARN_ENUM_CONVERSION = YES;
				CLANG_WARN_INFINITE_RECURSION = YES;
				CLANG_WARN_INT_CONVERSION = YES;
				CLANG_WARN_NON_LITERAL_NULL_CONVERSION = YES;
				CLANG_WARN_OBJC_IMPLICIT_RETAIN_SELF = YES;
				CLANG_WARN_OBJC_LITERAL_CONVERSION = YES;
				CLANG_WARN_OBJC_ROOT_CLASS = YES_ERROR;
				CLANG_WARN_QUOTED_INCLUDE_IN_FRAMEWORK_HEADER = YES;
				CLANG_WARN_RANGE_LOOP_ANALYSIS = YES;
				CLANG_WARN_STRICT_PROTOTYPES = YES;
				CLANG_WARN_SUSPICIOUS_MOVE = YES;
				CLANG_WARN_UNGUARDED_AVAILABILITY = YES_AGGRESSIVE;
				CLANG_WARN_UNREACHABLE_CODE = YES;
				CLANG_WARN__DUPLICATE_METHOD_MATCH = YES;
				COPY_PHASE_STRIP = NO;
				DEBUG_INFORMATION_FORMAT = dwarf;
				ENABLE_STRICT_OBJC_MSGSEND = YES;
				ENABLE_TESTABILITY = YES;
				GCC_C_LANGUAGE_STANDARD = gnu11;
				GCC_DYNAMIC_NO_PIC = NO;
				GCC_NO_COMMON_BLOCKS = YES;
				GCC_OPTIMIZATION_LEVEL = 0;
				GCC_PREPROCESSOR_DEFINITIONS = (
					"DEBUG=1",
					"$(inherited)",
				);
				GCC_WARN_64_TO_32_BIT_CONVERSION = YES;
				GCC_WARN_ABOUT_RETURN_TYPE = YES_ERROR;
				GCC_WARN_UNDECLARED_SELECTOR = YES;
				GCC_WARN_UNINITIALIZED_AUTOS = YES_AGGRESSIVE;
				GCC_WARN_UNUSED_FUNCTION = YES;
				GCC_WARN_UNUSED_VARIABLE = YES;
				GENERATE_INFOPLIST_FILE = YES;
				IPHONEOS_DEPLOYMENT_TARGET = 12.0;
				MTL_ENABLE_DEBUG_INFO = INCLUDE_SOURCE;
				MTL_FAST_MATH = YES;
				ONLY_ACTIVE_ARCH = YES;
				SDKROOT = iphoneos;
				SWIFT_ACTIVE_COMPILATION_CONDITIONS = DEBUG;
				SWIFT_OPTIMIZATION_LEVEL = "-Onone";
			};
			name = Debug;
		};
		BCA173A123D5D25E00B31430 /* Release */ = {
			isa = XCBuildConfiguration;
			buildSettings = {
				ALWAYS_SEARCH_USER_PATHS = NO;
				CLANG_ANALYZER_NONNULL = YES;
				CLANG_ANALYZER_NUMBER_OBJECT_CONVERSION = YES_AGGRESSIVE;
				CLANG_CXX_LANGUAGE_STANDARD = "gnu++14";
				CLANG_CXX_LIBRARY = "libc++";
				CLANG_ENABLE_MODULES = YES;
				CLANG_ENABLE_OBJC_ARC = YES;
				CLANG_ENABLE_OBJC_WEAK = YES;
				CLANG_WARN_BLOCK_CAPTURE_AUTORELEASING = YES;
				CLANG_WARN_BOOL_CONVERSION = YES;
				CLANG_WARN_COMMA = YES;
				CLANG_WARN_CONSTANT_CONVERSION = YES;
				CLANG_WARN_DEPRECATED_OBJC_IMPLEMENTATIONS = YES;
				CLANG_WARN_DIRECT_OBJC_ISA_USAGE = YES_ERROR;
				CLANG_WARN_DOCUMENTATION_COMMENTS = YES;
				CLANG_WARN_EMPTY_BODY = YES;
				CLANG_WARN_ENUM_CONVERSION = YES;
				CLANG_WARN_INFINITE_RECURSION = YES;
				CLANG_WARN_INT_CONVERSION = YES;
				CLANG_WARN_NON_LITERAL_NULL_CONVERSION = YES;
				CLANG_WARN_OBJC_IMPLICIT_RETAIN_SELF = YES;
				CLANG_WARN_OBJC_LITERAL_CONVERSION = YES;
				CLANG_WARN_OBJC_ROOT_CLASS = YES_ERROR;
				CLANG_WARN_QUOTED_INCLUDE_IN_FRAMEWORK_HEADER = YES;
				CLANG_WARN_RANGE_LOOP_ANALYSIS = YES;
				CLANG_WARN_STRICT_PROTOTYPES = YES;
				CLANG_WARN_SUSPICIOUS_MOVE = YES;
				CLANG_WARN_UNGUARDED_AVAILABILITY = YES_AGGRESSIVE;
				CLANG_WARN_UNREACHABLE_CODE = YES;
				CLANG_WARN__DUPLICATE_METHOD_MATCH = YES;
				COPY_PHASE_STRIP = NO;
				DEBUG_INFORMATION_FORMAT = "dwarf-with-dsym";
				ENABLE_NS_ASSERTIONS = NO;
				ENABLE_STRICT_OBJC_MSGSEND = YES;
				GCC_C_LANGUAGE_STANDARD = gnu11;
				GCC_NO_COMMON_BLOCKS = YES;
				GCC_WARN_64_TO_32_BIT_CONVERSION = YES;
				GCC_WARN_ABOUT_RETURN_TYPE = YES_ERROR;
				GCC_WARN_UNDECLARED_SELECTOR = YES;
				GCC_WARN_UNINITIALIZED_AUTOS = YES_AGGRESSIVE;
				GCC_WARN_UNUSED_FUNCTION = YES;
				GCC_WARN_UNUSED_VARIABLE = YES;
				GENERATE_INFOPLIST_FILE = YES;
				IPHONEOS_DEPLOYMENT_TARGET = 12.0;
				MTL_ENABLE_DEBUG_INFO = NO;
				MTL_FAST_MATH = YES;
				SDKROOT = iphoneos;
				SWIFT_COMPILATION_MODE = wholemodule;
				SWIFT_OPTIMIZATION_LEVEL = "-O";
				VALIDATE_PRODUCT = YES;
			};
			name = Release;
		};
		BCA173A323D5D25E00B31430 /* Debug */ = {
			isa = XCBuildConfiguration;
			buildSettings = {
				ASSETCATALOG_COMPILER_APPICON_NAME = AppIcon;
				CLANG_ENABLE_MODULES = YES;
				CODE_SIGN_ENTITLEMENTS = MappIntelligenceDemoApp/MappIntelligenceDemoApp.entitlements;
				CODE_SIGN_IDENTITY = "Apple Development";
				CODE_SIGN_STYLE = Automatic;
				CURRENT_PROJECT_VERSION = 2;
				DEVELOPMENT_TEAM = LERY366S7C;
				FRAMEWORK_SEARCH_PATHS = "";
				GCC_PRECOMPILE_PREFIX_HEADER = NO;
				INFOPLIST_FILE = MappIntelligenceDemoApp/Info.plist;
				IPHONEOS_DEPLOYMENT_TARGET = 13.0;
				LD_RUNPATH_SEARCH_PATHS = (
					"$(inherited)",
					"@executable_path/Frameworks",
				);
				MARKETING_VERSION = 1.0;
				PRODUCT_BUNDLE_IDENTIFIER = com.mappIntelligence.MappIntelligenceDemoApp;
				PRODUCT_NAME = "$(TARGET_NAME)";
				PROVISIONING_PROFILE_SPECIFIER = "";
				SKIP_INSTALL = NO;
				SWIFT_OBJC_BRIDGING_HEADER = "MappIntelligenceDemoApp/MappIntelligenceDemoApp-Bridging-Header.h";
				SWIFT_OPTIMIZATION_LEVEL = "-Onone";
				SWIFT_VERSION = 5.0;
				TARGETED_DEVICE_FAMILY = "1,2";
			};
			name = Debug;
		};
		BCA173A423D5D25E00B31430 /* Release */ = {
			isa = XCBuildConfiguration;
			buildSettings = {
				ASSETCATALOG_COMPILER_APPICON_NAME = AppIcon;
				CLANG_ENABLE_MODULES = YES;
				CODE_SIGN_ENTITLEMENTS = MappIntelligenceDemoApp/MappIntelligenceDemoApp.entitlements;
				CODE_SIGN_IDENTITY = "Apple Development";
				CODE_SIGN_STYLE = Automatic;
				CURRENT_PROJECT_VERSION = 2;
				DEVELOPMENT_TEAM = LERY366S7C;
				FRAMEWORK_SEARCH_PATHS = "";
				GCC_PRECOMPILE_PREFIX_HEADER = NO;
				INFOPLIST_FILE = MappIntelligenceDemoApp/Info.plist;
				IPHONEOS_DEPLOYMENT_TARGET = 13.0;
				LD_RUNPATH_SEARCH_PATHS = (
					"$(inherited)",
					"@executable_path/Frameworks",
				);
				MARKETING_VERSION = 1.0;
				PRODUCT_BUNDLE_IDENTIFIER = com.mappIntelligence.MappIntelligenceDemoApp;
				PRODUCT_NAME = "$(TARGET_NAME)";
				PROVISIONING_PROFILE_SPECIFIER = "";
				SKIP_INSTALL = NO;
				SWIFT_OBJC_BRIDGING_HEADER = "MappIntelligenceDemoApp/MappIntelligenceDemoApp-Bridging-Header.h";
				SWIFT_VERSION = 5.0;
				TARGETED_DEVICE_FAMILY = "1,2";
			};
			name = Release;
		};
/* End XCBuildConfiguration section */

/* Begin XCConfigurationList section */
		BCA1738923D5D25C00B31430 /* Build configuration list for PBXProject "MappIntelligenceDemoApp" */ = {
			isa = XCConfigurationList;
			buildConfigurations = (
				BCA173A023D5D25E00B31430 /* Debug */,
				BCA173A123D5D25E00B31430 /* Release */,
			);
			defaultConfigurationIsVisible = 0;
			defaultConfigurationName = Release;
		};
		BCA173A223D5D25E00B31430 /* Build configuration list for PBXNativeTarget "MappIntelligenceDemoApp" */ = {
			isa = XCConfigurationList;
			buildConfigurations = (
				BCA173A323D5D25E00B31430 /* Debug */,
				BCA173A423D5D25E00B31430 /* Release */,
			);
			defaultConfigurationIsVisible = 0;
			defaultConfigurationName = Release;
		};
/* End XCConfigurationList section */
	};
	rootObject = BCA1738623D5D25C00B31430 /* Project object */;
}
