// !$*UTF8*$!
{
	archiveVersion = 1;
	classes = {
	};
	objectVersion = 50;
	objects = {

/* Begin PBXAggregateTarget section */
		A334865223BF42C300D0EB5F /* Webtrekk */ = {
			isa = PBXAggregateTarget;
			buildConfigurationList = A334865323BF42C300D0EB5F /* Build configuration list for PBXAggregateTarget "Webtrekk" */;
			buildPhases = (
				A334865823BF436400D0EB5F /* ShellScript */,
			);
			dependencies = (
				A334865723BF435D00D0EB5F /* PBXTargetDependency */,
			);
			name = Webtrekk;
			productName = Webtrekk;
		};
/* End PBXAggregateTarget section */

/* Begin PBXBuildFile section */
		A334861D23BF3E2300D0EB5F /* Webtrekk.m in Sources */ = {isa = PBXBuildFile; fileRef = A334861C23BF3E2300D0EB5F /* Webtrekk.m */; };
		A334861E23BF3E2300D0EB5F /* Webtrekk.h in CopyFiles */ = {isa = PBXBuildFile; fileRef = A334861B23BF3E2300D0EB5F /* Webtrekk.h */; };
		A334862B23BF3F2800D0EB5F /* WebtrekkTests.m in Sources */ = {isa = PBXBuildFile; fileRef = A334862A23BF3F2800D0EB5F /* WebtrekkTests.m */; };
		A334862D23BF3F2800D0EB5F /* libWebrekk.a in Frameworks */ = {isa = PBXBuildFile; fileRef = A334861823BF3E2300D0EB5F /* libWebrekk.a */; };
		A334863423BF3FAD00D0EB5F /* Webtrekk.h in Headers */ = {isa = PBXBuildFile; fileRef = A334861B23BF3E2300D0EB5F /* Webtrekk.h */; settings = {ATTRIBUTES = (Public, ); }; };
		A334867323BF569400D0EB5F /* WebtrekkNetworkMetadata.m in Sources */ = {isa = PBXBuildFile; fileRef = A334866F23BF569400D0EB5F /* WebtrekkNetworkMetadata.m */; };
		A334867423BF569400D0EB5F /* WebtrekkNetworkMetadata.m in Sources */ = {isa = PBXBuildFile; fileRef = A334866F23BF569400D0EB5F /* WebtrekkNetworkMetadata.m */; };
		A334867523BF569400D0EB5F /* WebtrekkNetworkMetadata.h in Headers */ = {isa = PBXBuildFile; fileRef = A334867023BF569400D0EB5F /* WebtrekkNetworkMetadata.h */; };
		A334867623BF569400D0EB5F /* WebtrekkRequest.h in Headers */ = {isa = PBXBuildFile; fileRef = A334867123BF569400D0EB5F /* WebtrekkRequest.h */; };
		A334867723BF569400D0EB5F /* WebtrekkRequest.m in Sources */ = {isa = PBXBuildFile; fileRef = A334867223BF569400D0EB5F /* WebtrekkRequest.m */; };
		A334867823BF569400D0EB5F /* WebtrekkRequest.m in Sources */ = {isa = PBXBuildFile; fileRef = A334867223BF569400D0EB5F /* WebtrekkRequest.m */; };
		A334867D23BF56A100D0EB5F /* WebtrekkNetworkManager.m in Sources */ = {isa = PBXBuildFile; fileRef = A334867923BF56A100D0EB5F /* WebtrekkNetworkManager.m */; };
		A334867E23BF56A100D0EB5F /* WebtrekkNetworkManager.m in Sources */ = {isa = PBXBuildFile; fileRef = A334867923BF56A100D0EB5F /* WebtrekkNetworkManager.m */; };
		A334867F23BF56A100D0EB5F /* WebtrekkNetworkManager.h in Headers */ = {isa = PBXBuildFile; fileRef = A334867A23BF56A100D0EB5F /* WebtrekkNetworkManager.h */; };
		A334868023BF56A100D0EB5F /* WebtrekkRequestBuilder.h in Headers */ = {isa = PBXBuildFile; fileRef = A334867B23BF56A100D0EB5F /* WebtrekkRequestBuilder.h */; };
		A334868123BF56A100D0EB5F /* WebtrekkRequestBuilder.m in Sources */ = {isa = PBXBuildFile; fileRef = A334867C23BF56A100D0EB5F /* WebtrekkRequestBuilder.m */; };
		A334868223BF56A100D0EB5F /* WebtrekkRequestBuilder.m in Sources */ = {isa = PBXBuildFile; fileRef = A334867C23BF56A100D0EB5F /* WebtrekkRequestBuilder.m */; };
		BCD5E2C323CF309900CE2092 /* Config.h in Sources */ = {isa = PBXBuildFile; fileRef = BCD5E2C223CF309900CE2092 /* Config.h */; };
		BCD5E2C523CF38F300CE2092 /* WebtrekkDefaultConfig.m in Sources */ = {isa = PBXBuildFile; fileRef = BCD5E2C423CF38F300CE2092 /* WebtrekkDefaultConfig.m */; };
		BCEAE6B623BF5912007F410D /* WebtrekkLogger.h in Headers */ = {isa = PBXBuildFile; fileRef = BCEAE6B523BF5912007F410D /* WebtrekkLogger.h */; };
		BCEAE6B823BF5A8B007F410D /* WebtrekkLogger.m in Sources */ = {isa = PBXBuildFile; fileRef = BCEAE6B723BF5A8B007F410D /* WebtrekkLogger.m */; };
		BCEAE6BC23C32F0A007F410D /* WebtrekkDataService.h in Headers */ = {isa = PBXBuildFile; fileRef = BCEAE6BB23C32F0A007F410D /* WebtrekkDataService.h */; };
		BCEAE6C023C33054007F410D /* WebtrekkNotificationService.h in Headers */ = {isa = PBXBuildFile; fileRef = BCEAE6BF23C33054007F410D /* WebtrekkNotificationService.h */; };
		BCEAE6C223C33258007F410D /* WebtrekkNotificationService.m in Sources */ = {isa = PBXBuildFile; fileRef = BCEAE6C123C33258007F410D /* WebtrekkNotificationService.m */; };
/* End PBXBuildFile section */

/* Begin PBXContainerItemProxy section */
		A334862E23BF3F2800D0EB5F /* PBXContainerItemProxy */ = {
			isa = PBXContainerItemProxy;
			containerPortal = A334861023BF3E2300D0EB5F /* Project object */;
			proxyType = 1;
			remoteGlobalIDString = A334861723BF3E2300D0EB5F;
			remoteInfo = Webrekk;
		};
		A334865623BF435D00D0EB5F /* PBXContainerItemProxy */ = {
			isa = PBXContainerItemProxy;
			containerPortal = A334861023BF3E2300D0EB5F /* Project object */;
			proxyType = 1;
			remoteGlobalIDString = A334861723BF3E2300D0EB5F;
			remoteInfo = Webrekk;
		};
/* End PBXContainerItemProxy section */

/* Begin PBXCopyFilesBuildPhase section */
		A334861623BF3E2300D0EB5F /* CopyFiles */ = {
			isa = PBXCopyFilesBuildPhase;
			buildActionMask = 2147483647;
			dstPath = "include/$(PRODUCT_NAME)";
			dstSubfolderSpec = 16;
			files = (
				A334861E23BF3E2300D0EB5F /* Webtrekk.h in CopyFiles */,
			);
			runOnlyForDeploymentPostprocessing = 0;
		};
/* End PBXCopyFilesBuildPhase section */

/* Begin PBXFileReference section */
		A334861823BF3E2300D0EB5F /* libWebrekk.a */ = {isa = PBXFileReference; explicitFileType = archive.ar; includeInIndex = 0; path = libWebrekk.a; sourceTree = BUILT_PRODUCTS_DIR; };
		A334861B23BF3E2300D0EB5F /* Webtrekk.h */ = {isa = PBXFileReference; lastKnownFileType = sourcecode.c.h; path = Webtrekk.h; sourceTree = "<group>"; };
		A334861C23BF3E2300D0EB5F /* Webtrekk.m */ = {isa = PBXFileReference; lastKnownFileType = sourcecode.c.objc; path = Webtrekk.m; sourceTree = "<group>"; };
		A334862823BF3F2800D0EB5F /* WebtrekkTests.xctest */ = {isa = PBXFileReference; explicitFileType = wrapper.cfbundle; includeInIndex = 0; path = WebtrekkTests.xctest; sourceTree = BUILT_PRODUCTS_DIR; };
		A334862A23BF3F2800D0EB5F /* WebtrekkTests.m */ = {isa = PBXFileReference; lastKnownFileType = sourcecode.c.objc; path = WebtrekkTests.m; sourceTree = "<group>"; };
		A334862C23BF3F2800D0EB5F /* Info.plist */ = {isa = PBXFileReference; lastKnownFileType = text.plist.xml; path = Info.plist; sourceTree = "<group>"; };
		A334863C23BF409D00D0EB5F /* Webtrekk.h */ = {isa = PBXFileReference; lastKnownFileType = sourcecode.c.h; path = Webtrekk.h; sourceTree = "<group>"; };
		A334863D23BF409D00D0EB5F /* Info.plist */ = {isa = PBXFileReference; lastKnownFileType = text.plist.xml; path = Info.plist; sourceTree = "<group>"; };
		A334864723BF409D00D0EB5F /* WebtrekkTests.m */ = {isa = PBXFileReference; lastKnownFileType = sourcecode.c.objc; path = WebtrekkTests.m; sourceTree = "<group>"; };
		A334864923BF409D00D0EB5F /* Info.plist */ = {isa = PBXFileReference; lastKnownFileType = text.plist.xml; path = Info.plist; sourceTree = "<group>"; };
		A334866F23BF569400D0EB5F /* WebtrekkNetworkMetadata.m */ = {isa = PBXFileReference; fileEncoding = 4; lastKnownFileType = sourcecode.c.objc; path = WebtrekkNetworkMetadata.m; sourceTree = "<group>"; };
		A334867023BF569400D0EB5F /* WebtrekkNetworkMetadata.h */ = {isa = PBXFileReference; fileEncoding = 4; lastKnownFileType = sourcecode.c.h; path = WebtrekkNetworkMetadata.h; sourceTree = "<group>"; };
		A334867123BF569400D0EB5F /* WebtrekkRequest.h */ = {isa = PBXFileReference; fileEncoding = 4; lastKnownFileType = sourcecode.c.h; path = WebtrekkRequest.h; sourceTree = "<group>"; };
		A334867223BF569400D0EB5F /* WebtrekkRequest.m */ = {isa = PBXFileReference; fileEncoding = 4; lastKnownFileType = sourcecode.c.objc; path = WebtrekkRequest.m; sourceTree = "<group>"; };
		A334867923BF56A100D0EB5F /* WebtrekkNetworkManager.m */ = {isa = PBXFileReference; fileEncoding = 4; lastKnownFileType = sourcecode.c.objc; path = WebtrekkNetworkManager.m; sourceTree = "<group>"; };
		A334867A23BF56A100D0EB5F /* WebtrekkNetworkManager.h */ = {isa = PBXFileReference; fileEncoding = 4; lastKnownFileType = sourcecode.c.h; path = WebtrekkNetworkManager.h; sourceTree = "<group>"; };
		A334867B23BF56A100D0EB5F /* WebtrekkRequestBuilder.h */ = {isa = PBXFileReference; fileEncoding = 4; lastKnownFileType = sourcecode.c.h; path = WebtrekkRequestBuilder.h; sourceTree = "<group>"; };
		A334867C23BF56A100D0EB5F /* WebtrekkRequestBuilder.m */ = {isa = PBXFileReference; fileEncoding = 4; lastKnownFileType = sourcecode.c.objc; path = WebtrekkRequestBuilder.m; sourceTree = "<group>"; };
		BC18ECFB23CDD14900B2B99B /* Webrekk-Bridging-Header.h */ = {isa = PBXFileReference; lastKnownFileType = sourcecode.c.h; path = "Webrekk-Bridging-Header.h"; sourceTree = "<group>"; };
		BCD5E2C223CF309900CE2092 /* Config.h */ = {isa = PBXFileReference; lastKnownFileType = sourcecode.c.h; path = Config.h; sourceTree = "<group>"; };
		BCD5E2C423CF38F300CE2092 /* WebtrekkDefaultConfig.m */ = {isa = PBXFileReference; lastKnownFileType = sourcecode.c.objc; path = WebtrekkDefaultConfig.m; sourceTree = "<group>"; };
		BCEAE6B523BF5912007F410D /* WebtrekkLogger.h */ = {isa = PBXFileReference; lastKnownFileType = sourcecode.c.h; path = WebtrekkLogger.h; sourceTree = "<group>"; };
		BCEAE6B723BF5A8B007F410D /* WebtrekkLogger.m */ = {isa = PBXFileReference; lastKnownFileType = sourcecode.c.objc; path = WebtrekkLogger.m; sourceTree = "<group>"; };
		BCEAE6BB23C32F0A007F410D /* WebtrekkDataService.h */ = {isa = PBXFileReference; lastKnownFileType = sourcecode.c.h; path = WebtrekkDataService.h; sourceTree = "<group>"; };
		BCEAE6BF23C33054007F410D /* WebtrekkNotificationService.h */ = {isa = PBXFileReference; lastKnownFileType = sourcecode.c.h; path = WebtrekkNotificationService.h; sourceTree = "<group>"; };
		BCEAE6C123C33258007F410D /* WebtrekkNotificationService.m */ = {isa = PBXFileReference; lastKnownFileType = sourcecode.c.objc; path = WebtrekkNotificationService.m; sourceTree = "<group>"; };
/* End PBXFileReference section */

/* Begin PBXFrameworksBuildPhase section */
		A334861523BF3E2300D0EB5F /* Frameworks */ = {
			isa = PBXFrameworksBuildPhase;
			buildActionMask = 2147483647;
			files = (
			);
			runOnlyForDeploymentPostprocessing = 0;
		};
		A334862523BF3F2800D0EB5F /* Frameworks */ = {
			isa = PBXFrameworksBuildPhase;
			buildActionMask = 2147483647;
			files = (
				A334862D23BF3F2800D0EB5F /* libWebrekk.a in Frameworks */,
			);
			runOnlyForDeploymentPostprocessing = 0;
		};
/* End PBXFrameworksBuildPhase section */

/* Begin PBXGroup section */
		A334860F23BF3E2300D0EB5F = {
			isa = PBXGroup;
			children = (
				A334861A23BF3E2300D0EB5F /* Webrekk */,
				A334862923BF3F2800D0EB5F /* WebtrekkTests */,
				A334863B23BF409D00D0EB5F /* WebtrekkFramework */,
				A334864623BF409D00D0EB5F /* WebtrekkTests */,
				A334861923BF3E2300D0EB5F /* Products */,
				BC18ECFB23CDD14900B2B99B /* Webrekk-Bridging-Header.h */,
			);
			sourceTree = "<group>";
		};
		A334861923BF3E2300D0EB5F /* Products */ = {
			isa = PBXGroup;
			children = (
				A334861823BF3E2300D0EB5F /* libWebrekk.a */,
				A334862823BF3F2800D0EB5F /* WebtrekkTests.xctest */,
			);
			name = Products;
			sourceTree = "<group>";
		};
		A334861A23BF3E2300D0EB5F /* Webrekk */ = {
			isa = PBXGroup;
			children = (
				BCEAE6BD23C32F83007F410D /* Services */,
				BCEAE6B923C32EDC007F410D /* PersistanceLayer */,
				BCEAE6B423BF58A2007F410D /* Log */,
				A334866D23BF567700D0EB5F /* Network */,
				A334866C23BF566600D0EB5F /* Model */,
				BCD5E2C223CF309900CE2092 /* Config.h */,
				A334861B23BF3E2300D0EB5F /* Webtrekk.h */,
				A334861C23BF3E2300D0EB5F /* Webtrekk.m */,
			);
			path = Webrekk;
			sourceTree = "<group>";
		};
		A334862923BF3F2800D0EB5F /* WebtrekkTests */ = {
			isa = PBXGroup;
			children = (
				A334862A23BF3F2800D0EB5F /* WebtrekkTests.m */,
				A334862C23BF3F2800D0EB5F /* Info.plist */,
			);
			path = WebtrekkTests;
			sourceTree = "<group>";
		};
		A334863B23BF409D00D0EB5F /* WebtrekkFramework */ = {
			isa = PBXGroup;
			children = (
				A334863C23BF409D00D0EB5F /* Webtrekk.h */,
				A334863D23BF409D00D0EB5F /* Info.plist */,
			);
			path = WebtrekkFramework;
			sourceTree = "<group>";
		};
		A334864623BF409D00D0EB5F /* WebtrekkTests */ = {
			isa = PBXGroup;
			children = (
				A334864723BF409D00D0EB5F /* WebtrekkTests.m */,
				A334864923BF409D00D0EB5F /* Info.plist */,
			);
			path = WebtrekkTests;
			sourceTree = "<group>";
		};
		A334866C23BF566600D0EB5F /* Model */ = {
			isa = PBXGroup;
			children = (
				A334866E23BF568400D0EB5F /* Network */,
			);
			path = Model;
			sourceTree = "<group>";
		};
		A334866D23BF567700D0EB5F /* Network */ = {
			isa = PBXGroup;
			children = (
				A334867A23BF56A100D0EB5F /* WebtrekkNetworkManager.h */,
				A334867923BF56A100D0EB5F /* WebtrekkNetworkManager.m */,
				A334867B23BF56A100D0EB5F /* WebtrekkRequestBuilder.h */,
				A334867C23BF56A100D0EB5F /* WebtrekkRequestBuilder.m */,
			);
			path = Network;
			sourceTree = "<group>";
		};
		A334866E23BF568400D0EB5F /* Network */ = {
			isa = PBXGroup;
			children = (
				A334867023BF569400D0EB5F /* WebtrekkNetworkMetadata.h */,
				A334866F23BF569400D0EB5F /* WebtrekkNetworkMetadata.m */,
				A334867123BF569400D0EB5F /* WebtrekkRequest.h */,
				A334867223BF569400D0EB5F /* WebtrekkRequest.m */,
			);
			path = Network;
			sourceTree = "<group>";
		};
		BCEAE6B423BF58A2007F410D /* Log */ = {
			isa = PBXGroup;
			children = (
				BCEAE6B523BF5912007F410D /* WebtrekkLogger.h */,
				BCEAE6B723BF5A8B007F410D /* WebtrekkLogger.m */,
			);
			path = Log;
			sourceTree = "<group>";
		};
		BCEAE6B923C32EDC007F410D /* PersistanceLayer */ = {
			isa = PBXGroup;
			children = (
				BCD5E2C423CF38F300CE2092 /* WebtrekkDefaultConfig.m */,
				BCEAE6BA23C32EE9007F410D /* DataService */,
			);
			path = PersistanceLayer;
			sourceTree = "<group>";
		};
		BCEAE6BA23C32EE9007F410D /* DataService */ = {
			isa = PBXGroup;
			children = (
				BCEAE6BB23C32F0A007F410D /* WebtrekkDataService.h */,
			);
			path = DataService;
			sourceTree = "<group>";
		};
		BCEAE6BD23C32F83007F410D /* Services */ = {
			isa = PBXGroup;
			children = (
				BCEAE6BE23C32F9A007F410D /* Notifications */,
			);
			path = Services;
			sourceTree = "<group>";
		};
		BCEAE6BE23C32F9A007F410D /* Notifications */ = {
			isa = PBXGroup;
			children = (
				BCEAE6BF23C33054007F410D /* WebtrekkNotificationService.h */,
				BCEAE6C123C33258007F410D /* WebtrekkNotificationService.m */,
			);
			path = Notifications;
			sourceTree = "<group>";
		};
/* End PBXGroup section */

/* Begin PBXHeadersBuildPhase section */
		A334863323BF3F9000D0EB5F /* Headers */ = {
			isa = PBXHeadersBuildPhase;
			buildActionMask = 2147483647;
			files = (
				A334863423BF3FAD00D0EB5F /* Webtrekk.h in Headers */,
				BCEAE6B623BF5912007F410D /* WebtrekkLogger.h in Headers */,
				BCEAE6C023C33054007F410D /* WebtrekkNotificationService.h in Headers */,
				A334867623BF569400D0EB5F /* WebtrekkRequest.h in Headers */,
				A334867F23BF56A100D0EB5F /* WebtrekkNetworkManager.h in Headers */,
				A334867523BF569400D0EB5F /* WebtrekkNetworkMetadata.h in Headers */,
				BCEAE6BC23C32F0A007F410D /* WebtrekkDataService.h in Headers */,
				A334868023BF56A100D0EB5F /* WebtrekkRequestBuilder.h in Headers */,
			);
			runOnlyForDeploymentPostprocessing = 0;
		};
/* End PBXHeadersBuildPhase section */

/* Begin PBXNativeTarget section */
		A334861723BF3E2300D0EB5F /* Webrekk */ = {
			isa = PBXNativeTarget;
			buildConfigurationList = A334862123BF3E2300D0EB5F /* Build configuration list for PBXNativeTarget "Webrekk" */;
			buildPhases = (
				A334863323BF3F9000D0EB5F /* Headers */,
				A334861423BF3E2300D0EB5F /* Sources */,
				A334861523BF3E2300D0EB5F /* Frameworks */,
				A334861623BF3E2300D0EB5F /* CopyFiles */,
				A334865123BF412000D0EB5F /* Run Script */,
			);
			buildRules = (
			);
			dependencies = (
			);
			name = Webrekk;
			productName = Webrekk;
			productReference = A334861823BF3E2300D0EB5F /* libWebrekk.a */;
			productType = "com.apple.product-type.library.static";
		};
		A334862723BF3F2800D0EB5F /* WebtrekkTests */ = {
			isa = PBXNativeTarget;
			buildConfigurationList = A334863023BF3F2800D0EB5F /* Build configuration list for PBXNativeTarget "WebtrekkTests" */;
			buildPhases = (
				A334862423BF3F2800D0EB5F /* Sources */,
				A334862523BF3F2800D0EB5F /* Frameworks */,
				A334862623BF3F2800D0EB5F /* Resources */,
			);
			buildRules = (
			);
			dependencies = (
				A334862F23BF3F2800D0EB5F /* PBXTargetDependency */,
			);
			name = WebtrekkTests;
			productName = WebtrekkTests;
			productReference = A334862823BF3F2800D0EB5F /* WebtrekkTests.xctest */;
			productType = "com.apple.product-type.bundle.unit-test";
		};
/* End PBXNativeTarget section */

/* Begin PBXProject section */
		A334861023BF3E2300D0EB5F /* Project object */ = {
			isa = PBXProject;
			attributes = {
				LastUpgradeCheck = 1130;
				ORGANIZATIONNAME = "Stefan Stevanovic";
				TargetAttributes = {
					A334861723BF3E2300D0EB5F = {
						CreatedOnToolsVersion = 11.3;
						LastSwiftMigration = 1130;
					};
					A334862723BF3F2800D0EB5F = {
						CreatedOnToolsVersion = 11.3;
					};
					A334865223BF42C300D0EB5F = {
						CreatedOnToolsVersion = 11.3;
					};
				};
			};
			buildConfigurationList = A334861323BF3E2300D0EB5F /* Build configuration list for PBXProject "Webrekk" */;
			compatibilityVersion = "Xcode 9.3";
			developmentRegion = en;
			hasScannedForEncodings = 0;
			knownRegions = (
				en,
				Base,
			);
			mainGroup = A334860F23BF3E2300D0EB5F;
			productRefGroup = A334861923BF3E2300D0EB5F /* Products */;
			projectDirPath = "";
			projectRoot = "";
			targets = (
				A334861723BF3E2300D0EB5F /* Webrekk */,
				A334862723BF3F2800D0EB5F /* WebtrekkTests */,
				A334865223BF42C300D0EB5F /* Webtrekk */,
			);
		};
/* End PBXProject section */

/* Begin PBXResourcesBuildPhase section */
		A334862623BF3F2800D0EB5F /* Resources */ = {
			isa = PBXResourcesBuildPhase;
			buildActionMask = 2147483647;
			files = (
			);
			runOnlyForDeploymentPostprocessing = 0;
		};
/* End PBXResourcesBuildPhase section */

/* Begin PBXShellScriptBuildPhase section */
		A334865123BF412000D0EB5F /* Run Script */ = {
			isa = PBXShellScriptBuildPhase;
			buildActionMask = 2147483647;
			files = (
			);
			inputFileListPaths = (
			);
			inputPaths = (
			);
			name = "Run Script";
			outputFileListPaths = (
			);
			outputPaths = (
			);
			runOnlyForDeploymentPostprocessing = 0;
			shellPath = /bin/sh;
			shellScript = "# Type a script or drag a script file from your workspace to insert its path.\nset -e\n\nexport FRAMEWORK_LOCN=\"${BUILT_PRODUCTS_DIR}/${PRODUCT_NAME}.framework\"\n\n# Create the path to the real Headers die\nmkdir -p \"${FRAMEWORK_LOCN}/Versions/A/Headers\"\n\n# Create the required symlinks\n/bin/ln -sfh A \"${FRAMEWORK_LOCN}/Versions/Current\"\n/bin/ln -sfh Versions/Current/Headers \"${FRAMEWORK_LOCN}/Headers\"\n/bin/ln -sfh \"Versions/Current/${PRODUCT_NAME}\" \\\n             \"${FRAMEWORK_LOCN}/${PRODUCT_NAME}\"\n\n# Copy the public headers into the framework\n/bin/cp -a \"${TARGET_BUILD_DIR}/${PUBLIC_HEADERS_FOLDER_PATH}/\" \\\n           \"${FRAMEWORK_LOCN}/Versions/A/Headers\"\n";
		};
		A334865823BF436400D0EB5F /* ShellScript */ = {
			isa = PBXShellScriptBuildPhase;
			buildActionMask = 2147483647;
			files = (
			);
			inputFileListPaths = (
			);
			inputPaths = (
			);
			outputFileListPaths = (
			);
			outputPaths = (
			);
			runOnlyForDeploymentPostprocessing = 0;
			shellPath = /bin/sh;
			shellScript = "# Type a script or drag a script file from your workspace to insert its path.\nset -e\n\n# If we're already inside this script then die\nif [ -n \"$RW_MULTIPLATFORM_BUILD_IN_PROGRESS\" ]; then\n  exit 0\nfi\nexport RW_MULTIPLATFORM_BUILD_IN_PROGRESS=1\n\nRW_FRAMEWORK_NAME=${PROJECT_NAME}\nRW_INPUT_STATIC_LIB=\"lib${PROJECT_NAME}.a\"\nRW_FRAMEWORK_LOCATION=\"${BUILT_PRODUCTS_DIR}/${RW_FRAMEWORK_NAME}.framework\"\n\nfunction build_static_library {\n    # Will rebuild the static library as specified\n    #     build_static_library sdk\n    xcrun xcodebuild -project \"${PROJECT_FILE_PATH}\" \\\n                     -target \"${TARGET_NAME}\" \\\n                     -configuration \"${CONFIGURATION}\" \\\n                     -sdk \"${1}\" \\\n                     ONLY_ACTIVE_ARCH=NO \\\n                     BUILD_DIR=\"${BUILD_DIR}\" \\\n                     OBJROOT=\"${OBJROOT}/DependentBuilds\" \\\n                     BUILD_ROOT=\"${BUILD_ROOT}\" \\\n                     SYMROOT=\"${SYMROOT}\" $ACTION\n}\n\nfunction make_fat_library {\n    # Will smash 2 static libs together\n    #     make_fat_library in1 in2 out\n    xcrun lipo -create \"${1}\" \"${2}\" -output \"${3}\"\n}\n\n# 1 - Extract the platform (iphoneos/iphonesimulator) from the SDK name\nif [[ \"$SDK_NAME\" =~ ([A-Za-z]+) ]]; then\n  RW_SDK_PLATFORM=${BASH_REMATCH[1]}\nelse\n  echo \"Could not find platform name from SDK_NAME: $SDK_NAME\"\n  exit 1\nfi\n\n# 2 - Extract the version from the SDK\nif [[ \"$SDK_NAME\" =~ ([0-9]+.*$) ]]; then\n  RW_SDK_VERSION=${BASH_REMATCH[1]}\nelse\n  echo \"Could not find sdk version from SDK_NAME: $SDK_NAME\"\n  exit 1\nfi\n\n# 3 - Determine the other platform\nif [ \"$RW_SDK_PLATFORM\" == \"iphoneos\" ]; then\n  RW_OTHER_PLATFORM=iphonesimulator\nelse\n  RW_OTHER_PLATFORM=iphoneos\nfi\n\n# 4 - Find the build directory\nif [[ \"$BUILT_PRODUCTS_DIR\" =~ (.*)$RW_SDK_PLATFORM$ ]]; then\n  RW_OTHER_BUILT_PRODUCTS_DIR=\"${BASH_REMATCH[1]}${RW_OTHER_PLATFORM}\"\nelse\n  echo \"Could not find other platform build directory.\"\n  exit 1\nfi\n\n# Build the other platform.\nbuild_static_library \"${RW_OTHER_PLATFORM}${RW_SDK_VERSION}\"\n\n# If we're currently building for iphonesimulator, then need to rebuild\n#   to ensure that we get both i386 and x86_64\nif [ \"$RW_SDK_PLATFORM\" == \"iphonesimulator\" ]; then\n    build_static_library \"${SDK_NAME}\"\nfi\n\n# Join the 2 static libs into 1 and push into the .framework\nmake_fat_library \"${BUILT_PRODUCTS_DIR}/${RW_INPUT_STATIC_LIB}\" \\\n                 \"${RW_OTHER_BUILT_PRODUCTS_DIR}/${RW_INPUT_STATIC_LIB}\" \\\n                 \"${RW_FRAMEWORK_LOCATION}/Versions/A/${RW_FRAMEWORK_NAME}\"\n\n# Ensure that the framework is present in both platform's build directories\ncp -a \"${RW_FRAMEWORK_LOCATION}/Versions/A/${RW_FRAMEWORK_NAME}\" \\\n      \"${RW_OTHER_BUILT_PRODUCTS_DIR}/${RW_FRAMEWORK_NAME}.framework/Versions/A/${RW_FRAMEWORK_NAME}\"\n\n# Copy the framework to the user's desktop\nditto \"${RW_FRAMEWORK_LOCATION}\" \"${HOME}/Desktop/${RW_FRAMEWORK_NAME}.framework\"\n";
		};
/* End PBXShellScriptBuildPhase section */

/* Begin PBXSourcesBuildPhase section */
		A334861423BF3E2300D0EB5F /* Sources */ = {
			isa = PBXSourcesBuildPhase;
			buildActionMask = 2147483647;
			files = (
				A334867323BF569400D0EB5F /* WebtrekkNetworkMetadata.m in Sources */,
				A334867723BF569400D0EB5F /* WebtrekkRequest.m in Sources */,
				BCEAE6B823BF5A8B007F410D /* WebtrekkLogger.m in Sources */,
				A334861D23BF3E2300D0EB5F /* Webtrekk.m in Sources */,
				A334867D23BF56A100D0EB5F /* WebtrekkNetworkManager.m in Sources */,
				BCD5E2C523CF38F300CE2092 /* WebtrekkDefaultConfig.m in Sources */,
				A334868123BF56A100D0EB5F /* WebtrekkRequestBuilder.m in Sources */,
				BCD5E2C323CF309900CE2092 /* Config.h in Sources */,
				BCEAE6C223C33258007F410D /* WebtrekkNotificationService.m in Sources */,
			);
			runOnlyForDeploymentPostprocessing = 0;
		};
		A334862423BF3F2800D0EB5F /* Sources */ = {
			isa = PBXSourcesBuildPhase;
			buildActionMask = 2147483647;
			files = (
				A334867423BF569400D0EB5F /* WebtrekkNetworkMetadata.m in Sources */,
				A334867823BF569400D0EB5F /* WebtrekkRequest.m in Sources */,
				A334862B23BF3F2800D0EB5F /* WebtrekkTests.m in Sources */,
				A334867E23BF56A100D0EB5F /* WebtrekkNetworkManager.m in Sources */,
				A334868223BF56A100D0EB5F /* WebtrekkRequestBuilder.m in Sources */,
			);
			runOnlyForDeploymentPostprocessing = 0;
		};
/* End PBXSourcesBuildPhase section */

/* Begin PBXTargetDependency section */
		A334862F23BF3F2800D0EB5F /* PBXTargetDependency */ = {
			isa = PBXTargetDependency;
			target = A334861723BF3E2300D0EB5F /* Webrekk */;
			targetProxy = A334862E23BF3F2800D0EB5F /* PBXContainerItemProxy */;
		};
		A334865723BF435D00D0EB5F /* PBXTargetDependency */ = {
			isa = PBXTargetDependency;
			target = A334861723BF3E2300D0EB5F /* Webrekk */;
			targetProxy = A334865623BF435D00D0EB5F /* PBXContainerItemProxy */;
		};
/* End PBXTargetDependency section */

/* Begin XCBuildConfiguration section */
		A334861F23BF3E2300D0EB5F /* Debug */ = {
			isa = XCBuildConfiguration;
			buildSettings = {
				ALWAYS_SEARCH_USER_PATHS = NO;
				CLANG_ANALYZER_NONNULL = YES;
				CLANG_ANALYZER_NUMBER_OBJECT_CONVERSION = YES_AGGRESSIVE;
				CLANG_CXX_LANGUAGE_STANDARD = "gnu++14";
				CLANG_CXX_LIBRARY = "libc++";
				CLANG_ENABLE_MODULES = YES;
				CLANG_ENABLE_OBJC_ARC = YES;
				CLANG_ENABLE_OBJC_WEAK = YES;
				CLANG_WARN_BLOCK_CAPTURE_AUTORELEASING = YES;
				CLANG_WARN_BOOL_CONVERSION = YES;
				CLANG_WARN_COMMA = YES;
				CLANG_WARN_CONSTANT_CONVERSION = YES;
				CLANG_WARN_DEPRECATED_OBJC_IMPLEMENTATIONS = YES;
				CLANG_WARN_DIRECT_OBJC_ISA_USAGE = YES_ERROR;
				CLANG_WARN_DOCUMENTATION_COMMENTS = YES;
				CLANG_WARN_EMPTY_BODY = YES;
				CLANG_WARN_ENUM_CONVERSION = YES;
				CLANG_WARN_INFINITE_RECURSION = YES;
				CLANG_WARN_INT_CONVERSION = YES;
				CLANG_WARN_NON_LITERAL_NULL_CONVERSION = YES;
				CLANG_WARN_OBJC_IMPLICIT_RETAIN_SELF = YES;
				CLANG_WARN_OBJC_LITERAL_CONVERSION = YES;
				CLANG_WARN_OBJC_ROOT_CLASS = YES_ERROR;
				CLANG_WARN_RANGE_LOOP_ANALYSIS = YES;
				CLANG_WARN_STRICT_PROTOTYPES = YES;
				CLANG_WARN_SUSPICIOUS_MOVE = YES;
				CLANG_WARN_UNGUARDED_AVAILABILITY = YES_AGGRESSIVE;
				CLANG_WARN_UNREACHABLE_CODE = YES;
				CLANG_WARN__DUPLICATE_METHOD_MATCH = YES;
				COPY_PHASE_STRIP = NO;
				DEBUG_INFORMATION_FORMAT = dwarf;
				ENABLE_STRICT_OBJC_MSGSEND = YES;
				ENABLE_TESTABILITY = YES;
				GCC_C_LANGUAGE_STANDARD = gnu11;
				GCC_DYNAMIC_NO_PIC = NO;
				GCC_NO_COMMON_BLOCKS = YES;
				GCC_OPTIMIZATION_LEVEL = 0;
				GCC_PREPROCESSOR_DEFINITIONS = (
					"DEBUG=1",
					"$(inherited)",
				);
				GCC_WARN_64_TO_32_BIT_CONVERSION = YES;
				GCC_WARN_ABOUT_RETURN_TYPE = YES_ERROR;
				GCC_WARN_UNDECLARED_SELECTOR = YES;
				GCC_WARN_UNINITIALIZED_AUTOS = YES_AGGRESSIVE;
				GCC_WARN_UNUSED_FUNCTION = YES;
				GCC_WARN_UNUSED_VARIABLE = YES;
				IPHONEOS_DEPLOYMENT_TARGET = 13.2;
				MTL_ENABLE_DEBUG_INFO = INCLUDE_SOURCE;
				MTL_FAST_MATH = YES;
				ONLY_ACTIVE_ARCH = YES;
				SDKROOT = iphoneos;
			};
			name = Debug;
		};
		A334862023BF3E2300D0EB5F /* Release */ = {
			isa = XCBuildConfiguration;
			buildSettings = {
				ALWAYS_SEARCH_USER_PATHS = NO;
				CLANG_ANALYZER_NONNULL = YES;
				CLANG_ANALYZER_NUMBER_OBJECT_CONVERSION = YES_AGGRESSIVE;
				CLANG_CXX_LANGUAGE_STANDARD = "gnu++14";
				CLANG_CXX_LIBRARY = "libc++";
				CLANG_ENABLE_MODULES = YES;
				CLANG_ENABLE_OBJC_ARC = YES;
				CLANG_ENABLE_OBJC_WEAK = YES;
				CLANG_WARN_BLOCK_CAPTURE_AUTORELEASING = YES;
				CLANG_WARN_BOOL_CONVERSION = YES;
				CLANG_WARN_COMMA = YES;
				CLANG_WARN_CONSTANT_CONVERSION = YES;
				CLANG_WARN_DEPRECATED_OBJC_IMPLEMENTATIONS = YES;
				CLANG_WARN_DIRECT_OBJC_ISA_USAGE = YES_ERROR;
				CLANG_WARN_DOCUMENTATION_COMMENTS = YES;
				CLANG_WARN_EMPTY_BODY = YES;
				CLANG_WARN_ENUM_CONVERSION = YES;
				CLANG_WARN_INFINITE_RECURSION = YES;
				CLANG_WARN_INT_CONVERSION = YES;
				CLANG_WARN_NON_LITERAL_NULL_CONVERSION = YES;
				CLANG_WARN_OBJC_IMPLICIT_RETAIN_SELF = YES;
				CLANG_WARN_OBJC_LITERAL_CONVERSION = YES;
				CLANG_WARN_OBJC_ROOT_CLASS = YES_ERROR;
				CLANG_WARN_RANGE_LOOP_ANALYSIS = YES;
				CLANG_WARN_STRICT_PROTOTYPES = YES;
				CLANG_WARN_SUSPICIOUS_MOVE = YES;
				CLANG_WARN_UNGUARDED_AVAILABILITY = YES_AGGRESSIVE;
				CLANG_WARN_UNREACHABLE_CODE = YES;
				CLANG_WARN__DUPLICATE_METHOD_MATCH = YES;
				COPY_PHASE_STRIP = NO;
				DEBUG_INFORMATION_FORMAT = "dwarf-with-dsym";
				ENABLE_NS_ASSERTIONS = NO;
				ENABLE_STRICT_OBJC_MSGSEND = YES;
				GCC_C_LANGUAGE_STANDARD = gnu11;
				GCC_NO_COMMON_BLOCKS = YES;
				GCC_WARN_64_TO_32_BIT_CONVERSION = YES;
				GCC_WARN_ABOUT_RETURN_TYPE = YES_ERROR;
				GCC_WARN_UNDECLARED_SELECTOR = YES;
				GCC_WARN_UNINITIALIZED_AUTOS = YES_AGGRESSIVE;
				GCC_WARN_UNUSED_FUNCTION = YES;
				GCC_WARN_UNUSED_VARIABLE = YES;
				IPHONEOS_DEPLOYMENT_TARGET = 13.2;
				MTL_ENABLE_DEBUG_INFO = NO;
				MTL_FAST_MATH = YES;
				SDKROOT = iphoneos;
				VALIDATE_PRODUCT = YES;
			};
			name = Release;
		};
		A334862223BF3E2300D0EB5F /* Debug */ = {
			isa = XCBuildConfiguration;
			buildSettings = {
				CLANG_ENABLE_MODULES = YES;
				CODE_SIGN_STYLE = Automatic;
				DEVELOPMENT_TEAM = LERY366S7C;
				LD_RUNPATH_SEARCH_PATHS = (
					"$(inherited)",
					"@executable_path/Frameworks",
					"@loader_path/Frameworks",
				);
				OTHER_LDFLAGS = "-ObjC";
				PRODUCT_NAME = "$(TARGET_NAME)";
				SKIP_INSTALL = YES;
				SWIFT_OBJC_BRIDGING_HEADER = "Webrekk-Bridging-Header.h";
				SWIFT_OPTIMIZATION_LEVEL = "-Onone";
				SWIFT_VERSION = 5.0;
				TARGETED_DEVICE_FAMILY = "1,2";
			};
			name = Debug;
		};
		A334862323BF3E2300D0EB5F /* Release */ = {
			isa = XCBuildConfiguration;
			buildSettings = {
				CLANG_ENABLE_MODULES = YES;
				CODE_SIGN_STYLE = Automatic;
				DEVELOPMENT_TEAM = LERY366S7C;
				LD_RUNPATH_SEARCH_PATHS = (
					"$(inherited)",
					"@executable_path/Frameworks",
					"@loader_path/Frameworks",
				);
				OTHER_LDFLAGS = "-ObjC";
				PRODUCT_NAME = "$(TARGET_NAME)";
				SKIP_INSTALL = YES;
				SWIFT_OBJC_BRIDGING_HEADER = "Webrekk-Bridging-Header.h";
				SWIFT_VERSION = 5.0;
				TARGETED_DEVICE_FAMILY = "1,2";
			};
			name = Release;
		};
		A334863123BF3F2800D0EB5F /* Debug */ = {
			isa = XCBuildConfiguration;
			buildSettings = {
				CODE_SIGN_STYLE = Automatic;
				DEVELOPMENT_TEAM = LERY366S7C;
				INFOPLIST_FILE = WebtrekkTests/Info.plist;
				LD_RUNPATH_SEARCH_PATHS = (
					"$(inherited)",
					"@executable_path/Frameworks",
					"@loader_path/Frameworks",
				);
				PRODUCT_BUNDLE_IDENTIFIER = com.mapp.WebtrekkTests;
				PRODUCT_NAME = "$(TARGET_NAME)";
				TARGETED_DEVICE_FAMILY = "1,2";
			};
			name = Debug;
		};
		A334863223BF3F2800D0EB5F /* Release */ = {
			isa = XCBuildConfiguration;
			buildSettings = {
				CODE_SIGN_STYLE = Automatic;
				DEVELOPMENT_TEAM = LERY366S7C;
				INFOPLIST_FILE = WebtrekkTests/Info.plist;
				LD_RUNPATH_SEARCH_PATHS = (
					"$(inherited)",
					"@executable_path/Frameworks",
					"@loader_path/Frameworks",
				);
				PRODUCT_BUNDLE_IDENTIFIER = com.mapp.WebtrekkTests;
				PRODUCT_NAME = "$(TARGET_NAME)";
				TARGETED_DEVICE_FAMILY = "1,2";
			};
			name = Release;
		};
		A334865423BF42C300D0EB5F /* Debug */ = {
			isa = XCBuildConfiguration;
			buildSettings = {
				CODE_SIGN_STYLE = Automatic;
				DEVELOPMENT_TEAM = LERY366S7C;
				PRODUCT_NAME = "$(TARGET_NAME)";
			};
			name = Debug;
		};
		A334865523BF42C300D0EB5F /* Release */ = {
			isa = XCBuildConfiguration;
			buildSettings = {
				CODE_SIGN_STYLE = Automatic;
				DEVELOPMENT_TEAM = LERY366S7C;
				PRODUCT_NAME = "$(TARGET_NAME)";
			};
			name = Release;
		};
/* End XCBuildConfiguration section */

/* Begin XCConfigurationList section */
		A334861323BF3E2300D0EB5F /* Build configuration list for PBXProject "Webrekk" */ = {
			isa = XCConfigurationList;
			buildConfigurations = (
				A334861F23BF3E2300D0EB5F /* Debug */,
				A334862023BF3E2300D0EB5F /* Release */,
			);
			defaultConfigurationIsVisible = 0;
			defaultConfigurationName = Release;
		};
		A334862123BF3E2300D0EB5F /* Build configuration list for PBXNativeTarget "Webrekk" */ = {
			isa = XCConfigurationList;
			buildConfigurations = (
				A334862223BF3E2300D0EB5F /* Debug */,
				A334862323BF3E2300D0EB5F /* Release */,
			);
			defaultConfigurationIsVisible = 0;
			defaultConfigurationName = Release;
		};
		A334863023BF3F2800D0EB5F /* Build configuration list for PBXNativeTarget "WebtrekkTests" */ = {
			isa = XCConfigurationList;
			buildConfigurations = (
				A334863123BF3F2800D0EB5F /* Debug */,
				A334863223BF3F2800D0EB5F /* Release */,
			);
			defaultConfigurationIsVisible = 0;
			defaultConfigurationName = Release;
		};
		A334865323BF42C300D0EB5F /* Build configuration list for PBXAggregateTarget "Webtrekk" */ = {
			isa = XCConfigurationList;
			buildConfigurations = (
				A334865423BF42C300D0EB5F /* Debug */,
				A334865523BF42C300D0EB5F /* Release */,
			);
			defaultConfigurationIsVisible = 0;
			defaultConfigurationName = Release;
		};
/* End XCConfigurationList section */
	};
	rootObject = A334861023BF3E2300D0EB5F /* Project object */;
}
