// !$*UTF8*$!
{
	archiveVersion = 1;
	classes = {
	};
	objectVersion = 55;
	objects = {

/* Begin PBXBuildFile section */
		A347B5E027AC215E0084DEEC /* testMappIntelligenceSwiftUIApp.swift in Sources */ = {isa = PBXBuildFile; fileRef = A347B5DF27AC215E0084DEEC /* testMappIntelligenceSwiftUIApp.swift */; };
		A347B5E227AC215E0084DEEC /* ContentView.swift in Sources */ = {isa = PBXBuildFile; fileRef = A347B5E127AC215E0084DEEC /* ContentView.swift */; };
		A347B5E427AC21600084DEEC /* Assets.xcassets in Resources */ = {isa = PBXBuildFile; fileRef = A347B5E327AC21600084DEEC /* Assets.xcassets */; };
		A347B5E727AC21600084DEEC /* Preview Assets.xcassets in Resources */ = {isa = PBXBuildFile; fileRef = A347B5E627AC21600084DEEC /* Preview Assets.xcassets */; };
		A347B5F127AC21600084DEEC /* testMappIntelligenceSwiftUITests.swift in Sources */ = {isa = PBXBuildFile; fileRef = A347B5F027AC21600084DEEC /* testMappIntelligenceSwiftUITests.swift */; };
		A347B5FB27AC21600084DEEC /* testMappIntelligenceSwiftUIUITests.swift in Sources */ = {isa = PBXBuildFile; fileRef = A347B5FA27AC21600084DEEC /* testMappIntelligenceSwiftUIUITests.swift */; };
		A347B5FD27AC21600084DEEC /* testMappIntelligenceSwiftUIUITestsLaunchTests.swift in Sources */ = {isa = PBXBuildFile; fileRef = A347B5FC27AC21600084DEEC /* testMappIntelligenceSwiftUIUITestsLaunchTests.swift */; };
		A347B61F27AC338C0084DEEC /* libMappIntelligenceiOS.a in Frameworks */ = {isa = PBXBuildFile; fileRef = A347B61E27AC338C0084DEEC /* libMappIntelligenceiOS.a */; };
/* End PBXBuildFile section */

/* Begin PBXContainerItemProxy section */
		A347B5ED27AC21600084DEEC /* PBXContainerItemProxy */ = {
			isa = PBXContainerItemProxy;
			containerPortal = A347B5D427AC215D0084DEEC /* Project object */;
			proxyType = 1;
			remoteGlobalIDString = A347B5DB27AC215E0084DEEC;
			remoteInfo = testMappIntelligenceSwiftUI;
		};
		A347B5F727AC21600084DEEC /* PBXContainerItemProxy */ = {
			isa = PBXContainerItemProxy;
			containerPortal = A347B5D427AC215D0084DEEC /* Project object */;
			proxyType = 1;
			remoteGlobalIDString = A347B5DB27AC215E0084DEEC;
			remoteInfo = testMappIntelligenceSwiftUI;
		};
/* End PBXContainerItemProxy section */

/* Begin PBXFileReference section */
		A347B5DC27AC215E0084DEEC /* testMappIntelligenceSwiftUI.app */ = {isa = PBXFileReference; explicitFileType = wrapper.application; includeInIndex = 0; path = testMappIntelligenceSwiftUI.app; sourceTree = BUILT_PRODUCTS_DIR; };
		A347B5DF27AC215E0084DEEC /* testMappIntelligenceSwiftUIApp.swift */ = {isa = PBXFileReference; lastKnownFileType = sourcecode.swift; path = testMappIntelligenceSwiftUIApp.swift; sourceTree = "<group>"; };
		A347B5E127AC215E0084DEEC /* ContentView.swift */ = {isa = PBXFileReference; lastKnownFileType = sourcecode.swift; path = ContentView.swift; sourceTree = "<group>"; };
		A347B5E327AC21600084DEEC /* Assets.xcassets */ = {isa = PBXFileReference; lastKnownFileType = folder.assetcatalog; path = Assets.xcassets; sourceTree = "<group>"; };
		A347B5E627AC21600084DEEC /* Preview Assets.xcassets */ = {isa = PBXFileReference; lastKnownFileType = folder.assetcatalog; path = "Preview Assets.xcassets"; sourceTree = "<group>"; };
		A347B5EC27AC21600084DEEC /* testMappIntelligenceSwiftUITests.xctest */ = {isa = PBXFileReference; explicitFileType = wrapper.cfbundle; includeInIndex = 0; path = testMappIntelligenceSwiftUITests.xctest; sourceTree = BUILT_PRODUCTS_DIR; };
		A347B5F027AC21600084DEEC /* testMappIntelligenceSwiftUITests.swift */ = {isa = PBXFileReference; lastKnownFileType = sourcecode.swift; path = testMappIntelligenceSwiftUITests.swift; sourceTree = "<group>"; };
		A347B5F627AC21600084DEEC /* testMappIntelligenceSwiftUIUITests.xctest */ = {isa = PBXFileReference; explicitFileType = wrapper.cfbundle; includeInIndex = 0; path = testMappIntelligenceSwiftUIUITests.xctest; sourceTree = BUILT_PRODUCTS_DIR; };
		A347B5FA27AC21600084DEEC /* testMappIntelligenceSwiftUIUITests.swift */ = {isa = PBXFileReference; lastKnownFileType = sourcecode.swift; path = testMappIntelligenceSwiftUIUITests.swift; sourceTree = "<group>"; };
		A347B5FC27AC21600084DEEC /* testMappIntelligenceSwiftUIUITestsLaunchTests.swift */ = {isa = PBXFileReference; lastKnownFileType = sourcecode.swift; path = testMappIntelligenceSwiftUIUITestsLaunchTests.swift; sourceTree = "<group>"; };
		A347B61927AC30D80084DEEC /* testMappIntelligenceSwiftUI-Bridging-Header.h */ = {isa = PBXFileReference; lastKnownFileType = sourcecode.c.h; path = "testMappIntelligenceSwiftUI-Bridging-Header.h"; sourceTree = "<group>"; };
		A347B61E27AC338C0084DEEC /* libMappIntelligenceiOS.a */ = {isa = PBXFileReference; explicitFileType = archive.ar; path = libMappIntelligenceiOS.a; sourceTree = BUILT_PRODUCTS_DIR; };
		A347B62227AD33240084DEEC /* Info.plist */ = {isa = PBXFileReference; fileEncoding = 4; lastKnownFileType = text.plist.xml; path = Info.plist; sourceTree = "<group>"; };
/* End PBXFileReference section */

/* Begin PBXFrameworksBuildPhase section */
		A347B5D927AC215E0084DEEC /* Frameworks */ = {
			isa = PBXFrameworksBuildPhase;
			buildActionMask = 2147483647;
			files = (
				A347B61F27AC338C0084DEEC /* libMappIntelligenceiOS.a in Frameworks */,
			);
			runOnlyForDeploymentPostprocessing = 0;
		};
		A347B5E927AC21600084DEEC /* Frameworks */ = {
			isa = PBXFrameworksBuildPhase;
			buildActionMask = 2147483647;
			files = (
			);
			runOnlyForDeploymentPostprocessing = 0;
		};
		A347B5F327AC21600084DEEC /* Frameworks */ = {
			isa = PBXFrameworksBuildPhase;
			buildActionMask = 2147483647;
			files = (
			);
			runOnlyForDeploymentPostprocessing = 0;
		};
/* End PBXFrameworksBuildPhase section */

/* Begin PBXGroup section */
		A347B5D327AC215D0084DEEC = {
			isa = PBXGroup;
			children = (
				A347B5DE27AC215E0084DEEC /* testMappIntelligenceSwiftUI */,
				A347B5EF27AC21600084DEEC /* testMappIntelligenceSwiftUITests */,
				A347B5F927AC21600084DEEC /* testMappIntelligenceSwiftUIUITests */,
				A347B5DD27AC215E0084DEEC /* Products */,
				A347B60927AC26BB0084DEEC /* Frameworks */,
			);
			sourceTree = "<group>";
		};
		A347B5DD27AC215E0084DEEC /* Products */ = {
			isa = PBXGroup;
			children = (
				A347B5DC27AC215E0084DEEC /* testMappIntelligenceSwiftUI.app */,
				A347B5EC27AC21600084DEEC /* testMappIntelligenceSwiftUITests.xctest */,
				A347B5F627AC21600084DEEC /* testMappIntelligenceSwiftUIUITests.xctest */,
			);
			name = Products;
			sourceTree = "<group>";
		};
		A347B5DE27AC215E0084DEEC /* testMappIntelligenceSwiftUI */ = {
			isa = PBXGroup;
			children = (
				A347B62227AD33240084DEEC /* Info.plist */,
				A347B5DF27AC215E0084DEEC /* testMappIntelligenceSwiftUIApp.swift */,
				A347B5E127AC215E0084DEEC /* ContentView.swift */,
				A347B5E327AC21600084DEEC /* Assets.xcassets */,
				A347B5E527AC21600084DEEC /* Preview Content */,
				A347B61927AC30D80084DEEC /* testMappIntelligenceSwiftUI-Bridging-Header.h */,
			);
			path = testMappIntelligenceSwiftUI;
			sourceTree = "<group>";
		};
		A347B5E527AC21600084DEEC /* Preview Content */ = {
			isa = PBXGroup;
			children = (
				A347B5E627AC21600084DEEC /* Preview Assets.xcassets */,
			);
			path = "Preview Content";
			sourceTree = "<group>";
		};
		A347B5EF27AC21600084DEEC /* testMappIntelligenceSwiftUITests */ = {
			isa = PBXGroup;
			children = (
				A347B5F027AC21600084DEEC /* testMappIntelligenceSwiftUITests.swift */,
			);
			path = testMappIntelligenceSwiftUITests;
			sourceTree = "<group>";
		};
		A347B5F927AC21600084DEEC /* testMappIntelligenceSwiftUIUITests */ = {
			isa = PBXGroup;
			children = (
				A347B5FA27AC21600084DEEC /* testMappIntelligenceSwiftUIUITests.swift */,
				A347B5FC27AC21600084DEEC /* testMappIntelligenceSwiftUIUITestsLaunchTests.swift */,
			);
			path = testMappIntelligenceSwiftUIUITests;
			sourceTree = "<group>";
		};
		A347B60927AC26BB0084DEEC /* Frameworks */ = {
			isa = PBXGroup;
			children = (
				A347B61E27AC338C0084DEEC /* libMappIntelligenceiOS.a */,
			);
			name = Frameworks;
			sourceTree = "<group>";
		};
/* End PBXGroup section */

/* Begin PBXNativeTarget section */
		A347B5DB27AC215E0084DEEC /* testMappIntelligenceSwiftUI */ = {
			isa = PBXNativeTarget;
			buildConfigurationList = A347B60027AC21600084DEEC /* Build configuration list for PBXNativeTarget "testMappIntelligenceSwiftUI" */;
			buildPhases = (
				A347B5D827AC215E0084DEEC /* Sources */,
				A347B5D927AC215E0084DEEC /* Frameworks */,
				A347B5DA27AC215E0084DEEC /* Resources */,
			);
			buildRules = (
			);
			dependencies = (
			);
			name = testMappIntelligenceSwiftUI;
			packageProductDependencies = (
			);
			productName = testMappIntelligenceSwiftUI;
			productReference = A347B5DC27AC215E0084DEEC /* testMappIntelligenceSwiftUI.app */;
			productType = "com.apple.product-type.application";
		};
		A347B5EB27AC21600084DEEC /* testMappIntelligenceSwiftUITests */ = {
			isa = PBXNativeTarget;
			buildConfigurationList = A347B60327AC21600084DEEC /* Build configuration list for PBXNativeTarget "testMappIntelligenceSwiftUITests" */;
			buildPhases = (
				A347B5E827AC21600084DEEC /* Sources */,
				A347B5E927AC21600084DEEC /* Frameworks */,
				A347B5EA27AC21600084DEEC /* Resources */,
			);
			buildRules = (
			);
			dependencies = (
				A347B5EE27AC21600084DEEC /* PBXTargetDependency */,
			);
			name = testMappIntelligenceSwiftUITests;
			productName = testMappIntelligenceSwiftUITests;
			productReference = A347B5EC27AC21600084DEEC /* testMappIntelligenceSwiftUITests.xctest */;
			productType = "com.apple.product-type.bundle.unit-test";
		};
		A347B5F527AC21600084DEEC /* testMappIntelligenceSwiftUIUITests */ = {
			isa = PBXNativeTarget;
			buildConfigurationList = A347B60627AC21600084DEEC /* Build configuration list for PBXNativeTarget "testMappIntelligenceSwiftUIUITests" */;
			buildPhases = (
				A347B5F227AC21600084DEEC /* Sources */,
				A347B5F327AC21600084DEEC /* Frameworks */,
				A347B5F427AC21600084DEEC /* Resources */,
			);
			buildRules = (
			);
			dependencies = (
				A347B5F827AC21600084DEEC /* PBXTargetDependency */,
			);
			name = testMappIntelligenceSwiftUIUITests;
			productName = testMappIntelligenceSwiftUIUITests;
			productReference = A347B5F627AC21600084DEEC /* testMappIntelligenceSwiftUIUITests.xctest */;
			productType = "com.apple.product-type.bundle.ui-testing";
		};
/* End PBXNativeTarget section */

/* Begin PBXProject section */
		A347B5D427AC215D0084DEEC /* Project object */ = {
			isa = PBXProject;
			attributes = {
				BuildIndependentTargetsInParallel = 1;
				LastSwiftUpdateCheck = 1320;
				LastUpgradeCheck = 1320;
				TargetAttributes = {
					A347B5DB27AC215E0084DEEC = {
						CreatedOnToolsVersion = 13.2.1;
						LastSwiftMigration = 1320;
					};
					A347B5EB27AC21600084DEEC = {
						CreatedOnToolsVersion = 13.2.1;
						TestTargetID = A347B5DB27AC215E0084DEEC;
					};
					A347B5F527AC21600084DEEC = {
						CreatedOnToolsVersion = 13.2.1;
						TestTargetID = A347B5DB27AC215E0084DEEC;
					};
				};
			};
			buildConfigurationList = A347B5D727AC215D0084DEEC /* Build configuration list for PBXProject "testMappIntelligenceSwiftUI" */;
			compatibilityVersion = "Xcode 13.0";
			developmentRegion = en;
			hasScannedForEncodings = 0;
			knownRegions = (
				en,
				Base,
			);
			mainGroup = A347B5D327AC215D0084DEEC;
			productRefGroup = A347B5DD27AC215E0084DEEC /* Products */;
			projectDirPath = "";
			projectRoot = "";
			targets = (
				A347B5DB27AC215E0084DEEC /* testMappIntelligenceSwiftUI */,
				A347B5EB27AC21600084DEEC /* testMappIntelligenceSwiftUITests */,
				A347B5F527AC21600084DEEC /* testMappIntelligenceSwiftUIUITests */,
			);
		};
/* End PBXProject section */

/* Begin PBXResourcesBuildPhase section */
		A347B5DA27AC215E0084DEEC /* Resources */ = {
			isa = PBXResourcesBuildPhase;
			buildActionMask = 2147483647;
			files = (
				A347B5E727AC21600084DEEC /* Preview Assets.xcassets in Resources */,
				A347B5E427AC21600084DEEC /* Assets.xcassets in Resources */,
			);
			runOnlyForDeploymentPostprocessing = 0;
		};
		A347B5EA27AC21600084DEEC /* Resources */ = {
			isa = PBXResourcesBuildPhase;
			buildActionMask = 2147483647;
			files = (
			);
			runOnlyForDeploymentPostprocessing = 0;
		};
		A347B5F427AC21600084DEEC /* Resources */ = {
			isa = PBXResourcesBuildPhase;
			buildActionMask = 2147483647;
			files = (
			);
			runOnlyForDeploymentPostprocessing = 0;
		};
/* End PBXResourcesBuildPhase section */

/* Begin PBXSourcesBuildPhase section */
		A347B5D827AC215E0084DEEC /* Sources */ = {
			isa = PBXSourcesBuildPhase;
			buildActionMask = 2147483647;
			files = (
				A347B5E227AC215E0084DEEC /* ContentView.swift in Sources */,
				A347B5E027AC215E0084DEEC /* testMappIntelligenceSwiftUIApp.swift in Sources */,
			);
			runOnlyForDeploymentPostprocessing = 0;
		};
		A347B5E827AC21600084DEEC /* Sources */ = {
			isa = PBXSourcesBuildPhase;
			buildActionMask = 2147483647;
			files = (
				A347B5F127AC21600084DEEC /* testMappIntelligenceSwiftUITests.swift in Sources */,
			);
			runOnlyForDeploymentPostprocessing = 0;
		};
		A347B5F227AC21600084DEEC /* Sources */ = {
			isa = PBXSourcesBuildPhase;
			buildActionMask = 2147483647;
			files = (
				A347B5FB27AC21600084DEEC /* testMappIntelligenceSwiftUIUITests.swift in Sources */,
				A347B5FD27AC21600084DEEC /* testMappIntelligenceSwiftUIUITestsLaunchTests.swift in Sources */,
			);
			runOnlyForDeploymentPostprocessing = 0;
		};
/* End PBXSourcesBuildPhase section */

/* Begin PBXTargetDependency section */
		A347B5EE27AC21600084DEEC /* PBXTargetDependency */ = {
			isa = PBXTargetDependency;
			target = A347B5DB27AC215E0084DEEC /* testMappIntelligenceSwiftUI */;
			targetProxy = A347B5ED27AC21600084DEEC /* PBXContainerItemProxy */;
		};
		A347B5F827AC21600084DEEC /* PBXTargetDependency */ = {
			isa = PBXTargetDependency;
			target = A347B5DB27AC215E0084DEEC /* testMappIntelligenceSwiftUI */;
			targetProxy = A347B5F727AC21600084DEEC /* PBXContainerItemProxy */;
		};
/* End PBXTargetDependency section */

/* Begin XCBuildConfiguration section */
		A347B5FE27AC21600084DEEC /* Debug */ = {
			isa = XCBuildConfiguration;
			buildSettings = {
				ALWAYS_SEARCH_USER_PATHS = NO;
				CLANG_ANALYZER_NONNULL = YES;
				CLANG_ANALYZER_NUMBER_OBJECT_CONVERSION = YES_AGGRESSIVE;
				CLANG_CXX_LANGUAGE_STANDARD = "gnu++17";
				CLANG_CXX_LIBRARY = "libc++";
				CLANG_ENABLE_MODULES = YES;
				CLANG_ENABLE_OBJC_ARC = YES;
				CLANG_ENABLE_OBJC_WEAK = YES;
				CLANG_WARN_BLOCK_CAPTURE_AUTORELEASING = YES;
				CLANG_WARN_BOOL_CONVERSION = YES;
				CLANG_WARN_COMMA = YES;
				CLANG_WARN_CONSTANT_CONVERSION = YES;
				CLANG_WARN_DEPRECATED_OBJC_IMPLEMENTATIONS = YES;
				CLANG_WARN_DIRECT_OBJC_ISA_USAGE = YES_ERROR;
				CLANG_WARN_DOCUMENTATION_COMMENTS = YES;
				CLANG_WARN_EMPTY_BODY = YES;
				CLANG_WARN_ENUM_CONVERSION = YES;
				CLANG_WARN_INFINITE_RECURSION = YES;
				CLANG_WARN_INT_CONVERSION = YES;
				CLANG_WARN_NON_LITERAL_NULL_CONVERSION = YES;
				CLANG_WARN_OBJC_IMPLICIT_RETAIN_SELF = YES;
				CLANG_WARN_OBJC_LITERAL_CONVERSION = YES;
				CLANG_WARN_OBJC_ROOT_CLASS = YES_ERROR;
				CLANG_WARN_QUOTED_INCLUDE_IN_FRAMEWORK_HEADER = YES;
				CLANG_WARN_RANGE_LOOP_ANALYSIS = YES;
				CLANG_WARN_STRICT_PROTOTYPES = YES;
				CLANG_WARN_SUSPICIOUS_MOVE = YES;
				CLANG_WARN_UNGUARDED_AVAILABILITY = YES_AGGRESSIVE;
				CLANG_WARN_UNREACHABLE_CODE = YES;
				CLANG_WARN__DUPLICATE_METHOD_MATCH = YES;
				COPY_PHASE_STRIP = NO;
				DEBUG_INFORMATION_FORMAT = dwarf;
				ENABLE_STRICT_OBJC_MSGSEND = YES;
				ENABLE_TESTABILITY = YES;
				GCC_C_LANGUAGE_STANDARD = gnu11;
				GCC_DYNAMIC_NO_PIC = NO;
				GCC_NO_COMMON_BLOCKS = YES;
				GCC_OPTIMIZATION_LEVEL = 0;
				GCC_PREPROCESSOR_DEFINITIONS = (
					"DEBUG=1",
					"$(inherited)",
				);
				GCC_WARN_64_TO_32_BIT_CONVERSION = YES;
				GCC_WARN_ABOUT_RETURN_TYPE = YES_ERROR;
				GCC_WARN_UNDECLARED_SELECTOR = YES;
				GCC_WARN_UNINITIALIZED_AUTOS = YES_AGGRESSIVE;
				GCC_WARN_UNUSED_FUNCTION = YES;
				GCC_WARN_UNUSED_VARIABLE = YES;
				IPHONEOS_DEPLOYMENT_TARGET = 15.2;
				MTL_ENABLE_DEBUG_INFO = INCLUDE_SOURCE;
				MTL_FAST_MATH = YES;
				ONLY_ACTIVE_ARCH = YES;
				SDKROOT = iphoneos;
				SWIFT_ACTIVE_COMPILATION_CONDITIONS = DEBUG;
				SWIFT_OPTIMIZATION_LEVEL = "-Onone";
			};
			name = Debug;
		};
		A347B5FF27AC21600084DEEC /* Release */ = {
			isa = XCBuildConfiguration;
			buildSettings = {
				ALWAYS_SEARCH_USER_PATHS = NO;
				CLANG_ANALYZER_NONNULL = YES;
				CLANG_ANALYZER_NUMBER_OBJECT_CONVERSION = YES_AGGRESSIVE;
				CLANG_CXX_LANGUAGE_STANDARD = "gnu++17";
				CLANG_CXX_LIBRARY = "libc++";
				CLANG_ENABLE_MODULES = YES;
				CLANG_ENABLE_OBJC_ARC = YES;
				CLANG_ENABLE_OBJC_WEAK = YES;
				CLANG_WARN_BLOCK_CAPTURE_AUTORELEASING = YES;
				CLANG_WARN_BOOL_CONVERSION = YES;
				CLANG_WARN_COMMA = YES;
				CLANG_WARN_CONSTANT_CONVERSION = YES;
				CLANG_WARN_DEPRECATED_OBJC_IMPLEMENTATIONS = YES;
				CLANG_WARN_DIRECT_OBJC_ISA_USAGE = YES_ERROR;
				CLANG_WARN_DOCUMENTATION_COMMENTS = YES;
				CLANG_WARN_EMPTY_BODY = YES;
				CLANG_WARN_ENUM_CONVERSION = YES;
				CLANG_WARN_INFINITE_RECURSION = YES;
				CLANG_WARN_INT_CONVERSION = YES;
				CLANG_WARN_NON_LITERAL_NULL_CONVERSION = YES;
				CLANG_WARN_OBJC_IMPLICIT_RETAIN_SELF = YES;
				CLANG_WARN_OBJC_LITERAL_CONVERSION = YES;
				CLANG_WARN_OBJC_ROOT_CLASS = YES_ERROR;
				CLANG_WARN_QUOTED_INCLUDE_IN_FRAMEWORK_HEADER = YES;
				CLANG_WARN_RANGE_LOOP_ANALYSIS = YES;
				CLANG_WARN_STRICT_PROTOTYPES = YES;
				CLANG_WARN_SUSPICIOUS_MOVE = YES;
				CLANG_WARN_UNGUARDED_AVAILABILITY = YES_AGGRESSIVE;
				CLANG_WARN_UNREACHABLE_CODE = YES;
				CLANG_WARN__DUPLICATE_METHOD_MATCH = YES;
				COPY_PHASE_STRIP = NO;
				DEBUG_INFORMATION_FORMAT = "dwarf-with-dsym";
				ENABLE_NS_ASSERTIONS = NO;
				ENABLE_STRICT_OBJC_MSGSEND = YES;
				GCC_C_LANGUAGE_STANDARD = gnu11;
				GCC_NO_COMMON_BLOCKS = YES;
				GCC_WARN_64_TO_32_BIT_CONVERSION = YES;
				GCC_WARN_ABOUT_RETURN_TYPE = YES_ERROR;
				GCC_WARN_UNDECLARED_SELECTOR = YES;
				GCC_WARN_UNINITIALIZED_AUTOS = YES_AGGRESSIVE;
				GCC_WARN_UNUSED_FUNCTION = YES;
				GCC_WARN_UNUSED_VARIABLE = YES;
				IPHONEOS_DEPLOYMENT_TARGET = 15.2;
				MTL_ENABLE_DEBUG_INFO = NO;
				MTL_FAST_MATH = YES;
				SDKROOT = iphoneos;
				SWIFT_COMPILATION_MODE = wholemodule;
				SWIFT_OPTIMIZATION_LEVEL = "-O";
				VALIDATE_PRODUCT = YES;
			};
			name = Release;
		};
		A347B60127AC21600084DEEC /* Debug */ = {
			isa = XCBuildConfiguration;
			buildSettings = {
				ASSETCATALOG_COMPILER_APPICON_NAME = AppIcon;
				ASSETCATALOG_COMPILER_GLOBAL_ACCENT_COLOR_NAME = AccentColor;
				CLANG_ENABLE_MODULES = YES;
				CODE_SIGN_STYLE = Automatic;
				CURRENT_PROJECT_VERSION = 1;
				DEVELOPMENT_ASSET_PATHS = "\"testMappIntelligenceSwiftUI/Preview Content\"";
				DEVELOPMENT_TEAM = M7NQL3V55V;
				ENABLE_PREVIEWS = YES;
				GENERATE_INFOPLIST_FILE = YES;
				INFOPLIST_FILE = testMappIntelligenceSwiftUI/Info.plist;
				INFOPLIST_KEY_UIApplicationSceneManifest_Generation = YES;
				INFOPLIST_KEY_UIApplicationSupportsIndirectInputEvents = YES;
				INFOPLIST_KEY_UILaunchScreen_Generation = YES;
				INFOPLIST_KEY_UISupportedInterfaceOrientations_iPad = "UIInterfaceOrientationPortrait UIInterfaceOrientationPortraitUpsideDown UIInterfaceOrientationLandscapeLeft UIInterfaceOrientationLandscapeRight";
				INFOPLIST_KEY_UISupportedInterfaceOrientations_iPhone = "UIInterfaceOrientationPortrait UIInterfaceOrientationLandscapeLeft UIInterfaceOrientationLandscapeRight";
				LD_RUNPATH_SEARCH_PATHS = (
					"$(inherited)",
					"@executable_path/Frameworks",
				);
				MARKETING_VERSION = 1.0;
				PRODUCT_BUNDLE_IDENTIFIER = com.test.testMappIntelligenceSwiftUI;
				PRODUCT_NAME = "$(TARGET_NAME)";
				SWIFT_EMIT_LOC_STRINGS = YES;
				SWIFT_OBJC_BRIDGING_HEADER = "testMappIntelligenceSwiftUI/testMappIntelligenceSwiftUI-Bridging-Header.h";
				SWIFT_OPTIMIZATION_LEVEL = "-Onone";
				SWIFT_VERSION = 5.0;
				TARGETED_DEVICE_FAMILY = "1,2";
			};
			name = Debug;
		};
		A347B60227AC21600084DEEC /* Release */ = {
			isa = XCBuildConfiguration;
			buildSettings = {
				ASSETCATALOG_COMPILER_APPICON_NAME = AppIcon;
				ASSETCATALOG_COMPILER_GLOBAL_ACCENT_COLOR_NAME = AccentColor;
				CLANG_ENABLE_MODULES = YES;
				CODE_SIGN_STYLE = Automatic;
				CURRENT_PROJECT_VERSION = 1;
				DEVELOPMENT_ASSET_PATHS = "\"testMappIntelligenceSwiftUI/Preview Content\"";
				DEVELOPMENT_TEAM = M7NQL3V55V;
				ENABLE_PREVIEWS = YES;
				GENERATE_INFOPLIST_FILE = YES;
				INFOPLIST_FILE = testMappIntelligenceSwiftUI/Info.plist;
				INFOPLIST_KEY_UIApplicationSceneManifest_Generation = YES;
				INFOPLIST_KEY_UIApplicationSupportsIndirectInputEvents = YES;
				INFOPLIST_KEY_UILaunchScreen_Generation = YES;
				INFOPLIST_KEY_UISupportedInterfaceOrientations_iPad = "UIInterfaceOrientationPortrait UIInterfaceOrientationPortraitUpsideDown UIInterfaceOrientationLandscapeLeft UIInterfaceOrientationLandscapeRight";
				INFOPLIST_KEY_UISupportedInterfaceOrientations_iPhone = "UIInterfaceOrientationPortrait UIInterfaceOrientationLandscapeLeft UIInterfaceOrientationLandscapeRight";
				LD_RUNPATH_SEARCH_PATHS = (
					"$(inherited)",
					"@executable_path/Frameworks",
				);
				MARKETING_VERSION = 1.0;
				PRODUCT_BUNDLE_IDENTIFIER = com.test.testMappIntelligenceSwiftUI;
				PRODUCT_NAME = "$(TARGET_NAME)";
				SWIFT_EMIT_LOC_STRINGS = YES;
				SWIFT_OBJC_BRIDGING_HEADER = "testMappIntelligenceSwiftUI/testMappIntelligenceSwiftUI-Bridging-Header.h";
				SWIFT_VERSION = 5.0;
				TARGETED_DEVICE_FAMILY = "1,2";
			};
			name = Release;
		};
		A347B60427AC21600084DEEC /* Debug */ = {
			isa = XCBuildConfiguration;
			buildSettings = {
				ALWAYS_EMBED_SWIFT_STANDARD_LIBRARIES = YES;
				BUNDLE_LOADER = "$(TEST_HOST)";
				CODE_SIGN_STYLE = Automatic;
				CURRENT_PROJECT_VERSION = 1;
				DEVELOPMENT_TEAM = M7NQL3V55V;
				GENERATE_INFOPLIST_FILE = YES;
				IPHONEOS_DEPLOYMENT_TARGET = 15.2;
				MARKETING_VERSION = 1.0;
				PRODUCT_BUNDLE_IDENTIFIER = com.test.testMappIntelligenceSwiftUITests;
				PRODUCT_NAME = "$(TARGET_NAME)";
				SWIFT_EMIT_LOC_STRINGS = NO;
				SWIFT_VERSION = 5.0;
				TARGETED_DEVICE_FAMILY = "1,2";
				TEST_HOST = "$(BUILT_PRODUCTS_DIR)/testMappIntelligenceSwiftUI.app/testMappIntelligenceSwiftUI";
			};
			name = Debug;
		};
		A347B60527AC21600084DEEC /* Release */ = {
			isa = XCBuildConfiguration;
			buildSettings = {
				ALWAYS_EMBED_SWIFT_STANDARD_LIBRARIES = YES;
				BUNDLE_LOADER = "$(TEST_HOST)";
				CODE_SIGN_STYLE = Automatic;
				CURRENT_PROJECT_VERSION = 1;
				DEVELOPMENT_TEAM = M7NQL3V55V;
				GENERATE_INFOPLIST_FILE = YES;
				IPHONEOS_DEPLOYMENT_TARGET = 15.2;
				MARKETING_VERSION = 1.0;
				PRODUCT_BUNDLE_IDENTIFIER = com.test.testMappIntelligenceSwiftUITests;
				PRODUCT_NAME = "$(TARGET_NAME)";
				SWIFT_EMIT_LOC_STRINGS = NO;
				SWIFT_VERSION = 5.0;
				TARGETED_DEVICE_FAMILY = "1,2";
				TEST_HOST = "$(BUILT_PRODUCTS_DIR)/testMappIntelligenceSwiftUI.app/testMappIntelligenceSwiftUI";
			};
			name = Release;
		};
		A347B60727AC21600084DEEC /* Debug */ = {
			isa = XCBuildConfiguration;
			buildSettings = {
				ALWAYS_EMBED_SWIFT_STANDARD_LIBRARIES = YES;
				CODE_SIGN_STYLE = Automatic;
				CURRENT_PROJECT_VERSION = 1;
				DEVELOPMENT_TEAM = M7NQL3V55V;
				GENERATE_INFOPLIST_FILE = YES;
				MARKETING_VERSION = 1.0;
				PRODUCT_BUNDLE_IDENTIFIER = com.test.testMappIntelligenceSwiftUIUITests;
				PRODUCT_NAME = "$(TARGET_NAME)";
				SWIFT_EMIT_LOC_STRINGS = NO;
				SWIFT_VERSION = 5.0;
				TARGETED_DEVICE_FAMILY = "1,2";
				TEST_TARGET_NAME = testMappIntelligenceSwiftUI;
			};
			name = Debug;
		};
		A347B60827AC21600084DEEC /* Release */ = {
			isa = XCBuildConfiguration;
			buildSettings = {
				ALWAYS_EMBED_SWIFT_STANDARD_LIBRARIES = YES;
				CODE_SIGN_STYLE = Automatic;
				CURRENT_PROJECT_VERSION = 1;
				DEVELOPMENT_TEAM = M7NQL3V55V;
				GENERATE_INFOPLIST_FILE = YES;
				MARKETING_VERSION = 1.0;
				PRODUCT_BUNDLE_IDENTIFIER = com.test.testMappIntelligenceSwiftUIUITests;
				PRODUCT_NAME = "$(TARGET_NAME)";
				SWIFT_EMIT_LOC_STRINGS = NO;
				SWIFT_VERSION = 5.0;
				TARGETED_DEVICE_FAMILY = "1,2";
				TEST_TARGET_NAME = testMappIntelligenceSwiftUI;
			};
			name = Release;
		};
/* End XCBuildConfiguration section */

/* Begin XCConfigurationList section */
		A347B5D727AC215D0084DEEC /* Build configuration list for PBXProject "testMappIntelligenceSwiftUI" */ = {
			isa = XCConfigurationList;
			buildConfigurations = (
				A347B5FE27AC21600084DEEC /* Debug */,
				A347B5FF27AC21600084DEEC /* Release */,
			);
			defaultConfigurationIsVisible = 0;
			defaultConfigurationName = Release;
		};
		A347B60027AC21600084DEEC /* Build configuration list for PBXNativeTarget "testMappIntelligenceSwiftUI" */ = {
			isa = XCConfigurationList;
			buildConfigurations = (
				A347B60127AC21600084DEEC /* Debug */,
				A347B60227AC21600084DEEC /* Release */,
			);
			defaultConfigurationIsVisible = 0;
			defaultConfigurationName = Release;
		};
		A347B60327AC21600084DEEC /* Build configuration list for PBXNativeTarget "testMappIntelligenceSwiftUITests" */ = {
			isa = XCConfigurationList;
			buildConfigurations = (
				A347B60427AC21600084DEEC /* Debug */,
				A347B60527AC21600084DEEC /* Release */,
			);
			defaultConfigurationIsVisible = 0;
			defaultConfigurationName = Release;
		};
		A347B60627AC21600084DEEC /* Build configuration list for PBXNativeTarget "testMappIntelligenceSwiftUIUITests" */ = {
			isa = XCConfigurationList;
			buildConfigurations = (
				A347B60727AC21600084DEEC /* Debug */,
				A347B60827AC21600084DEEC /* Release */,
			);
			defaultConfigurationIsVisible = 0;
			defaultConfigurationName = Release;
		};
/* End XCConfigurationList section */
	};
	rootObject = A347B5D427AC215D0084DEEC /* Project object */;
}
